
Microsoft Visual Studio Solution File, Format Version 12.00
# Visual Studio Version 17
VisualStudioVersion = 17.0.31903.59
MinimumVisualStudioVersion = 10.0.40219.1
Project("{2150E333-8FDC-42A3-9474-1A3956D46DE8}") = "src", "src", "{827E0CD3-B72D-47B6-A68D-7590B98EB39B}"
EndProject
Project("{FAE04EC0-301F-11D3-BF4B-00C04F79EFBC}") = "Api", "src\Api\Api.csproj", "{0A12519C-46C1-49FD-8D56-6351FF9DD980}"
EndProject
Project("{2150E333-8FDC-42A3-9474-1A3956D46DE8}") = "Modules", "Modules", "{EC447DCF-ABFA-6E24-52A5-D7FD48A5C558}"
EndProject
Project("{2150E333-8FDC-42A3-9474-1A3956D46DE8}") = "Users", "Users", "{A26F344D-182E-CE53-AD51-2154946AC6F3}"
EndProject
Project("{FAE04EC0-301F-11D3-BF4B-00C04F79EFBC}") = "Application", "src\Modules\Users\Application\Application.csproj", "{BF0CE0F7-ED46-4C2C-892A-A81D11ABA8E0}"
EndProject
Project("{FAE04EC0-301F-11D3-BF4B-00C04F79EFBC}") = "Domain", "src\Modules\Users\Domain\Domain.csproj", "{F9ECD254-90B4-4206-B0EA-C364842E1E68}"
EndProject
Project("{FAE04EC0-301F-11D3-BF4B-00C04F79EFBC}") = "Infrastructure", "src\Modules\Users\Infrastructure\Infrastructure.csproj", "{D5D80489-6340-4BDB-8D5D-FFDDDD1E3A4A}"
EndProject
Project("{2150E333-8FDC-42A3-9474-1A3956D46DE8}") = "tests", "tests", "{0AB3BF05-4346-4AA6-1389-037BE0695223}"
EndProject
Project("{2150E333-8FDC-42A3-9474-1A3956D46DE8}") = "Api", "Api", "{97094B24-3C9A-C0DB-C982-4A4025DE3508}"
EndProject
Project("{FAE04EC0-301F-11D3-BF4B-00C04F79EFBC}") = "Api.Tests", "tests\Api\Api.Tests.csproj", "{13113038-49ED-49D6-A23A-9B04BA3ED1BE}"
EndProject
Project("{2150E333-8FDC-42A3-9474-1A3956D46DE8}") = "Application", "Application", "{B611CC27-D592-8FDF-F9F1-D39D131BCC02}"
EndProject
Project("{FAE04EC0-301F-11D3-BF4B-00C04F79EFBC}") = "Application.Tests", "tests\Application\Application.Tests.csproj", "{B33C5212-7BFF-4441-8283-A64BECFC7584}"
EndProject
Project("{2150E333-8FDC-42A3-9474-1A3956D46DE8}") = "Domain", "Domain", "{AA729693-B437-D1F0-D453-A817F88C4370}"
EndProject
Project("{FAE04EC0-301F-11D3-BF4B-00C04F79EFBC}") = "Domain.Tests", "tests\Domain\Domain.Tests.csproj", "{C72D7EDD-6B26-4C2F-A1B6-8DE13AEAD446}"
EndProject
Project("{2150E333-8FDC-42A3-9474-1A3956D46DE8}") = "Infrastructure", "Infrastructure", "{2CDFC2B4-03A0-2A52-1000-A892D95DD3FA}"
EndProject
Project("{FAE04EC0-301F-11D3-BF4B-00C04F79EFBC}") = "Infrastructure.Tests", "tests\Infrastructure\Infrastructure.Tests.csproj", "{3C41ED55-EC51-4A92-8D11-DCACED9D3BCF}"
EndProject
Project("{FAE04EC0-301F-11D3-BF4B-00C04F79EFBC}") = "Shared.Application", "..\Shared\src\Shared.Application\Shared.Application.csproj", "{BACDB44F-D482-443E-96DF-D8ACAA8E4A98}"
EndProject
Project("{FAE04EC0-301F-11D3-BF4B-00C04F79EFBC}") = "Shared.Domain", "..\Shared\src\Shared.Domain\Shared.Domain.csproj", "{4D7F6055-2862-4A50-983D-81CA9F257875}"
EndProject
Project("{FAE04EC0-301F-11D3-BF4B-00C04F79EFBC}") = "Shared.Infrastructure", "..\Shared\src\Shared.Infrastructure\Shared.Infrastructure.csproj", "{F7C1E669-A68F-41A0-831F-ECDAD3A4DE6D}"
EndProject
Project("{FAE04EC0-301F-11D3-BF4B-00C04F79EFBC}") = "Shared.Presentation", "..\Shared\src\Shared.Presentation\Shared.Presentation.csproj", "{F5FE41C1-A30A-4850-ADB4-D54561E5E32A}"
EndProject
Project("{FAE04EC0-301F-11D3-BF4B-00C04F79EFBC}") = "Shared.Contract", "..\Shared\src\Shared.Contract\Shared.Contract.csproj", "{06E9F3C4-F754-4C9F-86F6-25F8A96A38CB}"
EndProject
Global
	GlobalSection(SolutionConfigurationPlatforms) = preSolution
		Debug|Any CPU = Debug|Any CPU
		Debug|x64 = Debug|x64
		Debug|x86 = Debug|x86
		Release|Any CPU = Release|Any CPU
		Release|x64 = Release|x64
		Release|x86 = Release|x86
	EndGlobalSection
	GlobalSection(ProjectConfigurationPlatforms) = postSolution
		{0A12519C-46C1-49FD-8D56-6351FF9DD980}.Debug|Any CPU.ActiveCfg = Debug|Any CPU
		{0A12519C-46C1-49FD-8D56-6351FF9DD980}.Debug|Any CPU.Build.0 = Debug|Any CPU
		{0A12519C-46C1-49FD-8D56-6351FF9DD980}.Debug|x64.ActiveCfg = Debug|Any CPU
		{0A12519C-46C1-49FD-8D56-6351FF9DD980}.Debug|x64.Build.0 = Debug|Any CPU
		{0A12519C-46C1-49FD-8D56-6351FF9DD980}.Debug|x86.ActiveCfg = Debug|Any CPU
		{0A12519C-46C1-49FD-8D56-6351FF9DD980}.Debug|x86.Build.0 = Debug|Any CPU
		{0A12519C-46C1-49FD-8D56-6351FF9DD980}.Release|Any CPU.ActiveCfg = Release|Any CPU
		{0A12519C-46C1-49FD-8D56-6351FF9DD980}.Release|Any CPU.Build.0 = Release|Any CPU
		{0A12519C-46C1-49FD-8D56-6351FF9DD980}.Release|x64.ActiveCfg = Release|Any CPU
		{0A12519C-46C1-49FD-8D56-6351FF9DD980}.Release|x64.Build.0 = Release|Any CPU
		{0A12519C-46C1-49FD-8D56-6351FF9DD980}.Release|x86.ActiveCfg = Release|Any CPU
		{0A12519C-46C1-49FD-8D56-6351FF9DD980}.Release|x86.Build.0 = Release|Any CPU
		{BF0CE0F7-ED46-4C2C-892A-A81D11ABA8E0}.Debug|Any CPU.ActiveCfg = Debug|Any CPU
		{BF0CE0F7-ED46-4C2C-892A-A81D11ABA8E0}.Debug|Any CPU.Build.0 = Debug|Any CPU
		{BF0CE0F7-ED46-4C2C-892A-A81D11ABA8E0}.Debug|x64.ActiveCfg = Debug|Any CPU
		{BF0CE0F7-ED46-4C2C-892A-A81D11ABA8E0}.Debug|x64.Build.0 = Debug|Any CPU
		{BF0CE0F7-ED46-4C2C-892A-A81D11ABA8E0}.Debug|x86.ActiveCfg = Debug|Any CPU
		{BF0CE0F7-ED46-4C2C-892A-A81D11ABA8E0}.Debug|x86.Build.0 = Debug|Any CPU
		{BF0CE0F7-ED46-4C2C-892A-A81D11ABA8E0}.Release|Any CPU.ActiveCfg = Release|Any CPU
		{BF0CE0F7-ED46-4C2C-892A-A81D11ABA8E0}.Release|Any CPU.Build.0 = Release|Any CPU
		{BF0CE0F7-ED46-4C2C-892A-A81D11ABA8E0}.Release|x64.ActiveCfg = Release|Any CPU
		{BF0CE0F7-ED46-4C2C-892A-A81D11ABA8E0}.Release|x64.Build.0 = Release|Any CPU
		{BF0CE0F7-ED46-4C2C-892A-A81D11ABA8E0}.Release|x86.ActiveCfg = Release|Any CPU
		{BF0CE0F7-ED46-4C2C-892A-A81D11ABA8E0}.Release|x86.Build.0 = Release|Any CPU
		{F9ECD254-90B4-4206-B0EA-C364842E1E68}.Debug|Any CPU.ActiveCfg = Debug|Any CPU
		{F9ECD254-90B4-4206-B0EA-C364842E1E68}.Debug|Any CPU.Build.0 = Debug|Any CPU
		{F9ECD254-90B4-4206-B0EA-C364842E1E68}.Debug|x64.ActiveCfg = Debug|Any CPU
		{F9ECD254-90B4-4206-B0EA-C364842E1E68}.Debug|x64.Build.0 = Debug|Any CPU
		{F9ECD254-90B4-4206-B0EA-C364842E1E68}.Debug|x86.ActiveCfg = Debug|Any CPU
		{F9ECD254-90B4-4206-B0EA-C364842E1E68}.Debug|x86.Build.0 = Debug|Any CPU
		{F9ECD254-90B4-4206-B0EA-C364842E1E68}.Release|Any CPU.ActiveCfg = Release|Any CPU
		{F9ECD254-90B4-4206-B0EA-C364842E1E68}.Release|Any CPU.Build.0 = Release|Any CPU
		{F9ECD254-90B4-4206-B0EA-C364842E1E68}.Release|x64.ActiveCfg = Release|Any CPU
		{F9ECD254-90B4-4206-B0EA-C364842E1E68}.Release|x64.Build.0 = Release|Any CPU
		{F9ECD254-90B4-4206-B0EA-C364842E1E68}.Release|x86.ActiveCfg = Release|Any CPU
		{F9ECD254-90B4-4206-B0EA-C364842E1E68}.Release|x86.Build.0 = Release|Any CPU
		{D5D80489-6340-4BDB-8D5D-FFDDDD1E3A4A}.Debug|Any CPU.ActiveCfg = Debug|Any CPU
		{D5D80489-6340-4BDB-8D5D-FFDDDD1E3A4A}.Debug|Any CPU.Build.0 = Debug|Any CPU
		{D5D80489-6340-4BDB-8D5D-FFDDDD1E3A4A}.Debug|x64.ActiveCfg = Debug|Any CPU
		{D5D80489-6340-4BDB-8D5D-FFDDDD1E3A4A}.Debug|x64.Build.0 = Debug|Any CPU
		{D5D80489-6340-4BDB-8D5D-FFDDDD1E3A4A}.Debug|x86.ActiveCfg = Debug|Any CPU
		{D5D80489-6340-4BDB-8D5D-FFDDDD1E3A4A}.Debug|x86.Build.0 = Debug|Any CPU
		{D5D80489-6340-4BDB-8D5D-FFDDDD1E3A4A}.Release|Any CPU.ActiveCfg = Release|Any CPU
		{D5D80489-6340-4BDB-8D5D-FFDDDD1E3A4A}.Release|Any CPU.Build.0 = Release|Any CPU
		{D5D80489-6340-4BDB-8D5D-FFDDDD1E3A4A}.Release|x64.ActiveCfg = Release|Any CPU
		{D5D80489-6340-4BDB-8D5D-FFDDDD1E3A4A}.Release|x64.Build.0 = Release|Any CPU
		{D5D80489-6340-4BDB-8D5D-FFDDDD1E3A4A}.Release|x86.ActiveCfg = Release|Any CPU
		{D5D80489-6340-4BDB-8D5D-FFDDDD1E3A4A}.Release|x86.Build.0 = Release|Any CPU
		{13113038-49ED-49D6-A23A-9B04BA3ED1BE}.Debug|Any CPU.ActiveCfg = Debug|Any CPU
		{13113038-49ED-49D6-A23A-9B04BA3ED1BE}.Debug|Any CPU.Build.0 = Debug|Any CPU
		{13113038-49ED-49D6-A23A-9B04BA3ED1BE}.Debug|x64.ActiveCfg = Debug|Any CPU
		{13113038-49ED-49D6-A23A-9B04BA3ED1BE}.Debug|x64.Build.0 = Debug|Any CPU
		{13113038-49ED-49D6-A23A-9B04BA3ED1BE}.Debug|x86.ActiveCfg = Debug|Any CPU
		{13113038-49ED-49D6-A23A-9B04BA3ED1BE}.Debug|x86.Build.0 = Debug|Any CPU
		{13113038-49ED-49D6-A23A-9B04BA3ED1BE}.Release|Any CPU.ActiveCfg = Release|Any CPU
		{13113038-49ED-49D6-A23A-9B04BA3ED1BE}.Release|Any CPU.Build.0 = Release|Any CPU
		{13113038-49ED-49D6-A23A-9B04BA3ED1BE}.Release|x64.ActiveCfg = Release|Any CPU
		{13113038-49ED-49D6-A23A-9B04BA3ED1BE}.Release|x64.Build.0 = Release|Any CPU
		{13113038-49ED-49D6-A23A-9B04BA3ED1BE}.Release|x86.ActiveCfg = Release|Any CPU
		{13113038-49ED-49D6-A23A-9B04BA3ED1BE}.Release|x86.Build.0 = Release|Any CPU
		{B33C5212-7BFF-4441-8283-A64BECFC7584}.Debug|Any CPU.ActiveCfg = Debug|Any CPU
		{B33C5212-7BFF-4441-8283-A64BECFC7584}.Debug|Any CPU.Build.0 = Debug|Any CPU
		{B33C5212-7BFF-4441-8283-A64BECFC7584}.Debug|x64.ActiveCfg = Debug|Any CPU
		{B33C5212-7BFF-4441-8283-A64BECFC7584}.Debug|x64.Build.0 = Debug|Any CPU
		{B33C5212-7BFF-4441-8283-A64BECFC7584}.Debug|x86.ActiveCfg = Debug|Any CPU
		{B33C5212-7BFF-4441-8283-A64BECFC7584}.Debug|x86.Build.0 = Debug|Any CPU
		{B33C5212-7BFF-4441-8283-A64BECFC7584}.Release|Any CPU.ActiveCfg = Release|Any CPU
		{B33C5212-7BFF-4441-8283-A64BECFC7584}.Release|Any CPU.Build.0 = Release|Any CPU
		{B33C5212-7BFF-4441-8283-A64BECFC7584}.Release|x64.ActiveCfg = Release|Any CPU
		{B33C5212-7BFF-4441-8283-A64BECFC7584}.Release|x64.Build.0 = Release|Any CPU
		{B33C5212-7BFF-4441-8283-A64BECFC7584}.Release|x86.ActiveCfg = Release|Any CPU
		{B33C5212-7BFF-4441-8283-A64BECFC7584}.Release|x86.Build.0 = Release|Any CPU
		{C72D7EDD-6B26-4C2F-A1B6-8DE13AEAD446}.Debug|Any CPU.ActiveCfg = Debug|Any CPU
		{C72D7EDD-6B26-4C2F-A1B6-8DE13AEAD446}.Debug|Any CPU.Build.0 = Debug|Any CPU
		{C72D7EDD-6B26-4C2F-A1B6-8DE13AEAD446}.Debug|x64.ActiveCfg = Debug|Any CPU
		{C72D7EDD-6B26-4C2F-A1B6-8DE13AEAD446}.Debug|x64.Build.0 = Debug|Any CPU
		{C72D7EDD-6B26-4C2F-A1B6-8DE13AEAD446}.Debug|x86.ActiveCfg = Debug|Any CPU
		{C72D7EDD-6B26-4C2F-A1B6-8DE13AEAD446}.Debug|x86.Build.0 = Debug|Any CPU
		{C72D7EDD-6B26-4C2F-A1B6-8DE13AEAD446}.Release|Any CPU.ActiveCfg = Release|Any CPU
		{C72D7EDD-6B26-4C2F-A1B6-8DE13AEAD446}.Release|Any CPU.Build.0 = Release|Any CPU
		{C72D7EDD-6B26-4C2F-A1B6-8DE13AEAD446}.Release|x64.ActiveCfg = Release|Any CPU
		{C72D7EDD-6B26-4C2F-A1B6-8DE13AEAD446}.Release|x64.Build.0 = Release|Any CPU
		{C72D7EDD-6B26-4C2F-A1B6-8DE13AEAD446}.Release|x86.ActiveCfg = Release|Any CPU
		{C72D7EDD-6B26-4C2F-A1B6-8DE13AEAD446}.Release|x86.Build.0 = Release|Any CPU
		{3C41ED55-EC51-4A92-8D11-DCACED9D3BCF}.Debug|Any CPU.ActiveCfg = Debug|Any CPU
		{3C41ED55-EC51-4A92-8D11-DCACED9D3BCF}.Debug|Any CPU.Build.0 = Debug|Any CPU
		{3C41ED55-EC51-4A92-8D11-DCACED9D3BCF}.Debug|x64.ActiveCfg = Debug|Any CPU
		{3C41ED55-EC51-4A92-8D11-DCACED9D3BCF}.Debug|x64.Build.0 = Debug|Any CPU
		{3C41ED55-EC51-4A92-8D11-DCACED9D3BCF}.Debug|x86.ActiveCfg = Debug|Any CPU
		{3C41ED55-EC51-4A92-8D11-DCACED9D3BCF}.Debug|x86.Build.0 = Debug|Any CPU
		{3C41ED55-EC51-4A92-8D11-DCACED9D3BCF}.Release|Any CPU.ActiveCfg = Release|Any CPU
		{3C41ED55-EC51-4A92-8D11-DCACED9D3BCF}.Release|Any CPU.Build.0 = Release|Any CPU
		{3C41ED55-EC51-4A92-8D11-DCACED9D3BCF}.Release|x64.ActiveCfg = Release|Any CPU
		{3C41ED55-EC51-4A92-8D11-DCACED9D3BCF}.Release|x64.Build.0 = Release|Any CPU
		{3C41ED55-EC51-4A92-8D11-DCACED9D3BCF}.Release|x86.ActiveCfg = Release|Any CPU
		{3C41ED55-EC51-4A92-8D11-DCACED9D3BCF}.Release|x86.Build.0 = Release|Any CPU
		{BACDB44F-D482-443E-96DF-D8ACAA8E4A98}.Debug|Any CPU.ActiveCfg = Debug|Any CPU
		{BACDB44F-D482-443E-96DF-D8ACAA8E4A98}.Debug|Any CPU.Build.0 = Debug|Any CPU
		{BACDB44F-D482-443E-96DF-D8ACAA8E4A98}.Debug|x64.ActiveCfg = Debug|Any CPU
		{BACDB44F-D482-443E-96DF-D8ACAA8E4A98}.Debug|x64.Build.0 = Debug|Any CPU
		{BACDB44F-D482-443E-96DF-D8ACAA8E4A98}.Debug|x86.ActiveCfg = Debug|Any CPU
		{BACDB44F-D482-443E-96DF-D8ACAA8E4A98}.Debug|x86.Build.0 = Debug|Any CPU
		{BACDB44F-D482-443E-96DF-D8ACAA8E4A98}.Release|Any CPU.ActiveCfg = Release|Any CPU
		{BACDB44F-D482-443E-96DF-D8ACAA8E4A98}.Release|Any CPU.Build.0 = Release|Any CPU
		{BACDB44F-D482-443E-96DF-D8ACAA8E4A98}.Release|x64.ActiveCfg = Release|Any CPU
		{BACDB44F-D482-443E-96DF-D8ACAA8E4A98}.Release|x64.Build.0 = Release|Any CPU
		{BACDB44F-D482-443E-96DF-D8ACAA8E4A98}.Release|x86.ActiveCfg = Release|Any CPU
		{BACDB44F-D482-443E-96DF-D8ACAA8E4A98}.Release|x86.Build.0 = Release|Any CPU
		{4D7F6055-2862-4A50-983D-81CA9F257875}.Debug|Any CPU.ActiveCfg = Debug|Any CPU
		{4D7F6055-2862-4A50-983D-81CA9F257875}.Debug|Any CPU.Build.0 = Debug|Any CPU
		{4D7F6055-2862-4A50-983D-81CA9F257875}.Debug|x64.ActiveCfg = Debug|Any CPU
		{4D7F6055-2862-4A50-983D-81CA9F257875}.Debug|x64.Build.0 = Debug|Any CPU
		{4D7F6055-2862-4A50-983D-81CA9F257875}.Debug|x86.ActiveCfg = Debug|Any CPU
		{4D7F6055-2862-4A50-983D-81CA9F257875}.Debug|x86.Build.0 = Debug|Any CPU
		{4D7F6055-2862-4A50-983D-81CA9F257875}.Release|Any CPU.ActiveCfg = Release|Any CPU
		{4D7F6055-2862-4A50-983D-81CA9F257875}.Release|Any CPU.Build.0 = Release|Any CPU
		{4D7F6055-2862-4A50-983D-81CA9F257875}.Release|x64.ActiveCfg = Release|Any CPU
		{4D7F6055-2862-4A50-983D-81CA9F257875}.Release|x64.Build.0 = Release|Any CPU
		{4D7F6055-2862-4A50-983D-81CA9F257875}.Release|x86.ActiveCfg = Release|Any CPU
		{4D7F6055-2862-4A50-983D-81CA9F257875}.Release|x86.Build.0 = Release|Any CPU
		{F7C1E669-A68F-41A0-831F-ECDAD3A4DE6D}.Debug|Any CPU.ActiveCfg = Debug|Any CPU
		{F7C1E669-A68F-41A0-831F-ECDAD3A4DE6D}.Debug|Any CPU.Build.0 = Debug|Any CPU
		{F7C1E669-A68F-41A0-831F-ECDAD3A4DE6D}.Debug|x64.ActiveCfg = Debug|Any CPU
		{F7C1E669-A68F-41A0-831F-ECDAD3A4DE6D}.Debug|x64.Build.0 = Debug|Any CPU
		{F7C1E669-A68F-41A0-831F-ECDAD3A4DE6D}.Debug|x86.ActiveCfg = Debug|Any CPU
		{F7C1E669-A68F-41A0-831F-ECDAD3A4DE6D}.Debug|x86.Build.0 = Debug|Any CPU
		{F7C1E669-A68F-41A0-831F-ECDAD3A4DE6D}.Release|Any CPU.ActiveCfg = Release|Any CPU
		{F7C1E669-A68F-41A0-831F-ECDAD3A4DE6D}.Release|Any CPU.Build.0 = Release|Any CPU
		{F7C1E669-A68F-41A0-831F-ECDAD3A4DE6D}.Release|x64.ActiveCfg = Release|Any CPU
		{F7C1E669-A68F-41A0-831F-ECDAD3A4DE6D}.Release|x64.Build.0 = Release|Any CPU
		{F7C1E669-A68F-41A0-831F-ECDAD3A4DE6D}.Release|x86.ActiveCfg = Release|Any CPU
		{F7C1E669-A68F-41A0-831F-ECDAD3A4DE6D}.Release|x86.Build.0 = Release|Any CPU
		{F5FE41C1-A30A-4850-ADB4-D54561E5E32A}.Debug|Any CPU.ActiveCfg = Debug|Any CPU
		{F5FE41C1-A30A-4850-ADB4-D54561E5E32A}.Debug|Any CPU.Build.0 = Debug|Any CPU
		{F5FE41C1-A30A-4850-ADB4-D54561E5E32A}.Debug|x64.ActiveCfg = Debug|Any CPU
		{F5FE41C1-A30A-4850-ADB4-D54561E5E32A}.Debug|x64.Build.0 = Debug|Any CPU
		{F5FE41C1-A30A-4850-ADB4-D54561E5E32A}.Debug|x86.ActiveCfg = Debug|Any CPU
		{F5FE41C1-A30A-4850-ADB4-D54561E5E32A}.Debug|x86.Build.0 = Debug|Any CPU
		{F5FE41C1-A30A-4850-ADB4-D54561E5E32A}.Release|Any CPU.ActiveCfg = Release|Any CPU
		{F5FE41C1-A30A-4850-ADB4-D54561E5E32A}.Release|Any CPU.Build.0 = Release|Any CPU
		{F5FE41C1-A30A-4850-ADB4-D54561E5E32A}.Release|x64.ActiveCfg = Release|Any CPU
		{F5FE41C1-A30A-4850-ADB4-D54561E5E32A}.Release|x64.Build.0 = Release|Any CPU
		{F5FE41C1-A30A-4850-ADB4-D54561E5E32A}.Release|x86.ActiveCfg = Release|Any CPU
		{F5FE41C1-A30A-4850-ADB4-D54561E5E32A}.Release|x86.Build.0 = Release|Any CPU
		{06E9F3C4-F754-4C9F-86F6-25F8A96A38CB}.Debug|Any CPU.ActiveCfg = Debug|Any CPU
		{06E9F3C4-F754-4C9F-86F6-25F8A96A38CB}.Debug|Any CPU.Build.0 = Debug|Any CPU
		{06E9F3C4-F754-4C9F-86F6-25F8A96A38CB}.Debug|x64.ActiveCfg = Debug|Any CPU
		{06E9F3C4-F754-4C9F-86F6-25F8A96A38CB}.Debug|x64.Build.0 = Debug|Any CPU
		{06E9F3C4-F754-4C9F-86F6-25F8A96A38CB}.Debug|x86.ActiveCfg = Debug|Any CPU
		{06E9F3C4-F754-4C9F-86F6-25F8A96A38CB}.Debug|x86.Build.0 = Debug|Any CPU
		{06E9F3C4-F754-4C9F-86F6-25F8A96A38CB}.Release|Any CPU.ActiveCfg = Release|Any CPU
		{06E9F3C4-F754-4C9F-86F6-25F8A96A38CB}.Release|Any CPU.Build.0 = Release|Any CPU
		{06E9F3C4-F754-4C9F-86F6-25F8A96A38CB}.Release|x64.ActiveCfg = Release|Any CPU
		{06E9F3C4-F754-4C9F-86F6-25F8A96A38CB}.Release|x64.Build.0 = Release|Any CPU
		{06E9F3C4-F754-4C9F-86F6-25F8A96A38CB}.Release|x86.ActiveCfg = Release|Any CPU
		{06E9F3C4-F754-4C9F-86F6-25F8A96A38CB}.Release|x86.Build.0 = Release|Any CPU
	EndGlobalSection
	GlobalSection(SolutionProperties) = preSolution
		HideSolutionNode = FALSE
	EndGlobalSection
	GlobalSection(NestedProjects) = preSolution
		{0A12519C-46C1-49FD-8D56-6351FF9DD980} = {827E0CD3-B72D-47B6-A68D-7590B98EB39B}
		{EC447DCF-ABFA-6E24-52A5-D7FD48A5C558} = {827E0CD3-B72D-47B6-A68D-7590B98EB39B}
		{A26F344D-182E-CE53-AD51-2154946AC6F3} = {EC447DCF-ABFA-6E24-52A5-D7FD48A5C558}
		{BF0CE0F7-ED46-4C2C-892A-A81D11ABA8E0} = {A26F344D-182E-CE53-AD51-2154946AC6F3}
		{F9ECD254-90B4-4206-B0EA-C364842E1E68} = {A26F344D-182E-CE53-AD51-2154946AC6F3}
		{D5D80489-6340-4BDB-8D5D-FFDDDD1E3A4A} = {A26F344D-182E-CE53-AD51-2154946AC6F3}
		{97094B24-3C9A-C0DB-C982-4A4025DE3508} = {0AB3BF05-4346-4AA6-1389-037BE0695223}
		{13113038-49ED-49D6-A23A-9B04BA3ED1BE} = {97094B24-3C9A-C0DB-C982-4A4025DE3508}
		{B611CC27-D592-8FDF-F9F1-D39D131BCC02} = {0AB3BF05-4346-4AA6-1389-037BE0695223}
		{B33C5212-7BFF-4441-8283-A64BECFC7584} = {B611CC27-D592-8FDF-F9F1-D39D131BCC02}
		{AA729693-B437-D1F0-D453-A817F88C4370} = {0AB3BF05-4346-4AA6-1389-037BE0695223}
		{C72D7EDD-6B26-4C2F-A1B6-8DE13AEAD446} = {AA729693-B437-D1F0-D453-A817F88C4370}
		{2CDFC2B4-03A0-2A52-1000-A892D95DD3FA} = {0AB3BF05-4346-4AA6-1389-037BE0695223}
		{3C41ED55-EC51-4A92-8D11-DCACED9D3BCF} = {2CDFC2B4-03A0-2A52-1000-A892D95DD3FA}
	EndGlobalSection
EndGlobal
