
Microsoft Visual Studio Solution File, Format Version 12.00
# Visual Studio Version 17
VisualStudioVersion = 17.0.31903.59
MinimumVisualStudioVersion = 10.0.40219.1
Project("{2150E333-8FDC-42A3-9474-1A3956D46DE8}") = "Users.Microservice", "Users.Microservice", "{52397E44-2E0F-D693-9FF2-B8D83E840496}"
EndProject
Project("{2150E333-8FDC-42A3-9474-1A3956D46DE8}") = "src", "src", "{2B1E513D-8E98-8146-D009-005EC4A2D00E}"
EndProject
Project("{FAE04EC0-301F-11D3-BF4B-00C04F79EFBC}") = "Api", "Users.Microservice\src\Api\Api.csproj", "{5FE4973D-631A-4559-9AFF-6E3FCCB5926C}"
EndProject
Project("{FAE04EC0-301F-11D3-BF4B-00C04F79EFBC}") = "Application", "Users.Microservice\src\Application\Application.csproj", "{AA1F821C-8553-4607-ABE9-4A7BD4EB9465}"
EndProject
Project("{FAE04EC0-301F-11D3-BF4B-00C04F79EFBC}") = "Domain", "Users.Microservice\src\Domain\Domain.csproj", "{E78E74B6-38FF-49CA-B4B9-4DDFED00D150}"
EndProject
Project("{FAE04EC0-301F-11D3-BF4B-00C04F79EFBC}") = "Infrastructure", "Users.Microservice\src\Infrastructure\Infrastructure.csproj", "{99BE89E1-4A39-4B55-A93D-8898507D5FBB}"
EndProject
Project("{2150E333-8FDC-42A3-9474-1A3956D46DE8}") = "tests", "tests", "{FAF6A52C-00CD-9C83-C0EC-E465F737D740}"
EndProject
Project("{2150E333-8FDC-42A3-9474-1A3956D46DE8}") = "Api", "Api", "{EF2470A0-7190-1957-FFFF-A231E5828C33}"
EndProject
Project("{FAE04EC0-301F-11D3-BF4B-00C04F79EFBC}") = "Api.Tests", "Users.Microservice\tests\Api\Api.Tests.csproj", "{1A5624B1-A272-4BBD-8EF9-9C81D0FD346A}"
EndProject
Project("{2150E333-8FDC-42A3-9474-1A3956D46DE8}") = "Application", "Application", "{2CBE4533-7E5C-9676-D7EB-BB926CBC835F}"
EndProject
Project("{FAE04EC0-301F-11D3-BF4B-00C04F79EFBC}") = "Application.Tests", "Users.Microservice\tests\Application\Application.Tests.csproj", "{5C8AE74C-83F0-4D89-8E5F-684F8E969E47}"
EndProject
Project("{2150E333-8FDC-42A3-9474-1A3956D46DE8}") = "Domain", "Domain", "{D6A6CBF1-C984-15E2-AF8C-CBF9A69C33B4}"
EndProject
Project("{FAE04EC0-301F-11D3-BF4B-00C04F79EFBC}") = "Domain.Tests", "Users.Microservice\tests\Domain\Domain.Tests.csproj", "{128BB469-BBE4-4812-BB5B-B1229BC4F4AC}"
EndProject
Project("{2150E333-8FDC-42A3-9474-1A3956D46DE8}") = "Infrastructure", "Infrastructure", "{6491B542-C24B-DE4A-AEC9-132358D6F44A}"
EndProject
Project("{FAE04EC0-301F-11D3-BF4B-00C04F79EFBC}") = "Infrastructure.Tests", "Users.Microservice\tests\Infrastructure\Infrastructure.Tests.csproj", "{F498CAA7-E155-40DD-A9D4-83A7AD7C7041}"
EndProject
Project("{FAE04EC0-301F-11D3-BF4B-00C04F79EFBC}") = "Shared.Application", "..\Shared\src\Shared.Application\Shared.Application.csproj", "{957CB01E-2098-F76B-E874-F07683DC7135}"
EndProject
Project("{FAE04EC0-301F-11D3-BF4B-00C04F79EFBC}") = "Shared.Domain", "..\Shared\src\Shared.Domain\Shared.Domain.csproj", "{33CABB2F-DE37-A7AB-87E8-E5C34729B0CB}"
EndProject
Project("{FAE04EC0-301F-11D3-BF4B-00C04F79EFBC}") = "Shared.Infrastructure", "..\Shared\src\Shared.Infrastructure\Shared.Infrastructure.csproj", "{64E3E987-81A9-287B-393F-AE713BA271DF}"
EndProject
Project("{FAE04EC0-301F-11D3-BF4B-00C04F79EFBC}") = "Shared.Presentation", "..\Shared\src\Shared.Presentation\Shared.Presentation.csproj", "{E810E5E3-D733-BEF9-D21A-3CD47E4CF2CA}"
EndProject
Global
	GlobalSection(SolutionConfigurationPlatforms) = preSolution
		Debug|Any CPU = Debug|Any CPU
		Debug|x64 = Debug|x64
		Debug|x86 = Debug|x86
		Release|Any CPU = Release|Any CPU
		Release|x64 = Release|x64
		Release|x86 = Release|x86
	EndGlobalSection
	GlobalSection(ProjectConfigurationPlatforms) = postSolution
		{5FE4973D-631A-4559-9AFF-6E3FCCB5926C}.Debug|Any CPU.ActiveCfg = Debug|Any CPU
		{5FE4973D-631A-4559-9AFF-6E3FCCB5926C}.Debug|Any CPU.Build.0 = Debug|Any CPU
		{5FE4973D-631A-4559-9AFF-6E3FCCB5926C}.Debug|x64.ActiveCfg = Debug|Any CPU
		{5FE4973D-631A-4559-9AFF-6E3FCCB5926C}.Debug|x64.Build.0 = Debug|Any CPU
		{5FE4973D-631A-4559-9AFF-6E3FCCB5926C}.Debug|x86.ActiveCfg = Debug|Any CPU
		{5FE4973D-631A-4559-9AFF-6E3FCCB5926C}.Debug|x86.Build.0 = Debug|Any CPU
		{5FE4973D-631A-4559-9AFF-6E3FCCB5926C}.Release|Any CPU.ActiveCfg = Release|Any CPU
		{5FE4973D-631A-4559-9AFF-6E3FCCB5926C}.Release|Any CPU.Build.0 = Release|Any CPU
		{5FE4973D-631A-4559-9AFF-6E3FCCB5926C}.Release|x64.ActiveCfg = Release|Any CPU
		{5FE4973D-631A-4559-9AFF-6E3FCCB5926C}.Release|x64.Build.0 = Release|Any CPU
		{5FE4973D-631A-4559-9AFF-6E3FCCB5926C}.Release|x86.ActiveCfg = Release|Any CPU
		{5FE4973D-631A-4559-9AFF-6E3FCCB5926C}.Release|x86.Build.0 = Release|Any CPU
		{AA1F821C-8553-4607-ABE9-4A7BD4EB9465}.Debug|Any CPU.ActiveCfg = Debug|Any CPU
		{AA1F821C-8553-4607-ABE9-4A7BD4EB9465}.Debug|Any CPU.Build.0 = Debug|Any CPU
		{AA1F821C-8553-4607-ABE9-4A7BD4EB9465}.Debug|x64.ActiveCfg = Debug|Any CPU
		{AA1F821C-8553-4607-ABE9-4A7BD4EB9465}.Debug|x64.Build.0 = Debug|Any CPU
		{AA1F821C-8553-4607-ABE9-4A7BD4EB9465}.Debug|x86.ActiveCfg = Debug|Any CPU
		{AA1F821C-8553-4607-ABE9-4A7BD4EB9465}.Debug|x86.Build.0 = Debug|Any CPU
		{AA1F821C-8553-4607-ABE9-4A7BD4EB9465}.Release|Any CPU.ActiveCfg = Release|Any CPU
		{AA1F821C-8553-4607-ABE9-4A7BD4EB9465}.Release|Any CPU.Build.0 = Release|Any CPU
		{AA1F821C-8553-4607-ABE9-4A7BD4EB9465}.Release|x64.ActiveCfg = Release|Any CPU
		{AA1F821C-8553-4607-ABE9-4A7BD4EB9465}.Release|x64.Build.0 = Release|Any CPU
		{AA1F821C-8553-4607-ABE9-4A7BD4EB9465}.Release|x86.ActiveCfg = Release|Any CPU
		{AA1F821C-8553-4607-ABE9-4A7BD4EB9465}.Release|x86.Build.0 = Release|Any CPU
		{E78E74B6-38FF-49CA-B4B9-4DDFED00D150}.Debug|Any CPU.ActiveCfg = Debug|Any CPU
		{E78E74B6-38FF-49CA-B4B9-4DDFED00D150}.Debug|Any CPU.Build.0 = Debug|Any CPU
		{E78E74B6-38FF-49CA-B4B9-4DDFED00D150}.Debug|x64.ActiveCfg = Debug|Any CPU
		{E78E74B6-38FF-49CA-B4B9-4DDFED00D150}.Debug|x64.Build.0 = Debug|Any CPU
		{E78E74B6-38FF-49CA-B4B9-4DDFED00D150}.Debug|x86.ActiveCfg = Debug|Any CPU
		{E78E74B6-38FF-49CA-B4B9-4DDFED00D150}.Debug|x86.Build.0 = Debug|Any CPU
		{E78E74B6-38FF-49CA-B4B9-4DDFED00D150}.Release|Any CPU.ActiveCfg = Release|Any CPU
		{E78E74B6-38FF-49CA-B4B9-4DDFED00D150}.Release|Any CPU.Build.0 = Release|Any CPU
		{E78E74B6-38FF-49CA-B4B9-4DDFED00D150}.Release|x64.ActiveCfg = Release|Any CPU
		{E78E74B6-38FF-49CA-B4B9-4DDFED00D150}.Release|x64.Build.0 = Release|Any CPU
		{E78E74B6-38FF-49CA-B4B9-4DDFED00D150}.Release|x86.ActiveCfg = Release|Any CPU
		{E78E74B6-38FF-49CA-B4B9-4DDFED00D150}.Release|x86.Build.0 = Release|Any CPU
		{99BE89E1-4A39-4B55-A93D-8898507D5FBB}.Debug|Any CPU.ActiveCfg = Debug|Any CPU
		{99BE89E1-4A39-4B55-A93D-8898507D5FBB}.Debug|Any CPU.Build.0 = Debug|Any CPU
		{99BE89E1-4A39-4B55-A93D-8898507D5FBB}.Debug|x64.ActiveCfg = Debug|Any CPU
		{99BE89E1-4A39-4B55-A93D-8898507D5FBB}.Debug|x64.Build.0 = Debug|Any CPU
		{99BE89E1-4A39-4B55-A93D-8898507D5FBB}.Debug|x86.ActiveCfg = Debug|Any CPU
		{99BE89E1-4A39-4B55-A93D-8898507D5FBB}.Debug|x86.Build.0 = Debug|Any CPU
		{99BE89E1-4A39-4B55-A93D-8898507D5FBB}.Release|Any CPU.ActiveCfg = Release|Any CPU
		{99BE89E1-4A39-4B55-A93D-8898507D5FBB}.Release|Any CPU.Build.0 = Release|Any CPU
		{99BE89E1-4A39-4B55-A93D-8898507D5FBB}.Release|x64.ActiveCfg = Release|Any CPU
		{99BE89E1-4A39-4B55-A93D-8898507D5FBB}.Release|x64.Build.0 = Release|Any CPU
		{99BE89E1-4A39-4B55-A93D-8898507D5FBB}.Release|x86.ActiveCfg = Release|Any CPU
		{99BE89E1-4A39-4B55-A93D-8898507D5FBB}.Release|x86.Build.0 = Release|Any CPU
		{1A5624B1-A272-4BBD-8EF9-9C81D0FD346A}.Debug|Any CPU.ActiveCfg = Debug|Any CPU
		{1A5624B1-A272-4BBD-8EF9-9C81D0FD346A}.Debug|Any CPU.Build.0 = Debug|Any CPU
		{1A5624B1-A272-4BBD-8EF9-9C81D0FD346A}.Debug|x64.ActiveCfg = Debug|Any CPU
		{1A5624B1-A272-4BBD-8EF9-9C81D0FD346A}.Debug|x64.Build.0 = Debug|Any CPU
		{1A5624B1-A272-4BBD-8EF9-9C81D0FD346A}.Debug|x86.ActiveCfg = Debug|Any CPU
		{1A5624B1-A272-4BBD-8EF9-9C81D0FD346A}.Debug|x86.Build.0 = Debug|Any CPU
		{1A5624B1-A272-4BBD-8EF9-9C81D0FD346A}.Release|Any CPU.ActiveCfg = Release|Any CPU
		{1A5624B1-A272-4BBD-8EF9-9C81D0FD346A}.Release|Any CPU.Build.0 = Release|Any CPU
		{1A5624B1-A272-4BBD-8EF9-9C81D0FD346A}.Release|x64.ActiveCfg = Release|Any CPU
		{1A5624B1-A272-4BBD-8EF9-9C81D0FD346A}.Release|x64.Build.0 = Release|Any CPU
		{1A5624B1-A272-4BBD-8EF9-9C81D0FD346A}.Release|x86.ActiveCfg = Release|Any CPU
		{1A5624B1-A272-4BBD-8EF9-9C81D0FD346A}.Release|x86.Build.0 = Release|Any CPU
		{5C8AE74C-83F0-4D89-8E5F-684F8E969E47}.Debug|Any CPU.ActiveCfg = Debug|Any CPU
		{5C8AE74C-83F0-4D89-8E5F-684F8E969E47}.Debug|Any CPU.Build.0 = Debug|Any CPU
		{5C8AE74C-83F0-4D89-8E5F-684F8E969E47}.Debug|x64.ActiveCfg = Debug|Any CPU
		{5C8AE74C-83F0-4D89-8E5F-684F8E969E47}.Debug|x64.Build.0 = Debug|Any CPU
		{5C8AE74C-83F0-4D89-8E5F-684F8E969E47}.Debug|x86.ActiveCfg = Debug|Any CPU
		{5C8AE74C-83F0-4D89-8E5F-684F8E969E47}.Debug|x86.Build.0 = Debug|Any CPU
		{5C8AE74C-83F0-4D89-8E5F-684F8E969E47}.Release|Any CPU.ActiveCfg = Release|Any CPU
		{5C8AE74C-83F0-4D89-8E5F-684F8E969E47}.Release|Any CPU.Build.0 = Release|Any CPU
		{5C8AE74C-83F0-4D89-8E5F-684F8E969E47}.Release|x64.ActiveCfg = Release|Any CPU
		{5C8AE74C-83F0-4D89-8E5F-684F8E969E47}.Release|x64.Build.0 = Release|Any CPU
		{5C8AE74C-83F0-4D89-8E5F-684F8E969E47}.Release|x86.ActiveCfg = Release|Any CPU
		{5C8AE74C-83F0-4D89-8E5F-684F8E969E47}.Release|x86.Build.0 = Release|Any CPU
		{128BB469-BBE4-4812-BB5B-B1229BC4F4AC}.Debug|Any CPU.ActiveCfg = Debug|Any CPU
		{128BB469-BBE4-4812-BB5B-B1229BC4F4AC}.Debug|Any CPU.Build.0 = Debug|Any CPU
		{128BB469-BBE4-4812-BB5B-B1229BC4F4AC}.Debug|x64.ActiveCfg = Debug|Any CPU
		{128BB469-BBE4-4812-BB5B-B1229BC4F4AC}.Debug|x64.Build.0 = Debug|Any CPU
		{128BB469-BBE4-4812-BB5B-B1229BC4F4AC}.Debug|x86.ActiveCfg = Debug|Any CPU
		{128BB469-BBE4-4812-BB5B-B1229BC4F4AC}.Debug|x86.Build.0 = Debug|Any CPU
		{128BB469-BBE4-4812-BB5B-B1229BC4F4AC}.Release|Any CPU.ActiveCfg = Release|Any CPU
		{128BB469-BBE4-4812-BB5B-B1229BC4F4AC}.Release|Any CPU.Build.0 = Release|Any CPU
		{128BB469-BBE4-4812-BB5B-B1229BC4F4AC}.Release|x64.ActiveCfg = Release|Any CPU
		{128BB469-BBE4-4812-BB5B-B1229BC4F4AC}.Release|x64.Build.0 = Release|Any CPU
		{128BB469-BBE4-4812-BB5B-B1229BC4F4AC}.Release|x86.ActiveCfg = Release|Any CPU
		{128BB469-BBE4-4812-BB5B-B1229BC4F4AC}.Release|x86.Build.0 = Release|Any CPU
		{F498CAA7-E155-40DD-A9D4-83A7AD7C7041}.Debug|Any CPU.ActiveCfg = Debug|Any CPU
		{F498CAA7-E155-40DD-A9D4-83A7AD7C7041}.Debug|Any CPU.Build.0 = Debug|Any CPU
		{F498CAA7-E155-40DD-A9D4-83A7AD7C7041}.Debug|x64.ActiveCfg = Debug|Any CPU
		{F498CAA7-E155-40DD-A9D4-83A7AD7C7041}.Debug|x64.Build.0 = Debug|Any CPU
		{F498CAA7-E155-40DD-A9D4-83A7AD7C7041}.Debug|x86.ActiveCfg = Debug|Any CPU
		{F498CAA7-E155-40DD-A9D4-83A7AD7C7041}.Debug|x86.Build.0 = Debug|Any CPU
		{F498CAA7-E155-40DD-A9D4-83A7AD7C7041}.Release|Any CPU.ActiveCfg = Release|Any CPU
		{F498CAA7-E155-40DD-A9D4-83A7AD7C7041}.Release|Any CPU.Build.0 = Release|Any CPU
		{F498CAA7-E155-40DD-A9D4-83A7AD7C7041}.Release|x64.ActiveCfg = Release|Any CPU
		{F498CAA7-E155-40DD-A9D4-83A7AD7C7041}.Release|x64.Build.0 = Release|Any CPU
		{F498CAA7-E155-40DD-A9D4-83A7AD7C7041}.Release|x86.ActiveCfg = Release|Any CPU
		{F498CAA7-E155-40DD-A9D4-83A7AD7C7041}.Release|x86.Build.0 = Release|Any CPU
		{957CB01E-2098-F76B-E874-F07683DC7135}.Debug|Any CPU.ActiveCfg = Debug|Any CPU
		{957CB01E-2098-F76B-E874-F07683DC7135}.Debug|Any CPU.Build.0 = Debug|Any CPU
		{957CB01E-2098-F76B-E874-F07683DC7135}.Debug|x64.ActiveCfg = Debug|Any CPU
		{957CB01E-2098-F76B-E874-F07683DC7135}.Debug|x64.Build.0 = Debug|Any CPU
		{957CB01E-2098-F76B-E874-F07683DC7135}.Debug|x86.ActiveCfg = Debug|Any CPU
		{957CB01E-2098-F76B-E874-F07683DC7135}.Debug|x86.Build.0 = Debug|Any CPU
		{957CB01E-2098-F76B-E874-F07683DC7135}.Release|Any CPU.ActiveCfg = Release|Any CPU
		{957CB01E-2098-F76B-E874-F07683DC7135}.Release|Any CPU.Build.0 = Release|Any CPU
		{957CB01E-2098-F76B-E874-F07683DC7135}.Release|x64.ActiveCfg = Release|Any CPU
		{957CB01E-2098-F76B-E874-F07683DC7135}.Release|x64.Build.0 = Release|Any CPU
		{957CB01E-2098-F76B-E874-F07683DC7135}.Release|x86.ActiveCfg = Release|Any CPU
		{957CB01E-2098-F76B-E874-F07683DC7135}.Release|x86.Build.0 = Release|Any CPU
		{33CABB2F-DE37-A7AB-87E8-E5C34729B0CB}.Debug|Any CPU.ActiveCfg = Debug|Any CPU
		{33CABB2F-DE37-A7AB-87E8-E5C34729B0CB}.Debug|Any CPU.Build.0 = Debug|Any CPU
		{33CABB2F-DE37-A7AB-87E8-E5C34729B0CB}.Debug|x64.ActiveCfg = Debug|Any CPU
		{33CABB2F-DE37-A7AB-87E8-E5C34729B0CB}.Debug|x64.Build.0 = Debug|Any CPU
		{33CABB2F-DE37-A7AB-87E8-E5C34729B0CB}.Debug|x86.ActiveCfg = Debug|Any CPU
		{33CABB2F-DE37-A7AB-87E8-E5C34729B0CB}.Debug|x86.Build.0 = Debug|Any CPU
		{33CABB2F-DE37-A7AB-87E8-E5C34729B0CB}.Release|Any CPU.ActiveCfg = Release|Any CPU
		{33CABB2F-DE37-A7AB-87E8-E5C34729B0CB}.Release|Any CPU.Build.0 = Release|Any CPU
		{33CABB2F-DE37-A7AB-87E8-E5C34729B0CB}.Release|x64.ActiveCfg = Release|Any CPU
		{33CABB2F-DE37-A7AB-87E8-E5C34729B0CB}.Release|x64.Build.0 = Release|Any CPU
		{33CABB2F-DE37-A7AB-87E8-E5C34729B0CB}.Release|x86.ActiveCfg = Release|Any CPU
		{33CABB2F-DE37-A7AB-87E8-E5C34729B0CB}.Release|x86.Build.0 = Release|Any CPU
		{64E3E987-81A9-287B-393F-AE713BA271DF}.Debug|Any CPU.ActiveCfg = Debug|Any CPU
		{64E3E987-81A9-287B-393F-AE713BA271DF}.Debug|Any CPU.Build.0 = Debug|Any CPU
		{64E3E987-81A9-287B-393F-AE713BA271DF}.Debug|x64.ActiveCfg = Debug|Any CPU
		{64E3E987-81A9-287B-393F-AE713BA271DF}.Debug|x64.Build.0 = Debug|Any CPU
		{64E3E987-81A9-287B-393F-AE713BA271DF}.Debug|x86.ActiveCfg = Debug|Any CPU
		{64E3E987-81A9-287B-393F-AE713BA271DF}.Debug|x86.Build.0 = Debug|Any CPU
		{64E3E987-81A9-287B-393F-AE713BA271DF}.Release|Any CPU.ActiveCfg = Release|Any CPU
		{64E3E987-81A9-287B-393F-AE713BA271DF}.Release|Any CPU.Build.0 = Release|Any CPU
		{64E3E987-81A9-287B-393F-AE713BA271DF}.Release|x64.ActiveCfg = Release|Any CPU
		{64E3E987-81A9-287B-393F-AE713BA271DF}.Release|x64.Build.0 = Release|Any CPU
		{64E3E987-81A9-287B-393F-AE713BA271DF}.Release|x86.ActiveCfg = Release|Any CPU
		{64E3E987-81A9-287B-393F-AE713BA271DF}.Release|x86.Build.0 = Release|Any CPU
		{E810E5E3-D733-BEF9-D21A-3CD47E4CF2CA}.Debug|Any CPU.ActiveCfg = Debug|Any CPU
		{E810E5E3-D733-BEF9-D21A-3CD47E4CF2CA}.Debug|Any CPU.Build.0 = Debug|Any CPU
		{E810E5E3-D733-BEF9-D21A-3CD47E4CF2CA}.Debug|x64.ActiveCfg = Debug|Any CPU
		{E810E5E3-D733-BEF9-D21A-3CD47E4CF2CA}.Debug|x64.Build.0 = Debug|Any CPU
		{E810E5E3-D733-BEF9-D21A-3CD47E4CF2CA}.Debug|x86.ActiveCfg = Debug|Any CPU
		{E810E5E3-D733-BEF9-D21A-3CD47E4CF2CA}.Debug|x86.Build.0 = Debug|Any CPU
		{E810E5E3-D733-BEF9-D21A-3CD47E4CF2CA}.Release|Any CPU.ActiveCfg = Release|Any CPU
		{E810E5E3-D733-BEF9-D21A-3CD47E4CF2CA}.Release|Any CPU.Build.0 = Release|Any CPU
		{E810E5E3-D733-BEF9-D21A-3CD47E4CF2CA}.Release|x64.ActiveCfg = Release|Any CPU
		{E810E5E3-D733-BEF9-D21A-3CD47E4CF2CA}.Release|x64.Build.0 = Release|Any CPU
		{E810E5E3-D733-BEF9-D21A-3CD47E4CF2CA}.Release|x86.ActiveCfg = Release|Any CPU
		{E810E5E3-D733-BEF9-D21A-3CD47E4CF2CA}.Release|x86.Build.0 = Release|Any CPU
	EndGlobalSection
	GlobalSection(SolutionProperties) = preSolution
		HideSolutionNode = FALSE
	EndGlobalSection
	GlobalSection(NestedProjects) = preSolution
		{2B1E513D-8E98-8146-D009-005EC4A2D00E} = {52397E44-2E0F-D693-9FF2-B8D83E840496}
		{5FE4973D-631A-4559-9AFF-6E3FCCB5926C} = {2B1E513D-8E98-8146-D009-005EC4A2D00E}
		{AA1F821C-8553-4607-ABE9-4A7BD4EB9465} = {2B1E513D-8E98-8146-D009-005EC4A2D00E}
		{E78E74B6-38FF-49CA-B4B9-4DDFED00D150} = {2B1E513D-8E98-8146-D009-005EC4A2D00E}
		{99BE89E1-4A39-4B55-A93D-8898507D5FBB} = {2B1E513D-8E98-8146-D009-005EC4A2D00E}
		{FAF6A52C-00CD-9C83-C0EC-E465F737D740} = {52397E44-2E0F-D693-9FF2-B8D83E840496}
		{EF2470A0-7190-1957-FFFF-A231E5828C33} = {FAF6A52C-00CD-9C83-C0EC-E465F737D740}
		{1A5624B1-A272-4BBD-8EF9-9C81D0FD346A} = {EF2470A0-7190-1957-FFFF-A231E5828C33}
		{2CBE4533-7E5C-9676-D7EB-BB926CBC835F} = {FAF6A52C-00CD-9C83-C0EC-E465F737D740}
		{5C8AE74C-83F0-4D89-8E5F-684F8E969E47} = {2CBE4533-7E5C-9676-D7EB-BB926CBC835F}
		{D6A6CBF1-C984-15E2-AF8C-CBF9A69C33B4} = {FAF6A52C-00CD-9C83-C0EC-E465F737D740}
		{128BB469-BBE4-4812-BB5B-B1229BC4F4AC} = {D6A6CBF1-C984-15E2-AF8C-CBF9A69C33B4}
		{6491B542-C24B-DE4A-AEC9-132358D6F44A} = {FAF6A52C-00CD-9C83-C0EC-E465F737D740}
		{F498CAA7-E155-40DD-A9D4-83A7AD7C7041} = {6491B542-C24B-DE4A-AEC9-132358D6F44A}
	EndGlobalSection
EndGlobal
