
Microsoft Visual Studio Solution File, Format Version 12.00
# Visual Studio Version 17
VisualStudioVersion = 17.14.36623.8
MinimumVisualStudioVersion = 10.0.40219.1
Project("{2150E333-8FDC-42A3-9474-1A3956D46DE8}") = "Api", "Api", "{02EA681E-C7D8-13C7-8484-4AC65E1B71E8}"
EndProject
Project("{2150E333-8FDC-42A3-9474-1A3956D46DE8}") = "Shared", "Shared", "{0FBD2C2B-F59F-4A59-9B65-C4812C659551}"
EndProject
Project("{FAE04EC0-301F-11D3-BF4B-00C04F79EFBC}") = "Shared.Api", "Shared\Shared.Api\Shared.Api.csproj", "{13BAAEEE-C831-BA7D-6A7D-CD191F21B13B}"
EndProject
Project("{FAE04EC0-301F-11D3-BF4B-00C04F79EFBC}") = "Shared.Domain", "Shared\Shared.Domain\Shared.Domain.csproj", "{3019E33E-9F3B-C26B-F990-19D6A7DCBBE1}"
EndProject
Project("{FAE04EC0-301F-11D3-BF4B-00C04F79EFBC}") = "Shared.Infrastructure", "Shared\Shared.Infrastructure\Shared.Infrastructure.csproj", "{3E3D1476-B40E-9065-EB3B-0B2F70A5A3AA}"
EndProject
Project("{FAE04EC0-301F-11D3-BF4B-00C04F79EFBC}") = "Api", "Api\Api\Api.csproj", "{29E56B9D-A30D-5F9A-ACA3-F90F35E91D53}"
EndProject
Project("{2150E333-8FDC-42A3-9474-1A3956D46DE8}") = "Backend", "Backend", "{8A51F964-002C-4A50-B47F-66440EFC3EE6}"
EndProject
Project("{2150E333-8FDC-42A3-9474-1A3956D46DE8}") = "Modules", "Modules", "{C73C8822-8FE8-4C65-803A-2D283B46F324}"
EndProject
Project("{FAE04EC0-301F-11D3-BF4B-00C04F79EFBC}") = "Users.Api", "Modules\Users\Users.Api\Users.Api.csproj", "{6CF4B562-D292-DCFC-AE01-8AF221143915}"
EndProject
Project("{FAE04EC0-301F-11D3-BF4B-00C04F79EFBC}") = "Users.Application", "Modules\Users\Users.Application\Users.Application.csproj", "{234ECAA3-C8DD-D378-1F14-5E497F3CDAA2}"
EndProject
Project("{FAE04EC0-301F-11D3-BF4B-00C04F79EFBC}") = "Users.Domain", "Modules\Users\Users.Domain\Users.Domain.csproj", "{9079EDFA-BA40-C3E5-8ED4-80DB23919D8D}"
EndProject
Project("{FAE04EC0-301F-11D3-BF4B-00C04F79EFBC}") = "Users.Infrastructure", "Modules\Users\Users.Infrastructure\Users.Infrastructure.csproj", "{D146BBA9-8F2F-BD10-0AB2-4F05A7B85FF7}"
EndProject
Project("{2150E333-8FDC-42A3-9474-1A3956D46DE8}") = "Users", "Users", "{471029B9-4767-42FD-BF16-9BD2A75AB52B}"
EndProject
Project("{FAE04EC0-301F-11D3-BF4B-00C04F79EFBC}") = "Shared.Application", "Shared\Shared.Application\Shared.Application.csproj", "{FE7731F6-35FA-8245-4914-40922FB9E55B}"
EndProject
Project("{E53339B2-1760-4266-BCC7-CA923CBCF16C}") = "docker-compose", "docker-compose.dcproj", "{81DDED9D-158B-E303-5F62-77A2896D2A5A}"
EndProject
Project("{2150E333-8FDC-42A3-9474-1A3956D46DE8}") = "Example", "Example", "{5EE16A95-61EF-4ED1-A4CB-73A05C401655}"
EndProject
Project("{FAE04EC0-301F-11D3-BF4B-00C04F79EFBC}") = "Products.Application", "Modules\Example\Products.Application\Products.Application.csproj", "{B7A04B6B-C0F4-4989-BBF8-4CA98997C329}"
EndProject
Project("{FAE04EC0-301F-11D3-BF4B-00C04F79EFBC}") = "Products.Infrastructure", "Modules\Example\Products.Infrastructure\Products.Infrastructure.csproj", "{99AFFD99-DEA9-4052-BAAF-23B31D19B336}"
EndProject
Project("{FAE04EC0-301F-11D3-BF4B-00C04F79EFBC}") = "Products.Api", "Modules\Example\Products.Api\Products.Api.csproj", "{7C3C7239-9FAD-423A-BDB5-1F8C4BA169A6}"
EndProject
Project("{FAE04EC0-301F-11D3-BF4B-00C04F79EFBC}") = "Products.Domain", "Modules\Example\Products.Domain\Products.Domain.csproj", "{8F910053-B5EC-4FE8-868A-F7EC9B69A27F}"
EndProject
Project("{FAE04EC0-301F-11D3-BF4B-00C04F79EFBC}") = "Products.PublicApi", "Modules\Example\Products.PublicApi\Products.PublicApi.csproj", "{9C376DBB-0F4D-4F31-936B-6065F417DF68}"
EndProject
Project("{FAE04EC0-301F-11D3-BF4B-00C04F79EFBC}") = "Products.IntegrationEvents", "Modules\Example\Products.IntegrationEvents\Products.IntegrationEvents.csproj", "{C22F728A-7607-2DDA-7834-4BEA65522458}"
EndProject
Project("{2150E333-8FDC-42A3-9474-1A3956D46DE8}") = "OrderExample", "OrderExample", "{E781282A-4C18-479C-880B-68AD479996AF}"
EndProject
Project("{FAE04EC0-301F-11D3-BF4B-00C04F79EFBC}") = "Order.Domain", "Modules\Example\OrderExample\Order.Domain\Order.Domain.csproj", "{7ADB2DAC-D76E-4AAC-8696-D6DFEE69C3FF}"
EndProject
Project("{FAE04EC0-301F-11D3-BF4B-00C04F79EFBC}") = "Order.Application", "Modules\Example\OrderExample\Order.Application\Order.Application.csproj", "{E7E34481-0738-413E-A479-F396C47136B6}"
EndProject
Project("{FAE04EC0-301F-11D3-BF4B-00C04F79EFBC}") = "Order.Infrastructure", "Modules\Example\OrderExample\Order.Infrastructure\Order.Infrastructure.csproj", "{220998A2-0446-475A-8BB1-4CD821E1C7FA}"
EndProject
Project("{FAE04EC0-301F-11D3-BF4B-00C04F79EFBC}") = "Order.Api", "Modules\Example\OrderExample\Order.Api\Order.Api.csproj", "{CD4A8932-8094-456E-A708-0FD9C747897E}"
EndProject
Project("{FAE04EC0-301F-11D3-BF4B-00C04F79EFBC}") = "Order.IntegrationEvents", "Modules\Example\OrderExample\Order.IntegrationEvent\Order.IntegrationEvents.csproj", "{274F1D03-2001-4D65-839C-699F85EF6B97}"
EndProject
Global
	GlobalSection(SolutionConfigurationPlatforms) = preSolution
		Debug|Any CPU = Debug|Any CPU
		Debug|x64 = Debug|x64
		Debug|x86 = Debug|x86
		Release|Any CPU = Release|Any CPU
		Release|x64 = Release|x64
		Release|x86 = Release|x86
	EndGlobalSection
	GlobalSection(ProjectConfigurationPlatforms) = postSolution
		{13BAAEEE-C831-BA7D-6A7D-CD191F21B13B}.Debug|Any CPU.ActiveCfg = Debug|Any CPU
		{13BAAEEE-C831-BA7D-6A7D-CD191F21B13B}.Debug|Any CPU.Build.0 = Debug|Any CPU
		{13BAAEEE-C831-BA7D-6A7D-CD191F21B13B}.Debug|x64.ActiveCfg = Debug|Any CPU
		{13BAAEEE-C831-BA7D-6A7D-CD191F21B13B}.Debug|x64.Build.0 = Debug|Any CPU
		{13BAAEEE-C831-BA7D-6A7D-CD191F21B13B}.Debug|x86.ActiveCfg = Debug|Any CPU
		{13BAAEEE-C831-BA7D-6A7D-CD191F21B13B}.Debug|x86.Build.0 = Debug|Any CPU
		{13BAAEEE-C831-BA7D-6A7D-CD191F21B13B}.Release|Any CPU.ActiveCfg = Release|Any CPU
		{13BAAEEE-C831-BA7D-6A7D-CD191F21B13B}.Release|Any CPU.Build.0 = Release|Any CPU
		{13BAAEEE-C831-BA7D-6A7D-CD191F21B13B}.Release|x64.ActiveCfg = Release|Any CPU
		{13BAAEEE-C831-BA7D-6A7D-CD191F21B13B}.Release|x64.Build.0 = Release|Any CPU
		{13BAAEEE-C831-BA7D-6A7D-CD191F21B13B}.Release|x86.ActiveCfg = Release|Any CPU
		{13BAAEEE-C831-BA7D-6A7D-CD191F21B13B}.Release|x86.Build.0 = Release|Any CPU
		{3019E33E-9F3B-C26B-F990-19D6A7DCBBE1}.Debug|Any CPU.ActiveCfg = Debug|Any CPU
		{3019E33E-9F3B-C26B-F990-19D6A7DCBBE1}.Debug|Any CPU.Build.0 = Debug|Any CPU
		{3019E33E-9F3B-C26B-F990-19D6A7DCBBE1}.Debug|x64.ActiveCfg = Debug|Any CPU
		{3019E33E-9F3B-C26B-F990-19D6A7DCBBE1}.Debug|x64.Build.0 = Debug|Any CPU
		{3019E33E-9F3B-C26B-F990-19D6A7DCBBE1}.Debug|x86.ActiveCfg = Debug|Any CPU
		{3019E33E-9F3B-C26B-F990-19D6A7DCBBE1}.Debug|x86.Build.0 = Debug|Any CPU
		{3019E33E-9F3B-C26B-F990-19D6A7DCBBE1}.Release|Any CPU.ActiveCfg = Release|Any CPU
		{3019E33E-9F3B-C26B-F990-19D6A7DCBBE1}.Release|Any CPU.Build.0 = Release|Any CPU
		{3019E33E-9F3B-C26B-F990-19D6A7DCBBE1}.Release|x64.ActiveCfg = Release|Any CPU
		{3019E33E-9F3B-C26B-F990-19D6A7DCBBE1}.Release|x64.Build.0 = Release|Any CPU
		{3019E33E-9F3B-C26B-F990-19D6A7DCBBE1}.Release|x86.ActiveCfg = Release|Any CPU
		{3019E33E-9F3B-C26B-F990-19D6A7DCBBE1}.Release|x86.Build.0 = Release|Any CPU
		{3E3D1476-B40E-9065-EB3B-0B2F70A5A3AA}.Debug|Any CPU.ActiveCfg = Debug|Any CPU
		{3E3D1476-B40E-9065-EB3B-0B2F70A5A3AA}.Debug|Any CPU.Build.0 = Debug|Any CPU
		{3E3D1476-B40E-9065-EB3B-0B2F70A5A3AA}.Debug|x64.ActiveCfg = Debug|Any CPU
		{3E3D1476-B40E-9065-EB3B-0B2F70A5A3AA}.Debug|x64.Build.0 = Debug|Any CPU
		{3E3D1476-B40E-9065-EB3B-0B2F70A5A3AA}.Debug|x86.ActiveCfg = Debug|Any CPU
		{3E3D1476-B40E-9065-EB3B-0B2F70A5A3AA}.Debug|x86.Build.0 = Debug|Any CPU
		{3E3D1476-B40E-9065-EB3B-0B2F70A5A3AA}.Release|Any CPU.ActiveCfg = Release|Any CPU
		{3E3D1476-B40E-9065-EB3B-0B2F70A5A3AA}.Release|Any CPU.Build.0 = Release|Any CPU
		{3E3D1476-B40E-9065-EB3B-0B2F70A5A3AA}.Release|x64.ActiveCfg = Release|Any CPU
		{3E3D1476-B40E-9065-EB3B-0B2F70A5A3AA}.Release|x64.Build.0 = Release|Any CPU
		{3E3D1476-B40E-9065-EB3B-0B2F70A5A3AA}.Release|x86.ActiveCfg = Release|Any CPU
		{3E3D1476-B40E-9065-EB3B-0B2F70A5A3AA}.Release|x86.Build.0 = Release|Any CPU
		{29E56B9D-A30D-5F9A-ACA3-F90F35E91D53}.Debug|Any CPU.ActiveCfg = Debug|Any CPU
		{29E56B9D-A30D-5F9A-ACA3-F90F35E91D53}.Debug|Any CPU.Build.0 = Debug|Any CPU
		{29E56B9D-A30D-5F9A-ACA3-F90F35E91D53}.Debug|x64.ActiveCfg = Debug|Any CPU
		{29E56B9D-A30D-5F9A-ACA3-F90F35E91D53}.Debug|x64.Build.0 = Debug|Any CPU
		{29E56B9D-A30D-5F9A-ACA3-F90F35E91D53}.Debug|x86.ActiveCfg = Debug|Any CPU
		{29E56B9D-A30D-5F9A-ACA3-F90F35E91D53}.Debug|x86.Build.0 = Debug|Any CPU
		{29E56B9D-A30D-5F9A-ACA3-F90F35E91D53}.Release|Any CPU.ActiveCfg = Release|Any CPU
		{29E56B9D-A30D-5F9A-ACA3-F90F35E91D53}.Release|Any CPU.Build.0 = Release|Any CPU
		{29E56B9D-A30D-5F9A-ACA3-F90F35E91D53}.Release|x64.ActiveCfg = Release|Any CPU
		{29E56B9D-A30D-5F9A-ACA3-F90F35E91D53}.Release|x64.Build.0 = Release|Any CPU
		{29E56B9D-A30D-5F9A-ACA3-F90F35E91D53}.Release|x86.ActiveCfg = Release|Any CPU
		{29E56B9D-A30D-5F9A-ACA3-F90F35E91D53}.Release|x86.Build.0 = Release|Any CPU
		{6CF4B562-D292-DCFC-AE01-8AF221143915}.Debug|Any CPU.ActiveCfg = Debug|Any CPU
		{6CF4B562-D292-DCFC-AE01-8AF221143915}.Debug|Any CPU.Build.0 = Debug|Any CPU
		{6CF4B562-D292-DCFC-AE01-8AF221143915}.Debug|x64.ActiveCfg = Debug|Any CPU
		{6CF4B562-D292-DCFC-AE01-8AF221143915}.Debug|x64.Build.0 = Debug|Any CPU
		{6CF4B562-D292-DCFC-AE01-8AF221143915}.Debug|x86.ActiveCfg = Debug|Any CPU
		{6CF4B562-D292-DCFC-AE01-8AF221143915}.Debug|x86.Build.0 = Debug|Any CPU
		{6CF4B562-D292-DCFC-AE01-8AF221143915}.Release|Any CPU.ActiveCfg = Release|Any CPU
		{6CF4B562-D292-DCFC-AE01-8AF221143915}.Release|Any CPU.Build.0 = Release|Any CPU
		{6CF4B562-D292-DCFC-AE01-8AF221143915}.Release|x64.ActiveCfg = Release|Any CPU
		{6CF4B562-D292-DCFC-AE01-8AF221143915}.Release|x64.Build.0 = Release|Any CPU
		{6CF4B562-D292-DCFC-AE01-8AF221143915}.Release|x86.ActiveCfg = Release|Any CPU
		{6CF4B562-D292-DCFC-AE01-8AF221143915}.Release|x86.Build.0 = Release|Any CPU
		{234ECAA3-C8DD-D378-1F14-5E497F3CDAA2}.Debug|Any CPU.ActiveCfg = Debug|Any CPU
		{234ECAA3-C8DD-D378-1F14-5E497F3CDAA2}.Debug|Any CPU.Build.0 = Debug|Any CPU
		{234ECAA3-C8DD-D378-1F14-5E497F3CDAA2}.Debug|x64.ActiveCfg = Debug|Any CPU
		{234ECAA3-C8DD-D378-1F14-5E497F3CDAA2}.Debug|x64.Build.0 = Debug|Any CPU
		{234ECAA3-C8DD-D378-1F14-5E497F3CDAA2}.Debug|x86.ActiveCfg = Debug|Any CPU
		{234ECAA3-C8DD-D378-1F14-5E497F3CDAA2}.Debug|x86.Build.0 = Debug|Any CPU
		{234ECAA3-C8DD-D378-1F14-5E497F3CDAA2}.Release|Any CPU.ActiveCfg = Release|Any CPU
		{234ECAA3-C8DD-D378-1F14-5E497F3CDAA2}.Release|Any CPU.Build.0 = Release|Any CPU
		{234ECAA3-C8DD-D378-1F14-5E497F3CDAA2}.Release|x64.ActiveCfg = Release|Any CPU
		{234ECAA3-C8DD-D378-1F14-5E497F3CDAA2}.Release|x64.Build.0 = Release|Any CPU
		{234ECAA3-C8DD-D378-1F14-5E497F3CDAA2}.Release|x86.ActiveCfg = Release|Any CPU
		{234ECAA3-C8DD-D378-1F14-5E497F3CDAA2}.Release|x86.Build.0 = Release|Any CPU
		{9079EDFA-BA40-C3E5-8ED4-80DB23919D8D}.Debug|Any CPU.ActiveCfg = Debug|Any CPU
		{9079EDFA-BA40-C3E5-8ED4-80DB23919D8D}.Debug|Any CPU.Build.0 = Debug|Any CPU
		{9079EDFA-BA40-C3E5-8ED4-80DB23919D8D}.Debug|x64.ActiveCfg = Debug|Any CPU
		{9079EDFA-BA40-C3E5-8ED4-80DB23919D8D}.Debug|x64.Build.0 = Debug|Any CPU
		{9079EDFA-BA40-C3E5-8ED4-80DB23919D8D}.Debug|x86.ActiveCfg = Debug|Any CPU
		{9079EDFA-BA40-C3E5-8ED4-80DB23919D8D}.Debug|x86.Build.0 = Debug|Any CPU
		{9079EDFA-BA40-C3E5-8ED4-80DB23919D8D}.Release|Any CPU.ActiveCfg = Release|Any CPU
		{9079EDFA-BA40-C3E5-8ED4-80DB23919D8D}.Release|Any CPU.Build.0 = Release|Any CPU
		{9079EDFA-BA40-C3E5-8ED4-80DB23919D8D}.Release|x64.ActiveCfg = Release|Any CPU
		{9079EDFA-BA40-C3E5-8ED4-80DB23919D8D}.Release|x64.Build.0 = Release|Any CPU
		{9079EDFA-BA40-C3E5-8ED4-80DB23919D8D}.Release|x86.ActiveCfg = Release|Any CPU
		{9079EDFA-BA40-C3E5-8ED4-80DB23919D8D}.Release|x86.Build.0 = Release|Any CPU
		{D146BBA9-8F2F-BD10-0AB2-4F05A7B85FF7}.Debug|Any CPU.ActiveCfg = Debug|Any CPU
		{D146BBA9-8F2F-BD10-0AB2-4F05A7B85FF7}.Debug|Any CPU.Build.0 = Debug|Any CPU
		{D146BBA9-8F2F-BD10-0AB2-4F05A7B85FF7}.Debug|x64.ActiveCfg = Debug|Any CPU
		{D146BBA9-8F2F-BD10-0AB2-4F05A7B85FF7}.Debug|x64.Build.0 = Debug|Any CPU
		{D146BBA9-8F2F-BD10-0AB2-4F05A7B85FF7}.Debug|x86.ActiveCfg = Debug|Any CPU
		{D146BBA9-8F2F-BD10-0AB2-4F05A7B85FF7}.Debug|x86.Build.0 = Debug|Any CPU
		{D146BBA9-8F2F-BD10-0AB2-4F05A7B85FF7}.Release|Any CPU.ActiveCfg = Release|Any CPU
		{D146BBA9-8F2F-BD10-0AB2-4F05A7B85FF7}.Release|Any CPU.Build.0 = Release|Any CPU
		{D146BBA9-8F2F-BD10-0AB2-4F05A7B85FF7}.Release|x64.ActiveCfg = Release|Any CPU
		{D146BBA9-8F2F-BD10-0AB2-4F05A7B85FF7}.Release|x64.Build.0 = Release|Any CPU
		{D146BBA9-8F2F-BD10-0AB2-4F05A7B85FF7}.Release|x86.ActiveCfg = Release|Any CPU
		{D146BBA9-8F2F-BD10-0AB2-4F05A7B85FF7}.Release|x86.Build.0 = Release|Any CPU
		{FE7731F6-35FA-8245-4914-40922FB9E55B}.Debug|Any CPU.ActiveCfg = Debug|Any CPU
		{FE7731F6-35FA-8245-4914-40922FB9E55B}.Debug|Any CPU.Build.0 = Debug|Any CPU
		{FE7731F6-35FA-8245-4914-40922FB9E55B}.Debug|x64.ActiveCfg = Debug|Any CPU
		{FE7731F6-35FA-8245-4914-40922FB9E55B}.Debug|x64.Build.0 = Debug|Any CPU
		{FE7731F6-35FA-8245-4914-40922FB9E55B}.Debug|x86.ActiveCfg = Debug|Any CPU
		{FE7731F6-35FA-8245-4914-40922FB9E55B}.Debug|x86.Build.0 = Debug|Any CPU
		{FE7731F6-35FA-8245-4914-40922FB9E55B}.Release|Any CPU.ActiveCfg = Release|Any CPU
		{FE7731F6-35FA-8245-4914-40922FB9E55B}.Release|Any CPU.Build.0 = Release|Any CPU
		{FE7731F6-35FA-8245-4914-40922FB9E55B}.Release|x64.ActiveCfg = Release|Any CPU
		{FE7731F6-35FA-8245-4914-40922FB9E55B}.Release|x64.Build.0 = Release|Any CPU
		{FE7731F6-35FA-8245-4914-40922FB9E55B}.Release|x86.ActiveCfg = Release|Any CPU
		{FE7731F6-35FA-8245-4914-40922FB9E55B}.Release|x86.Build.0 = Release|Any CPU
		{81DDED9D-158B-E303-5F62-77A2896D2A5A}.Debug|Any CPU.ActiveCfg = Debug|Any CPU
		{81DDED9D-158B-E303-5F62-77A2896D2A5A}.Debug|Any CPU.Build.0 = Debug|Any CPU
		{81DDED9D-158B-E303-5F62-77A2896D2A5A}.Debug|x64.ActiveCfg = Debug|Any CPU
		{81DDED9D-158B-E303-5F62-77A2896D2A5A}.Debug|x64.Build.0 = Debug|Any CPU
		{81DDED9D-158B-E303-5F62-77A2896D2A5A}.Debug|x86.ActiveCfg = Debug|Any CPU
		{81DDED9D-158B-E303-5F62-77A2896D2A5A}.Debug|x86.Build.0 = Debug|Any CPU
		{81DDED9D-158B-E303-5F62-77A2896D2A5A}.Release|Any CPU.ActiveCfg = Release|Any CPU
		{81DDED9D-158B-E303-5F62-77A2896D2A5A}.Release|Any CPU.Build.0 = Release|Any CPU
		{81DDED9D-158B-E303-5F62-77A2896D2A5A}.Release|x64.ActiveCfg = Release|Any CPU
		{81DDED9D-158B-E303-5F62-77A2896D2A5A}.Release|x64.Build.0 = Release|Any CPU
		{81DDED9D-158B-E303-5F62-77A2896D2A5A}.Release|x86.ActiveCfg = Release|Any CPU
		{81DDED9D-158B-E303-5F62-77A2896D2A5A}.Release|x86.Build.0 = Release|Any CPU
		{B7A04B6B-C0F4-4989-BBF8-4CA98997C329}.Debug|Any CPU.ActiveCfg = Debug|Any CPU
		{B7A04B6B-C0F4-4989-BBF8-4CA98997C329}.Debug|Any CPU.Build.0 = Debug|Any CPU
		{B7A04B6B-C0F4-4989-BBF8-4CA98997C329}.Debug|x64.ActiveCfg = Debug|Any CPU
		{B7A04B6B-C0F4-4989-BBF8-4CA98997C329}.Debug|x64.Build.0 = Debug|Any CPU
		{B7A04B6B-C0F4-4989-BBF8-4CA98997C329}.Debug|x86.ActiveCfg = Debug|Any CPU
		{B7A04B6B-C0F4-4989-BBF8-4CA98997C329}.Debug|x86.Build.0 = Debug|Any CPU
		{B7A04B6B-C0F4-4989-BBF8-4CA98997C329}.Release|Any CPU.ActiveCfg = Release|Any CPU
		{B7A04B6B-C0F4-4989-BBF8-4CA98997C329}.Release|Any CPU.Build.0 = Release|Any CPU
		{B7A04B6B-C0F4-4989-BBF8-4CA98997C329}.Release|x64.ActiveCfg = Release|Any CPU
		{B7A04B6B-C0F4-4989-BBF8-4CA98997C329}.Release|x64.Build.0 = Release|Any CPU
		{B7A04B6B-C0F4-4989-BBF8-4CA98997C329}.Release|x86.ActiveCfg = Release|Any CPU
		{B7A04B6B-C0F4-4989-BBF8-4CA98997C329}.Release|x86.Build.0 = Release|Any CPU
		{99AFFD99-DEA9-4052-BAAF-23B31D19B336}.Debug|Any CPU.ActiveCfg = Debug|Any CPU
		{99AFFD99-DEA9-4052-BAAF-23B31D19B336}.Debug|Any CPU.Build.0 = Debug|Any CPU
		{99AFFD99-DEA9-4052-BAAF-23B31D19B336}.Debug|x64.ActiveCfg = Debug|Any CPU
		{99AFFD99-DEA9-4052-BAAF-23B31D19B336}.Debug|x64.Build.0 = Debug|Any CPU
		{99AFFD99-DEA9-4052-BAAF-23B31D19B336}.Debug|x86.ActiveCfg = Debug|Any CPU
		{99AFFD99-DEA9-4052-BAAF-23B31D19B336}.Debug|x86.Build.0 = Debug|Any CPU
		{99AFFD99-DEA9-4052-BAAF-23B31D19B336}.Release|Any CPU.ActiveCfg = Release|Any CPU
		{99AFFD99-DEA9-4052-BAAF-23B31D19B336}.Release|Any CPU.Build.0 = Release|Any CPU
		{99AFFD99-DEA9-4052-BAAF-23B31D19B336}.Release|x64.ActiveCfg = Release|Any CPU
		{99AFFD99-DEA9-4052-BAAF-23B31D19B336}.Release|x64.Build.0 = Release|Any CPU
		{99AFFD99-DEA9-4052-BAAF-23B31D19B336}.Release|x86.ActiveCfg = Release|Any CPU
		{99AFFD99-DEA9-4052-BAAF-23B31D19B336}.Release|x86.Build.0 = Release|Any CPU
		{7C3C7239-9FAD-423A-BDB5-1F8C4BA169A6}.Debug|Any CPU.ActiveCfg = Debug|Any CPU
		{7C3C7239-9FAD-423A-BDB5-1F8C4BA169A6}.Debug|Any CPU.Build.0 = Debug|Any CPU
		{7C3C7239-9FAD-423A-BDB5-1F8C4BA169A6}.Debug|x64.ActiveCfg = Debug|Any CPU
		{7C3C7239-9FAD-423A-BDB5-1F8C4BA169A6}.Debug|x64.Build.0 = Debug|Any CPU
		{7C3C7239-9FAD-423A-BDB5-1F8C4BA169A6}.Debug|x86.ActiveCfg = Debug|Any CPU
		{7C3C7239-9FAD-423A-BDB5-1F8C4BA169A6}.Debug|x86.Build.0 = Debug|Any CPU
		{7C3C7239-9FAD-423A-BDB5-1F8C4BA169A6}.Release|Any CPU.ActiveCfg = Release|Any CPU
		{7C3C7239-9FAD-423A-BDB5-1F8C4BA169A6}.Release|Any CPU.Build.0 = Release|Any CPU
		{7C3C7239-9FAD-423A-BDB5-1F8C4BA169A6}.Release|x64.ActiveCfg = Release|Any CPU
		{7C3C7239-9FAD-423A-BDB5-1F8C4BA169A6}.Release|x64.Build.0 = Release|Any CPU
		{7C3C7239-9FAD-423A-BDB5-1F8C4BA169A6}.Release|x86.ActiveCfg = Release|Any CPU
		{7C3C7239-9FAD-423A-BDB5-1F8C4BA169A6}.Release|x86.Build.0 = Release|Any CPU
		{8F910053-B5EC-4FE8-868A-F7EC9B69A27F}.Debug|Any CPU.ActiveCfg = Debug|Any CPU
		{8F910053-B5EC-4FE8-868A-F7EC9B69A27F}.Debug|Any CPU.Build.0 = Debug|Any CPU
		{8F910053-B5EC-4FE8-868A-F7EC9B69A27F}.Debug|x64.ActiveCfg = Debug|Any CPU
		{8F910053-B5EC-4FE8-868A-F7EC9B69A27F}.Debug|x64.Build.0 = Debug|Any CPU
		{8F910053-B5EC-4FE8-868A-F7EC9B69A27F}.Debug|x86.ActiveCfg = Debug|Any CPU
		{8F910053-B5EC-4FE8-868A-F7EC9B69A27F}.Debug|x86.Build.0 = Debug|Any CPU
		{8F910053-B5EC-4FE8-868A-F7EC9B69A27F}.Release|Any CPU.ActiveCfg = Release|Any CPU
		{8F910053-B5EC-4FE8-868A-F7EC9B69A27F}.Release|Any CPU.Build.0 = Release|Any CPU
		{8F910053-B5EC-4FE8-868A-F7EC9B69A27F}.Release|x64.ActiveCfg = Release|Any CPU
		{8F910053-B5EC-4FE8-868A-F7EC9B69A27F}.Release|x64.Build.0 = Release|Any CPU
		{8F910053-B5EC-4FE8-868A-F7EC9B69A27F}.Release|x86.ActiveCfg = Release|Any CPU
		{8F910053-B5EC-4FE8-868A-F7EC9B69A27F}.Release|x86.Build.0 = Release|Any CPU
		{9C376DBB-0F4D-4F31-936B-6065F417DF68}.Debug|Any CPU.ActiveCfg = Debug|Any CPU
		{9C376DBB-0F4D-4F31-936B-6065F417DF68}.Debug|Any CPU.Build.0 = Debug|Any CPU
		{9C376DBB-0F4D-4F31-936B-6065F417DF68}.Debug|x64.ActiveCfg = Debug|Any CPU
		{9C376DBB-0F4D-4F31-936B-6065F417DF68}.Debug|x64.Build.0 = Debug|Any CPU
		{9C376DBB-0F4D-4F31-936B-6065F417DF68}.Debug|x86.ActiveCfg = Debug|Any CPU
		{9C376DBB-0F4D-4F31-936B-6065F417DF68}.Debug|x86.Build.0 = Debug|Any CPU
		{9C376DBB-0F4D-4F31-936B-6065F417DF68}.Release|Any CPU.ActiveCfg = Release|Any CPU
		{9C376DBB-0F4D-4F31-936B-6065F417DF68}.Release|Any CPU.Build.0 = Release|Any CPU
		{9C376DBB-0F4D-4F31-936B-6065F417DF68}.Release|x64.ActiveCfg = Release|Any CPU
		{9C376DBB-0F4D-4F31-936B-6065F417DF68}.Release|x64.Build.0 = Release|Any CPU
		{9C376DBB-0F4D-4F31-936B-6065F417DF68}.Release|x86.ActiveCfg = Release|Any CPU
		{9C376DBB-0F4D-4F31-936B-6065F417DF68}.Release|x86.Build.0 = Release|Any CPU
		{C22F728A-7607-2DDA-7834-4BEA65522458}.Debug|Any CPU.ActiveCfg = Debug|Any CPU
		{C22F728A-7607-2DDA-7834-4BEA65522458}.Debug|Any CPU.Build.0 = Debug|Any CPU
		{C22F728A-7607-2DDA-7834-4BEA65522458}.Debug|x64.ActiveCfg = Debug|Any CPU
		{C22F728A-7607-2DDA-7834-4BEA65522458}.Debug|x64.Build.0 = Debug|Any CPU
		{C22F728A-7607-2DDA-7834-4BEA65522458}.Debug|x86.ActiveCfg = Debug|Any CPU
		{C22F728A-7607-2DDA-7834-4BEA65522458}.Debug|x86.Build.0 = Debug|Any CPU
		{C22F728A-7607-2DDA-7834-4BEA65522458}.Release|Any CPU.ActiveCfg = Release|Any CPU
		{C22F728A-7607-2DDA-7834-4BEA65522458}.Release|Any CPU.Build.0 = Release|Any CPU
		{C22F728A-7607-2DDA-7834-4BEA65522458}.Release|x64.ActiveCfg = Release|Any CPU
		{C22F728A-7607-2DDA-7834-4BEA65522458}.Release|x64.Build.0 = Release|Any CPU
		{C22F728A-7607-2DDA-7834-4BEA65522458}.Release|x86.ActiveCfg = Release|Any CPU
		{C22F728A-7607-2DDA-7834-4BEA65522458}.Release|x86.Build.0 = Release|Any CPU
		{7ADB2DAC-D76E-4AAC-8696-D6DFEE69C3FF}.Debug|Any CPU.ActiveCfg = Debug|Any CPU
		{7ADB2DAC-D76E-4AAC-8696-D6DFEE69C3FF}.Debug|Any CPU.Build.0 = Debug|Any CPU
		{7ADB2DAC-D76E-4AAC-8696-D6DFEE69C3FF}.Debug|x64.ActiveCfg = Debug|Any CPU
		{7ADB2DAC-D76E-4AAC-8696-D6DFEE69C3FF}.Debug|x64.Build.0 = Debug|Any CPU
		{7ADB2DAC-D76E-4AAC-8696-D6DFEE69C3FF}.Debug|x86.ActiveCfg = Debug|Any CPU
		{7ADB2DAC-D76E-4AAC-8696-D6DFEE69C3FF}.Debug|x86.Build.0 = Debug|Any CPU
		{7ADB2DAC-D76E-4AAC-8696-D6DFEE69C3FF}.Release|Any CPU.ActiveCfg = Release|Any CPU
		{7ADB2DAC-D76E-4AAC-8696-D6DFEE69C3FF}.Release|Any CPU.Build.0 = Release|Any CPU
		{7ADB2DAC-D76E-4AAC-8696-D6DFEE69C3FF}.Release|x64.ActiveCfg = Release|Any CPU
		{7ADB2DAC-D76E-4AAC-8696-D6DFEE69C3FF}.Release|x64.Build.0 = Release|Any CPU
		{7ADB2DAC-D76E-4AAC-8696-D6DFEE69C3FF}.Release|x86.ActiveCfg = Release|Any CPU
		{7ADB2DAC-D76E-4AAC-8696-D6DFEE69C3FF}.Release|x86.Build.0 = Release|Any CPU
		{E7E34481-0738-413E-A479-F396C47136B6}.Debug|Any CPU.ActiveCfg = Debug|Any CPU
		{E7E34481-0738-413E-A479-F396C47136B6}.Debug|Any CPU.Build.0 = Debug|Any CPU
		{E7E34481-0738-413E-A479-F396C47136B6}.Debug|x64.ActiveCfg = Debug|Any CPU
		{E7E34481-0738-413E-A479-F396C47136B6}.Debug|x64.Build.0 = Debug|Any CPU
		{E7E34481-0738-413E-A479-F396C47136B6}.Debug|x86.ActiveCfg = Debug|Any CPU
		{E7E34481-0738-413E-A479-F396C47136B6}.Debug|x86.Build.0 = Debug|Any CPU
		{E7E34481-0738-413E-A479-F396C47136B6}.Release|Any CPU.ActiveCfg = Release|Any CPU
		{E7E34481-0738-413E-A479-F396C47136B6}.Release|Any CPU.Build.0 = Release|Any CPU
		{E7E34481-0738-413E-A479-F396C47136B6}.Release|x64.ActiveCfg = Release|Any CPU
		{E7E34481-0738-413E-A479-F396C47136B6}.Release|x64.Build.0 = Release|Any CPU
		{E7E34481-0738-413E-A479-F396C47136B6}.Release|x86.ActiveCfg = Release|Any CPU
		{E7E34481-0738-413E-A479-F396C47136B6}.Release|x86.Build.0 = Release|Any CPU
		{220998A2-0446-475A-8BB1-4CD821E1C7FA}.Debug|Any CPU.ActiveCfg = Debug|Any CPU
		{220998A2-0446-475A-8BB1-4CD821E1C7FA}.Debug|Any CPU.Build.0 = Debug|Any CPU
		{220998A2-0446-475A-8BB1-4CD821E1C7FA}.Debug|x64.ActiveCfg = Debug|Any CPU
		{220998A2-0446-475A-8BB1-4CD821E1C7FA}.Debug|x64.Build.0 = Debug|Any CPU
		{220998A2-0446-475A-8BB1-4CD821E1C7FA}.Debug|x86.ActiveCfg = Debug|Any CPU
		{220998A2-0446-475A-8BB1-4CD821E1C7FA}.Debug|x86.Build.0 = Debug|Any CPU
		{220998A2-0446-475A-8BB1-4CD821E1C7FA}.Release|Any CPU.ActiveCfg = Release|Any CPU
		{220998A2-0446-475A-8BB1-4CD821E1C7FA}.Release|Any CPU.Build.0 = Release|Any CPU
		{220998A2-0446-475A-8BB1-4CD821E1C7FA}.Release|x64.ActiveCfg = Release|Any CPU
		{220998A2-0446-475A-8BB1-4CD821E1C7FA}.Release|x64.Build.0 = Release|Any CPU
		{220998A2-0446-475A-8BB1-4CD821E1C7FA}.Release|x86.ActiveCfg = Release|Any CPU
		{220998A2-0446-475A-8BB1-4CD821E1C7FA}.Release|x86.Build.0 = Release|Any CPU
		{CD4A8932-8094-456E-A708-0FD9C747897E}.Debug|Any CPU.ActiveCfg = Debug|Any CPU
		{CD4A8932-8094-456E-A708-0FD9C747897E}.Debug|Any CPU.Build.0 = Debug|Any CPU
		{CD4A8932-8094-456E-A708-0FD9C747897E}.Debug|x64.ActiveCfg = Debug|Any CPU
		{CD4A8932-8094-456E-A708-0FD9C747897E}.Debug|x64.Build.0 = Debug|Any CPU
		{CD4A8932-8094-456E-A708-0FD9C747897E}.Debug|x86.ActiveCfg = Debug|Any CPU
		{CD4A8932-8094-456E-A708-0FD9C747897E}.Debug|x86.Build.0 = Debug|Any CPU
		{CD4A8932-8094-456E-A708-0FD9C747897E}.Release|Any CPU.ActiveCfg = Release|Any CPU
		{CD4A8932-8094-456E-A708-0FD9C747897E}.Release|Any CPU.Build.0 = Release|Any CPU
		{CD4A8932-8094-456E-A708-0FD9C747897E}.Release|x64.ActiveCfg = Release|Any CPU
		{CD4A8932-8094-456E-A708-0FD9C747897E}.Release|x64.Build.0 = Release|Any CPU
		{CD4A8932-8094-456E-A708-0FD9C747897E}.Release|x86.ActiveCfg = Release|Any CPU
		{CD4A8932-8094-456E-A708-0FD9C747897E}.Release|x86.Build.0 = Release|Any CPU
		{274F1D03-2001-4D65-839C-699F85EF6B97}.Debug|Any CPU.ActiveCfg = Debug|Any CPU
		{274F1D03-2001-4D65-839C-699F85EF6B97}.Debug|Any CPU.Build.0 = Debug|Any CPU
		{274F1D03-2001-4D65-839C-699F85EF6B97}.Debug|x64.ActiveCfg = Debug|Any CPU
		{274F1D03-2001-4D65-839C-699F85EF6B97}.Debug|x64.Build.0 = Debug|Any CPU
		{274F1D03-2001-4D65-839C-699F85EF6B97}.Debug|x86.ActiveCfg = Debug|Any CPU
		{274F1D03-2001-4D65-839C-699F85EF6B97}.Debug|x86.Build.0 = Debug|Any CPU
		{274F1D03-2001-4D65-839C-699F85EF6B97}.Release|Any CPU.ActiveCfg = Release|Any CPU
		{274F1D03-2001-4D65-839C-699F85EF6B97}.Release|Any CPU.Build.0 = Release|Any CPU
		{274F1D03-2001-4D65-839C-699F85EF6B97}.Release|x64.ActiveCfg = Release|Any CPU
		{274F1D03-2001-4D65-839C-699F85EF6B97}.Release|x64.Build.0 = Release|Any CPU
		{274F1D03-2001-4D65-839C-699F85EF6B97}.Release|x86.ActiveCfg = Release|Any CPU
		{274F1D03-2001-4D65-839C-699F85EF6B97}.Release|x86.Build.0 = Release|Any CPU
	EndGlobalSection
	GlobalSection(SolutionProperties) = preSolution
		HideSolutionNode = FALSE
	EndGlobalSection
	GlobalSection(NestedProjects) = preSolution
		{02EA681E-C7D8-13C7-8484-4AC65E1B71E8} = {8A51F964-002C-4A50-B47F-66440EFC3EE6}
		{0FBD2C2B-F59F-4A59-9B65-C4812C659551} = {8A51F964-002C-4A50-B47F-66440EFC3EE6}
		{13BAAEEE-C831-BA7D-6A7D-CD191F21B13B} = {0FBD2C2B-F59F-4A59-9B65-C4812C659551}
		{3019E33E-9F3B-C26B-F990-19D6A7DCBBE1} = {0FBD2C2B-F59F-4A59-9B65-C4812C659551}
		{3E3D1476-B40E-9065-EB3B-0B2F70A5A3AA} = {0FBD2C2B-F59F-4A59-9B65-C4812C659551}
		{29E56B9D-A30D-5F9A-ACA3-F90F35E91D53} = {02EA681E-C7D8-13C7-8484-4AC65E1B71E8}
		{C73C8822-8FE8-4C65-803A-2D283B46F324} = {8A51F964-002C-4A50-B47F-66440EFC3EE6}
		{6CF4B562-D292-DCFC-AE01-8AF221143915} = {471029B9-4767-42FD-BF16-9BD2A75AB52B}
		{234ECAA3-C8DD-D378-1F14-5E497F3CDAA2} = {471029B9-4767-42FD-BF16-9BD2A75AB52B}
		{9079EDFA-BA40-C3E5-8ED4-80DB23919D8D} = {471029B9-4767-42FD-BF16-9BD2A75AB52B}
		{D146BBA9-8F2F-BD10-0AB2-4F05A7B85FF7} = {471029B9-4767-42FD-BF16-9BD2A75AB52B}
		{471029B9-4767-42FD-BF16-9BD2A75AB52B} = {C73C8822-8FE8-4C65-803A-2D283B46F324}
		{FE7731F6-35FA-8245-4914-40922FB9E55B} = {0FBD2C2B-F59F-4A59-9B65-C4812C659551}
		{5EE16A95-61EF-4ED1-A4CB-73A05C401655} = {C73C8822-8FE8-4C65-803A-2D283B46F324}
		{B7A04B6B-C0F4-4989-BBF8-4CA98997C329} = {5EE16A95-61EF-4ED1-A4CB-73A05C401655}
		{99AFFD99-DEA9-4052-BAAF-23B31D19B336} = {5EE16A95-61EF-4ED1-A4CB-73A05C401655}
		{7C3C7239-9FAD-423A-BDB5-1F8C4BA169A6} = {5EE16A95-61EF-4ED1-A4CB-73A05C401655}
		{8F910053-B5EC-4FE8-868A-F7EC9B69A27F} = {5EE16A95-61EF-4ED1-A4CB-73A05C401655}
		{9C376DBB-0F4D-4F31-936B-6065F417DF68} = {5EE16A95-61EF-4ED1-A4CB-73A05C401655}
		{C22F728A-7607-2DDA-7834-4BEA65522458} = {5EE16A95-61EF-4ED1-A4CB-73A05C401655}
		{E781282A-4C18-479C-880B-68AD479996AF} = {5EE16A95-61EF-4ED1-A4CB-73A05C401655}
		{7ADB2DAC-D76E-4AAC-8696-D6DFEE69C3FF} = {E781282A-4C18-479C-880B-68AD479996AF}
		{E7E34481-0738-413E-A479-F396C47136B6} = {E781282A-4C18-479C-880B-68AD479996AF}
		{220998A2-0446-475A-8BB1-4CD821E1C7FA} = {E781282A-4C18-479C-880B-68AD479996AF}
		{CD4A8932-8094-456E-A708-0FD9C747897E} = {E781282A-4C18-479C-880B-68AD479996AF}
		{274F1D03-2001-4D65-839C-699F85EF6B97} = {E781282A-4C18-479C-880B-68AD479996AF}
	EndGlobalSection
	GlobalSection(ExtensibilityGlobals) = postSolution
		SolutionGuid = {211C7E79-0242-4D74-8098-0AFD07A77637}
	EndGlobalSection
EndGlobal
