
Microsoft Visual Studio Solution File, Format Version 12.00
# Visual Studio Version 17
VisualStudioVersion = 17.14.36623.8
MinimumVisualStudioVersion = 10.0.40219.1
Project("{2150E333-8FDC-42A3-9474-1A3956D46DE8}") = "Api", "Api", "{02EA681E-C7D8-13C7-8484-4AC65E1B71E8}"
EndProject
Project("{2150E333-8FDC-42A3-9474-1A3956D46DE8}") = "Shared", "Shared", "{0FBD2C2B-F59F-4A59-9B65-C4812C659551}"
EndProject
Project("{FAE04EC0-301F-11D3-BF4B-00C04F79EFBC}") = "Shared.Api", "Shared\Shared.Api\Shared.Api.csproj", "{13BAAEEE-C831-BA7D-6A7D-CD191F21B13B}"
EndProject
Project("{FAE04EC0-301F-11D3-BF4B-00C04F79EFBC}") = "Shared.Domain", "Shared\Shared.Domain\Shared.Domain.csproj", "{3019E33E-9F3B-C26B-F990-19D6A7DCBBE1}"
EndProject
Project("{FAE04EC0-301F-11D3-BF4B-00C04F79EFBC}") = "Shared.Infrastructure", "Shared\Shared.Infrastructure\Shared.Infrastructure.csproj", "{3E3D1476-B40E-9065-EB3B-0B2F70A5A3AA}"
EndProject
Project("{2150E333-8FDC-42A3-9474-1A3956D46DE8}") = "Backend", "Backend", "{8A51F964-002C-4A50-B47F-66440EFC3EE6}"
EndProject
Project("{2150E333-8FDC-42A3-9474-1A3956D46DE8}") = "Modules", "Modules", "{C73C8822-8FE8-4C65-803A-2D283B46F324}"
EndProject
Project("{FAE04EC0-301F-11D3-BF4B-00C04F79EFBC}") = "Users.Api", "Modules\Users\Users.Api\Users.Api.csproj", "{6CF4B562-D292-DCFC-AE01-8AF221143915}"
EndProject
Project("{FAE04EC0-301F-11D3-BF4B-00C04F79EFBC}") = "Users.Application", "Modules\Users\Users.Application\Users.Application.csproj", "{234ECAA3-C8DD-D378-1F14-5E497F3CDAA2}"
EndProject
Project("{FAE04EC0-301F-11D3-BF4B-00C04F79EFBC}") = "Users.Domain", "Modules\Users\Users.Domain\Users.Domain.csproj", "{9079EDFA-BA40-C3E5-8ED4-80DB23919D8D}"
EndProject
Project("{FAE04EC0-301F-11D3-BF4B-00C04F79EFBC}") = "Users.Infrastructure", "Modules\Users\Users.Infrastructure\Users.Infrastructure.csproj", "{D146BBA9-8F2F-BD10-0AB2-4F05A7B85FF7}"
EndProject
Project("{2150E333-8FDC-42A3-9474-1A3956D46DE8}") = "Users", "Users", "{471029B9-4767-42FD-BF16-9BD2A75AB52B}"
EndProject
Project("{FAE04EC0-301F-11D3-BF4B-00C04F79EFBC}") = "Shared.Application", "Shared\Shared.Application\Shared.Application.csproj", "{FE7731F6-35FA-8245-4914-40922FB9E55B}"
EndProject
Project("{E53339B2-1760-4266-BCC7-CA923CBCF16C}") = "docker-compose", "docker-compose.dcproj", "{81DDED9D-158B-E303-5F62-77A2896D2A5A}"
EndProject
Project("{2150E333-8FDC-42A3-9474-1A3956D46DE8}") = "Events", "Events", "{AABA7EF1-5E6F-4584-B8F4-7BC497EECD86}"
EndProject
Project("{FAE04EC0-301F-11D3-BF4B-00C04F79EFBC}") = "Events.Domain", "Modules\Events\Events.Domain\Events.Domain.csproj", "{8EA86A41-9DB3-43EB-8C83-DA7259DE1EAD}"
EndProject
Project("{FAE04EC0-301F-11D3-BF4B-00C04F79EFBC}") = "Events.Infrastructure", "Modules\Events\Events.Infrastructure\Events.Infrastructure.csproj", "{A7B512A4-B609-40B4-8F46-040E97289F75}"
EndProject
Project("{FAE04EC0-301F-11D3-BF4B-00C04F79EFBC}") = "Events.Application", "Modules\Events\Events.Application\Events.Application.csproj", "{305226D1-47C0-482A-80B6-EC3AB9535A62}"
EndProject
Project("{FAE04EC0-301F-11D3-BF4B-00C04F79EFBC}") = "Events.Api", "Modules\Events\Events.Api\Events.Api.csproj", "{9C7874FD-729B-4FFF-ABCE-62CDCCA34EDD}"
EndProject
Project("{FAE04EC0-301F-11D3-BF4B-00C04F79EFBC}") = "Events.IntegrationEvents", "Modules\Events\Events.IntegrationEvents\Events.IntegrationEvents.csproj", "{01DFBE78-2577-4F55-B361-FAAC48DFA7B0}"
EndProject
Project("{FAE04EC0-301F-11D3-BF4B-00C04F79EFBC}") = "Events.PublicApi", "Modules\Events\Events.PublicApi\Events.PublicApi.csproj", "{4D601963-D066-4C00-8C7B-36CC7843935C}"
EndProject
Project("{2150E333-8FDC-42A3-9474-1A3956D46DE8}") = "AI", "AI", "{5B8FA00D-5E3A-BB28-DB01-D34B71841EAC}"
EndProject
Project("{FAE04EC0-301F-11D3-BF4B-00C04F79EFBC}") = "AI.Api", "Modules\AI\AI.Api\AI.Api.csproj", "{D58C3BB4-8DAE-42D7-8924-49E11574DD43}"
EndProject
Project("{FAE04EC0-301F-11D3-BF4B-00C04F79EFBC}") = "AI.Application", "Modules\AI\AI.Application\AI.Application.csproj", "{84F60C7C-51D8-4FAE-8C53-C52A91EA8A03}"
EndProject
Project("{FAE04EC0-301F-11D3-BF4B-00C04F79EFBC}") = "AI.Domain", "Modules\AI\AI.Domain\AI.Domain.csproj", "{019611D2-7FDB-4853-9A57-8086A9CD64F0}"
EndProject
Project("{FAE04EC0-301F-11D3-BF4B-00C04F79EFBC}") = "AI.Infrastructure", "Modules\AI\AI.Infrastructure\AI.Infrastructure.csproj", "{D906DD04-3C52-43ED-A992-621859FDB900}"
EndProject
Project("{FAE04EC0-301F-11D3-BF4B-00C04F79EFBC}") = "AI.IntegrationEvents", "Modules\AI\AI.IntegrationEvents\AI.IntegrationEvents.csproj", "{DBB28C10-BB02-4B6C-A9FD-8E50AE85C8AC}"
EndProject
Project("{FAE04EC0-301F-11D3-BF4B-00C04F79EFBC}") = "Api", "Api\Api\Api.csproj", "{29E56B9D-A30D-5F9A-ACA3-F90F35E91D53}"
EndProject
Project("{FAE04EC0-301F-11D3-BF4B-00C04F79EFBC}") = "AI.PublicApi", "Modules\AI\AI.PublicApi\AI.PublicApi.csproj", "{F193ECA2-4926-8C74-5B25-4BFDF47C622C}"
EndProject
Project("{FAE04EC0-301F-11D3-BF4B-00C04F79EFBC}") = "Users.IntegrationEvents", "Modules\Users\Users.IntegrationEvents\Users.IntegrationEvents.csproj", "{E9F4C992-E6E0-3020-14B3-D49E3D047684}"
EndProject
Project("{FAE04EC0-301F-11D3-BF4B-00C04F79EFBC}") = "Users.PublicApi", "Modules\Users\Users.PublicApi\Users.PublicApi.csproj", "{201C05DD-D35E-EC89-C9E2-0B32823C07AA}"
EndProject
Project("{2150E333-8FDC-42A3-9474-1A3956D46DE8}") = "Payment", "Payment", "{5B3A39BA-155F-4860-1F7D-9A3CD2EFF833}"
EndProject
Project("{FAE04EC0-301F-11D3-BF4B-00C04F79EFBC}") = "Payment.Api", "Modules\Payment\Payment.Api\Payment.Api.csproj", "{1D0EEEE6-E0D0-4EA7-AC78-F4D8A47ADA0E}"
EndProject
Project("{FAE04EC0-301F-11D3-BF4B-00C04F79EFBC}") = "Payment.Application", "Modules\Payment\Payment.Application\Payment.Application.csproj", "{F19B679E-8CC5-4E95-BE8D-3A3F2F9F8068}"
EndProject
Project("{FAE04EC0-301F-11D3-BF4B-00C04F79EFBC}") = "Payment.Domain", "Modules\Payment\Payment.Domain\Payment.Domain.csproj", "{3B0C0EEF-65C2-4C99-B3F6-59B674860FF0}"
EndProject
Project("{FAE04EC0-301F-11D3-BF4B-00C04F79EFBC}") = "Payment.Infrastructure", "Modules\Payment\Payment.Infrastructure\Payment.Infrastructure.csproj", "{D4C81621-C50E-4882-9EB0-B2181F3411B6}"
EndProject
Project("{FAE04EC0-301F-11D3-BF4B-00C04F79EFBC}") = "Payment.IntegrationEvents", "Modules\Payment\Payment.IntegrationEvents\Payment.IntegrationEvents.csproj", "{6B49E1BA-8D12-42D7-ACF8-F2376373D44B}"
EndProject
Project("{FAE04EC0-301F-11D3-BF4B-00C04F79EFBC}") = "Payment.PublicApi", "Modules\Payment\Payment.PublicApi\Payment.PublicApi.csproj", "{159A3EA0-3312-444F-8A74-71F4D3A57439}"
EndProject
Project("{2150E333-8FDC-42A3-9474-1A3956D46DE8}") = "Notifications", "Notifications", "{88806C1D-B3C4-4F55-AE14-B24011152D56}"
EndProject
Project("{FAE04EC0-301F-11D3-BF4B-00C04F79EFBC}") = "Notifications.Application", "Modules\Notifications\Notifications.Application\Notifications.Application.csproj", "{1A98137B-410E-47CE-AE3C-A9AD6FEA78C4}"
EndProject
Project("{FAE04EC0-301F-11D3-BF4B-00C04F79EFBC}") = "Notifications.Infrastructure", "Modules\Notifications\Notifications.Infrastructure\Notifications.Infrastructure.csproj", "{FF8ABC41-8CC7-434A-A479-740BC1B27029}"
EndProject
Project("{2150E333-8FDC-42A3-9474-1A3956D46DE8}") = "Ticketing", "Ticketing", "{1528AF84-7C1F-46D5-9CD0-1FAFC16F60BB}"
EndProject
Project("{FAE04EC0-301F-11D3-BF4B-00C04F79EFBC}") = "Ticketing.Api", "Modules\Ticketing\Ticketing.Api\Ticketing.Api.csproj", "{6E8E27F3-7721-4A33-95CA-E78C4BA07F29}"
EndProject
Project("{FAE04EC0-301F-11D3-BF4B-00C04F79EFBC}") = "Ticketing.Application", "Modules\Ticketing\Ticketing.Application\Ticketing.Application.csproj", "{3B1AA62F-E64F-4BE0-8B53-B5EA04435FA4}"
EndProject
Project("{FAE04EC0-301F-11D3-BF4B-00C04F79EFBC}") = "Ticketing.Infrastructure", "Modules\Ticketing\Ticketing.Infrastructure\Ticketing.Infrastructure.csproj", "{EBF748A0-5607-469E-AA98-AAA56D29E620}"
EndProject
Project("{FAE04EC0-301F-11D3-BF4B-00C04F79EFBC}") = "Ticketing.Domain", "Modules\Ticketing\Ticketing.Domain\Ticketing.Domain.csproj", "{11FCDC28-812F-4F0A-AA3D-DD897C3C6CA1}"
EndProject
Project("{2150E333-8FDC-42A3-9474-1A3956D46DE8}") = "Solution Items", "Solution Items", "{8EC462FD-D22E-90A8-E5CE-7E832BA40C5D}"
EndProject
Project("{FAE04EC0-301F-11D3-BF4B-00C04F79EFBC}") = "Ticketing.PublicApi", "Modules\Ticketing\Ticketing.PublicApi\Ticketing.PublicApi.csproj", "{B3216463-5AAE-4B2C-B338-119B124DC201}"
EndProject
Project("{FAE04EC0-301F-11D3-BF4B-00C04F79EFBC}") = "Ticketing.IntegrationEvents", "Modules\Ticketing\Ticketing.IntegrationEvents\Ticketing.IntegrationEvents.csproj", "{F469D575-81CF-4B63-A305-ADD16C197159}"
EndProject
Project("{FAE04EC0-301F-11D3-BF4B-00C04F79EFBC}") = "Notifications.Domain", "Modules\Notifications\Notifications.Domain\Notifications.Domain.csproj", "{86968C7F-FB51-4AE9-B7E8-C6099796AD35}"
EndProject
Project("{2150E333-8FDC-42A3-9474-1A3956D46DE8}") = "Reports", "Reports", "{7B70CAC0-5303-49DA-991E-F96AD32DF9B0}"
EndProject
Project("{FAE04EC0-301F-11D3-BF4B-00C04F79EFBC}") = "Reports.Domain", "Modules\Reports\Reports.Domain\Reports.Domain.csproj", "{C22F7EAD-3286-4592-84FC-070510A1D330}"
EndProject
Project("{FAE04EC0-301F-11D3-BF4B-00C04F79EFBC}") = "Reports.Application", "Modules\Reports\Reports.Application\Reports.Application.csproj", "{84EE31DE-87AD-4405-BC56-F1052506E5F9}"
EndProject
Project("{FAE04EC0-301F-11D3-BF4B-00C04F79EFBC}") = "Reports.Api", "Modules\Reports\Reports.Api\Reports.Api.csproj", "{9400A118-4345-43B4-B4CD-AE429BE8B271}"
EndProject
Project("{2150E333-8FDC-42A3-9474-1A3956D46DE8}") = "Tests", "Tests", "{9DC77C1F-E1C4-4D46-4C40-8FCF61162BCA}"
EndProject
Project("{FAE04EC0-301F-11D3-BF4B-00C04F79EFBC}") = "Users.Api.Tests", "Modules\Users\Tests\Users.Api.Tests\Users.Api.Tests.csproj", "{B4D02467-50DA-4836-B28D-B51ACB73B177}"
EndProject
Project("{FAE04EC0-301F-11D3-BF4B-00C04F79EFBC}") = "Users.Application.Tests", "Modules\Users\Tests\Users.Application.Tests\Users.Application.Tests.csproj", "{B124A6D4-D324-4F7F-8BB3-2612679AA135}"
EndProject
Project("{2150E333-8FDC-42A3-9474-1A3956D46DE8}") = "N8N", "N8N", "{4F0C2B5A-BBA8-4A03-8788-9F4BC43B0B79}"
	ProjectSection(SolutionItems) = preProject
		N8N\n8n.json = N8N\n8n.json
	EndProjectSection
EndProject
Global
	GlobalSection(SolutionConfigurationPlatforms) = preSolution
		Debug|Any CPU = Debug|Any CPU
		Debug|x64 = Debug|x64
		Debug|x86 = Debug|x86
		Release|Any CPU = Release|Any CPU
		Release|x64 = Release|x64
		Release|x86 = Release|x86
	EndGlobalSection
	GlobalSection(ProjectConfigurationPlatforms) = postSolution
		{13BAAEEE-C831-BA7D-6A7D-CD191F21B13B}.Debug|Any CPU.ActiveCfg = Debug|Any CPU
		{13BAAEEE-C831-BA7D-6A7D-CD191F21B13B}.Debug|Any CPU.Build.0 = Debug|Any CPU
		{13BAAEEE-C831-BA7D-6A7D-CD191F21B13B}.Debug|x64.ActiveCfg = Debug|Any CPU
		{13BAAEEE-C831-BA7D-6A7D-CD191F21B13B}.Debug|x64.Build.0 = Debug|Any CPU
		{13BAAEEE-C831-BA7D-6A7D-CD191F21B13B}.Debug|x86.ActiveCfg = Debug|Any CPU
		{13BAAEEE-C831-BA7D-6A7D-CD191F21B13B}.Debug|x86.Build.0 = Debug|Any CPU
		{13BAAEEE-C831-BA7D-6A7D-CD191F21B13B}.Release|Any CPU.ActiveCfg = Release|Any CPU
		{13BAAEEE-C831-BA7D-6A7D-CD191F21B13B}.Release|Any CPU.Build.0 = Release|Any CPU
		{13BAAEEE-C831-BA7D-6A7D-CD191F21B13B}.Release|x64.ActiveCfg = Release|Any CPU
		{13BAAEEE-C831-BA7D-6A7D-CD191F21B13B}.Release|x64.Build.0 = Release|Any CPU
		{13BAAEEE-C831-BA7D-6A7D-CD191F21B13B}.Release|x86.ActiveCfg = Release|Any CPU
		{13BAAEEE-C831-BA7D-6A7D-CD191F21B13B}.Release|x86.Build.0 = Release|Any CPU
		{3019E33E-9F3B-C26B-F990-19D6A7DCBBE1}.Debug|Any CPU.ActiveCfg = Debug|Any CPU
		{3019E33E-9F3B-C26B-F990-19D6A7DCBBE1}.Debug|Any CPU.Build.0 = Debug|Any CPU
		{3019E33E-9F3B-C26B-F990-19D6A7DCBBE1}.Debug|x64.ActiveCfg = Debug|Any CPU
		{3019E33E-9F3B-C26B-F990-19D6A7DCBBE1}.Debug|x64.Build.0 = Debug|Any CPU
		{3019E33E-9F3B-C26B-F990-19D6A7DCBBE1}.Debug|x86.ActiveCfg = Debug|Any CPU
		{3019E33E-9F3B-C26B-F990-19D6A7DCBBE1}.Debug|x86.Build.0 = Debug|Any CPU
		{3019E33E-9F3B-C26B-F990-19D6A7DCBBE1}.Release|Any CPU.ActiveCfg = Release|Any CPU
		{3019E33E-9F3B-C26B-F990-19D6A7DCBBE1}.Release|Any CPU.Build.0 = Release|Any CPU
		{3019E33E-9F3B-C26B-F990-19D6A7DCBBE1}.Release|x64.ActiveCfg = Release|Any CPU
		{3019E33E-9F3B-C26B-F990-19D6A7DCBBE1}.Release|x64.Build.0 = Release|Any CPU
		{3019E33E-9F3B-C26B-F990-19D6A7DCBBE1}.Release|x86.ActiveCfg = Release|Any CPU
		{3019E33E-9F3B-C26B-F990-19D6A7DCBBE1}.Release|x86.Build.0 = Release|Any CPU
		{3E3D1476-B40E-9065-EB3B-0B2F70A5A3AA}.Debug|Any CPU.ActiveCfg = Debug|Any CPU
		{3E3D1476-B40E-9065-EB3B-0B2F70A5A3AA}.Debug|Any CPU.Build.0 = Debug|Any CPU
		{3E3D1476-B40E-9065-EB3B-0B2F70A5A3AA}.Debug|x64.ActiveCfg = Debug|Any CPU
		{3E3D1476-B40E-9065-EB3B-0B2F70A5A3AA}.Debug|x64.Build.0 = Debug|Any CPU
		{3E3D1476-B40E-9065-EB3B-0B2F70A5A3AA}.Debug|x86.ActiveCfg = Debug|Any CPU
		{3E3D1476-B40E-9065-EB3B-0B2F70A5A3AA}.Debug|x86.Build.0 = Debug|Any CPU
		{3E3D1476-B40E-9065-EB3B-0B2F70A5A3AA}.Release|Any CPU.ActiveCfg = Release|Any CPU
		{3E3D1476-B40E-9065-EB3B-0B2F70A5A3AA}.Release|Any CPU.Build.0 = Release|Any CPU
		{3E3D1476-B40E-9065-EB3B-0B2F70A5A3AA}.Release|x64.ActiveCfg = Release|Any CPU
		{3E3D1476-B40E-9065-EB3B-0B2F70A5A3AA}.Release|x64.Build.0 = Release|Any CPU
		{3E3D1476-B40E-9065-EB3B-0B2F70A5A3AA}.Release|x86.ActiveCfg = Release|Any CPU
		{3E3D1476-B40E-9065-EB3B-0B2F70A5A3AA}.Release|x86.Build.0 = Release|Any CPU
		{6CF4B562-D292-DCFC-AE01-8AF221143915}.Debug|Any CPU.ActiveCfg = Debug|Any CPU
		{6CF4B562-D292-DCFC-AE01-8AF221143915}.Debug|Any CPU.Build.0 = Debug|Any CPU
		{6CF4B562-D292-DCFC-AE01-8AF221143915}.Debug|x64.ActiveCfg = Debug|Any CPU
		{6CF4B562-D292-DCFC-AE01-8AF221143915}.Debug|x64.Build.0 = Debug|Any CPU
		{6CF4B562-D292-DCFC-AE01-8AF221143915}.Debug|x86.ActiveCfg = Debug|Any CPU
		{6CF4B562-D292-DCFC-AE01-8AF221143915}.Debug|x86.Build.0 = Debug|Any CPU
		{6CF4B562-D292-DCFC-AE01-8AF221143915}.Release|Any CPU.ActiveCfg = Release|Any CPU
		{6CF4B562-D292-DCFC-AE01-8AF221143915}.Release|Any CPU.Build.0 = Release|Any CPU
		{6CF4B562-D292-DCFC-AE01-8AF221143915}.Release|x64.ActiveCfg = Release|Any CPU
		{6CF4B562-D292-DCFC-AE01-8AF221143915}.Release|x64.Build.0 = Release|Any CPU
		{6CF4B562-D292-DCFC-AE01-8AF221143915}.Release|x86.ActiveCfg = Release|Any CPU
		{6CF4B562-D292-DCFC-AE01-8AF221143915}.Release|x86.Build.0 = Release|Any CPU
		{234ECAA3-C8DD-D378-1F14-5E497F3CDAA2}.Debug|Any CPU.ActiveCfg = Debug|Any CPU
		{234ECAA3-C8DD-D378-1F14-5E497F3CDAA2}.Debug|Any CPU.Build.0 = Debug|Any CPU
		{234ECAA3-C8DD-D378-1F14-5E497F3CDAA2}.Debug|x64.ActiveCfg = Debug|Any CPU
		{234ECAA3-C8DD-D378-1F14-5E497F3CDAA2}.Debug|x64.Build.0 = Debug|Any CPU
		{234ECAA3-C8DD-D378-1F14-5E497F3CDAA2}.Debug|x86.ActiveCfg = Debug|Any CPU
		{234ECAA3-C8DD-D378-1F14-5E497F3CDAA2}.Debug|x86.Build.0 = Debug|Any CPU
		{234ECAA3-C8DD-D378-1F14-5E497F3CDAA2}.Release|Any CPU.ActiveCfg = Release|Any CPU
		{234ECAA3-C8DD-D378-1F14-5E497F3CDAA2}.Release|Any CPU.Build.0 = Release|Any CPU
		{234ECAA3-C8DD-D378-1F14-5E497F3CDAA2}.Release|x64.ActiveCfg = Release|Any CPU
		{234ECAA3-C8DD-D378-1F14-5E497F3CDAA2}.Release|x64.Build.0 = Release|Any CPU
		{234ECAA3-C8DD-D378-1F14-5E497F3CDAA2}.Release|x86.ActiveCfg = Release|Any CPU
		{234ECAA3-C8DD-D378-1F14-5E497F3CDAA2}.Release|x86.Build.0 = Release|Any CPU
		{9079EDFA-BA40-C3E5-8ED4-80DB23919D8D}.Debug|Any CPU.ActiveCfg = Debug|Any CPU
		{9079EDFA-BA40-C3E5-8ED4-80DB23919D8D}.Debug|Any CPU.Build.0 = Debug|Any CPU
		{9079EDFA-BA40-C3E5-8ED4-80DB23919D8D}.Debug|x64.ActiveCfg = Debug|Any CPU
		{9079EDFA-BA40-C3E5-8ED4-80DB23919D8D}.Debug|x64.Build.0 = Debug|Any CPU
		{9079EDFA-BA40-C3E5-8ED4-80DB23919D8D}.Debug|x86.ActiveCfg = Debug|Any CPU
		{9079EDFA-BA40-C3E5-8ED4-80DB23919D8D}.Debug|x86.Build.0 = Debug|Any CPU
		{9079EDFA-BA40-C3E5-8ED4-80DB23919D8D}.Release|Any CPU.ActiveCfg = Release|Any CPU
		{9079EDFA-BA40-C3E5-8ED4-80DB23919D8D}.Release|Any CPU.Build.0 = Release|Any CPU
		{9079EDFA-BA40-C3E5-8ED4-80DB23919D8D}.Release|x64.ActiveCfg = Release|Any CPU
		{9079EDFA-BA40-C3E5-8ED4-80DB23919D8D}.Release|x64.Build.0 = Release|Any CPU
		{9079EDFA-BA40-C3E5-8ED4-80DB23919D8D}.Release|x86.ActiveCfg = Release|Any CPU
		{9079EDFA-BA40-C3E5-8ED4-80DB23919D8D}.Release|x86.Build.0 = Release|Any CPU
		{D146BBA9-8F2F-BD10-0AB2-4F05A7B85FF7}.Debug|Any CPU.ActiveCfg = Debug|Any CPU
		{D146BBA9-8F2F-BD10-0AB2-4F05A7B85FF7}.Debug|Any CPU.Build.0 = Debug|Any CPU
		{D146BBA9-8F2F-BD10-0AB2-4F05A7B85FF7}.Debug|x64.ActiveCfg = Debug|Any CPU
		{D146BBA9-8F2F-BD10-0AB2-4F05A7B85FF7}.Debug|x64.Build.0 = Debug|Any CPU
		{D146BBA9-8F2F-BD10-0AB2-4F05A7B85FF7}.Debug|x86.ActiveCfg = Debug|Any CPU
		{D146BBA9-8F2F-BD10-0AB2-4F05A7B85FF7}.Debug|x86.Build.0 = Debug|Any CPU
		{D146BBA9-8F2F-BD10-0AB2-4F05A7B85FF7}.Release|Any CPU.ActiveCfg = Release|Any CPU
		{D146BBA9-8F2F-BD10-0AB2-4F05A7B85FF7}.Release|Any CPU.Build.0 = Release|Any CPU
		{D146BBA9-8F2F-BD10-0AB2-4F05A7B85FF7}.Release|x64.ActiveCfg = Release|Any CPU
		{D146BBA9-8F2F-BD10-0AB2-4F05A7B85FF7}.Release|x64.Build.0 = Release|Any CPU
		{D146BBA9-8F2F-BD10-0AB2-4F05A7B85FF7}.Release|x86.ActiveCfg = Release|Any CPU
		{D146BBA9-8F2F-BD10-0AB2-4F05A7B85FF7}.Release|x86.Build.0 = Release|Any CPU
		{FE7731F6-35FA-8245-4914-40922FB9E55B}.Debug|Any CPU.ActiveCfg = Debug|Any CPU
		{FE7731F6-35FA-8245-4914-40922FB9E55B}.Debug|Any CPU.Build.0 = Debug|Any CPU
		{FE7731F6-35FA-8245-4914-40922FB9E55B}.Debug|x64.ActiveCfg = Debug|Any CPU
		{FE7731F6-35FA-8245-4914-40922FB9E55B}.Debug|x64.Build.0 = Debug|Any CPU
		{FE7731F6-35FA-8245-4914-40922FB9E55B}.Debug|x86.ActiveCfg = Debug|Any CPU
		{FE7731F6-35FA-8245-4914-40922FB9E55B}.Debug|x86.Build.0 = Debug|Any CPU
		{FE7731F6-35FA-8245-4914-40922FB9E55B}.Release|Any CPU.ActiveCfg = Release|Any CPU
		{FE7731F6-35FA-8245-4914-40922FB9E55B}.Release|Any CPU.Build.0 = Release|Any CPU
		{FE7731F6-35FA-8245-4914-40922FB9E55B}.Release|x64.ActiveCfg = Release|Any CPU
		{FE7731F6-35FA-8245-4914-40922FB9E55B}.Release|x64.Build.0 = Release|Any CPU
		{FE7731F6-35FA-8245-4914-40922FB9E55B}.Release|x86.ActiveCfg = Release|Any CPU
		{FE7731F6-35FA-8245-4914-40922FB9E55B}.Release|x86.Build.0 = Release|Any CPU
		{81DDED9D-158B-E303-5F62-77A2896D2A5A}.Debug|Any CPU.ActiveCfg = Debug|Any CPU
		{81DDED9D-158B-E303-5F62-77A2896D2A5A}.Debug|Any CPU.Build.0 = Debug|Any CPU
		{81DDED9D-158B-E303-5F62-77A2896D2A5A}.Debug|x64.ActiveCfg = Debug|Any CPU
		{81DDED9D-158B-E303-5F62-77A2896D2A5A}.Debug|x64.Build.0 = Debug|Any CPU
		{81DDED9D-158B-E303-5F62-77A2896D2A5A}.Debug|x86.ActiveCfg = Debug|Any CPU
		{81DDED9D-158B-E303-5F62-77A2896D2A5A}.Debug|x86.Build.0 = Debug|Any CPU
		{81DDED9D-158B-E303-5F62-77A2896D2A5A}.Release|Any CPU.ActiveCfg = Release|Any CPU
		{81DDED9D-158B-E303-5F62-77A2896D2A5A}.Release|Any CPU.Build.0 = Release|Any CPU
		{81DDED9D-158B-E303-5F62-77A2896D2A5A}.Release|x64.ActiveCfg = Release|Any CPU
		{81DDED9D-158B-E303-5F62-77A2896D2A5A}.Release|x64.Build.0 = Release|Any CPU
		{81DDED9D-158B-E303-5F62-77A2896D2A5A}.Release|x86.ActiveCfg = Release|Any CPU
		{81DDED9D-158B-E303-5F62-77A2896D2A5A}.Release|x86.Build.0 = Release|Any CPU
		{8EA86A41-9DB3-43EB-8C83-DA7259DE1EAD}.Debug|Any CPU.ActiveCfg = Debug|Any CPU
		{8EA86A41-9DB3-43EB-8C83-DA7259DE1EAD}.Debug|Any CPU.Build.0 = Debug|Any CPU
		{8EA86A41-9DB3-43EB-8C83-DA7259DE1EAD}.Debug|x64.ActiveCfg = Debug|Any CPU
		{8EA86A41-9DB3-43EB-8C83-DA7259DE1EAD}.Debug|x64.Build.0 = Debug|Any CPU
		{8EA86A41-9DB3-43EB-8C83-DA7259DE1EAD}.Debug|x86.ActiveCfg = Debug|Any CPU
		{8EA86A41-9DB3-43EB-8C83-DA7259DE1EAD}.Debug|x86.Build.0 = Debug|Any CPU
		{8EA86A41-9DB3-43EB-8C83-DA7259DE1EAD}.Release|Any CPU.ActiveCfg = Release|Any CPU
		{8EA86A41-9DB3-43EB-8C83-DA7259DE1EAD}.Release|Any CPU.Build.0 = Release|Any CPU
		{8EA86A41-9DB3-43EB-8C83-DA7259DE1EAD}.Release|x64.ActiveCfg = Release|Any CPU
		{8EA86A41-9DB3-43EB-8C83-DA7259DE1EAD}.Release|x64.Build.0 = Release|Any CPU
		{8EA86A41-9DB3-43EB-8C83-DA7259DE1EAD}.Release|x86.ActiveCfg = Release|Any CPU
		{8EA86A41-9DB3-43EB-8C83-DA7259DE1EAD}.Release|x86.Build.0 = Release|Any CPU
		{A7B512A4-B609-40B4-8F46-040E97289F75}.Debug|Any CPU.ActiveCfg = Debug|Any CPU
		{A7B512A4-B609-40B4-8F46-040E97289F75}.Debug|Any CPU.Build.0 = Debug|Any CPU
		{A7B512A4-B609-40B4-8F46-040E97289F75}.Debug|x64.ActiveCfg = Debug|Any CPU
		{A7B512A4-B609-40B4-8F46-040E97289F75}.Debug|x64.Build.0 = Debug|Any CPU
		{A7B512A4-B609-40B4-8F46-040E97289F75}.Debug|x86.ActiveCfg = Debug|Any CPU
		{A7B512A4-B609-40B4-8F46-040E97289F75}.Debug|x86.Build.0 = Debug|Any CPU
		{A7B512A4-B609-40B4-8F46-040E97289F75}.Release|Any CPU.ActiveCfg = Release|Any CPU
		{A7B512A4-B609-40B4-8F46-040E97289F75}.Release|Any CPU.Build.0 = Release|Any CPU
		{A7B512A4-B609-40B4-8F46-040E97289F75}.Release|x64.ActiveCfg = Release|Any CPU
		{A7B512A4-B609-40B4-8F46-040E97289F75}.Release|x64.Build.0 = Release|Any CPU
		{A7B512A4-B609-40B4-8F46-040E97289F75}.Release|x86.ActiveCfg = Release|Any CPU
		{A7B512A4-B609-40B4-8F46-040E97289F75}.Release|x86.Build.0 = Release|Any CPU
		{305226D1-47C0-482A-80B6-EC3AB9535A62}.Debug|Any CPU.ActiveCfg = Debug|Any CPU
		{305226D1-47C0-482A-80B6-EC3AB9535A62}.Debug|Any CPU.Build.0 = Debug|Any CPU
		{305226D1-47C0-482A-80B6-EC3AB9535A62}.Debug|x64.ActiveCfg = Debug|Any CPU
		{305226D1-47C0-482A-80B6-EC3AB9535A62}.Debug|x64.Build.0 = Debug|Any CPU
		{305226D1-47C0-482A-80B6-EC3AB9535A62}.Debug|x86.ActiveCfg = Debug|Any CPU
		{305226D1-47C0-482A-80B6-EC3AB9535A62}.Debug|x86.Build.0 = Debug|Any CPU
		{305226D1-47C0-482A-80B6-EC3AB9535A62}.Release|Any CPU.ActiveCfg = Release|Any CPU
		{305226D1-47C0-482A-80B6-EC3AB9535A62}.Release|Any CPU.Build.0 = Release|Any CPU
		{305226D1-47C0-482A-80B6-EC3AB9535A62}.Release|x64.ActiveCfg = Release|Any CPU
		{305226D1-47C0-482A-80B6-EC3AB9535A62}.Release|x64.Build.0 = Release|Any CPU
		{305226D1-47C0-482A-80B6-EC3AB9535A62}.Release|x86.ActiveCfg = Release|Any CPU
		{305226D1-47C0-482A-80B6-EC3AB9535A62}.Release|x86.Build.0 = Release|Any CPU
		{9C7874FD-729B-4FFF-ABCE-62CDCCA34EDD}.Debug|Any CPU.ActiveCfg = Debug|Any CPU
		{9C7874FD-729B-4FFF-ABCE-62CDCCA34EDD}.Debug|Any CPU.Build.0 = Debug|Any CPU
		{9C7874FD-729B-4FFF-ABCE-62CDCCA34EDD}.Debug|x64.ActiveCfg = Debug|Any CPU
		{9C7874FD-729B-4FFF-ABCE-62CDCCA34EDD}.Debug|x64.Build.0 = Debug|Any CPU
		{9C7874FD-729B-4FFF-ABCE-62CDCCA34EDD}.Debug|x86.ActiveCfg = Debug|Any CPU
		{9C7874FD-729B-4FFF-ABCE-62CDCCA34EDD}.Debug|x86.Build.0 = Debug|Any CPU
		{9C7874FD-729B-4FFF-ABCE-62CDCCA34EDD}.Release|Any CPU.ActiveCfg = Release|Any CPU
		{9C7874FD-729B-4FFF-ABCE-62CDCCA34EDD}.Release|Any CPU.Build.0 = Release|Any CPU
		{9C7874FD-729B-4FFF-ABCE-62CDCCA34EDD}.Release|x64.ActiveCfg = Release|Any CPU
		{9C7874FD-729B-4FFF-ABCE-62CDCCA34EDD}.Release|x64.Build.0 = Release|Any CPU
		{9C7874FD-729B-4FFF-ABCE-62CDCCA34EDD}.Release|x86.ActiveCfg = Release|Any CPU
		{9C7874FD-729B-4FFF-ABCE-62CDCCA34EDD}.Release|x86.Build.0 = Release|Any CPU
		{01DFBE78-2577-4F55-B361-FAAC48DFA7B0}.Debug|Any CPU.ActiveCfg = Debug|Any CPU
		{01DFBE78-2577-4F55-B361-FAAC48DFA7B0}.Debug|Any CPU.Build.0 = Debug|Any CPU
		{01DFBE78-2577-4F55-B361-FAAC48DFA7B0}.Debug|x64.ActiveCfg = Debug|Any CPU
		{01DFBE78-2577-4F55-B361-FAAC48DFA7B0}.Debug|x64.Build.0 = Debug|Any CPU
		{01DFBE78-2577-4F55-B361-FAAC48DFA7B0}.Debug|x86.ActiveCfg = Debug|Any CPU
		{01DFBE78-2577-4F55-B361-FAAC48DFA7B0}.Debug|x86.Build.0 = Debug|Any CPU
		{01DFBE78-2577-4F55-B361-FAAC48DFA7B0}.Release|Any CPU.ActiveCfg = Release|Any CPU
		{01DFBE78-2577-4F55-B361-FAAC48DFA7B0}.Release|Any CPU.Build.0 = Release|Any CPU
		{01DFBE78-2577-4F55-B361-FAAC48DFA7B0}.Release|x64.ActiveCfg = Release|Any CPU
		{01DFBE78-2577-4F55-B361-FAAC48DFA7B0}.Release|x64.Build.0 = Release|Any CPU
		{01DFBE78-2577-4F55-B361-FAAC48DFA7B0}.Release|x86.ActiveCfg = Release|Any CPU
		{01DFBE78-2577-4F55-B361-FAAC48DFA7B0}.Release|x86.Build.0 = Release|Any CPU
		{4D601963-D066-4C00-8C7B-36CC7843935C}.Debug|Any CPU.ActiveCfg = Debug|Any CPU
		{4D601963-D066-4C00-8C7B-36CC7843935C}.Debug|Any CPU.Build.0 = Debug|Any CPU
		{4D601963-D066-4C00-8C7B-36CC7843935C}.Debug|x64.ActiveCfg = Debug|Any CPU
		{4D601963-D066-4C00-8C7B-36CC7843935C}.Debug|x64.Build.0 = Debug|Any CPU
		{4D601963-D066-4C00-8C7B-36CC7843935C}.Debug|x86.ActiveCfg = Debug|Any CPU
		{4D601963-D066-4C00-8C7B-36CC7843935C}.Debug|x86.Build.0 = Debug|Any CPU
		{4D601963-D066-4C00-8C7B-36CC7843935C}.Release|Any CPU.ActiveCfg = Release|Any CPU
		{4D601963-D066-4C00-8C7B-36CC7843935C}.Release|Any CPU.Build.0 = Release|Any CPU
		{4D601963-D066-4C00-8C7B-36CC7843935C}.Release|x64.ActiveCfg = Release|Any CPU
		{4D601963-D066-4C00-8C7B-36CC7843935C}.Release|x64.Build.0 = Release|Any CPU
		{4D601963-D066-4C00-8C7B-36CC7843935C}.Release|x86.ActiveCfg = Release|Any CPU
		{4D601963-D066-4C00-8C7B-36CC7843935C}.Release|x86.Build.0 = Release|Any CPU
		{D58C3BB4-8DAE-42D7-8924-49E11574DD43}.Debug|Any CPU.ActiveCfg = Debug|Any CPU
		{D58C3BB4-8DAE-42D7-8924-49E11574DD43}.Debug|Any CPU.Build.0 = Debug|Any CPU
		{D58C3BB4-8DAE-42D7-8924-49E11574DD43}.Debug|x64.ActiveCfg = Debug|Any CPU
		{D58C3BB4-8DAE-42D7-8924-49E11574DD43}.Debug|x64.Build.0 = Debug|Any CPU
		{D58C3BB4-8DAE-42D7-8924-49E11574DD43}.Debug|x86.ActiveCfg = Debug|Any CPU
		{D58C3BB4-8DAE-42D7-8924-49E11574DD43}.Debug|x86.Build.0 = Debug|Any CPU
		{D58C3BB4-8DAE-42D7-8924-49E11574DD43}.Release|Any CPU.ActiveCfg = Release|Any CPU
		{D58C3BB4-8DAE-42D7-8924-49E11574DD43}.Release|Any CPU.Build.0 = Release|Any CPU
		{D58C3BB4-8DAE-42D7-8924-49E11574DD43}.Release|x64.ActiveCfg = Release|Any CPU
		{D58C3BB4-8DAE-42D7-8924-49E11574DD43}.Release|x64.Build.0 = Release|Any CPU
		{D58C3BB4-8DAE-42D7-8924-49E11574DD43}.Release|x86.ActiveCfg = Release|Any CPU
		{D58C3BB4-8DAE-42D7-8924-49E11574DD43}.Release|x86.Build.0 = Release|Any CPU
		{84F60C7C-51D8-4FAE-8C53-C52A91EA8A03}.Debug|Any CPU.ActiveCfg = Debug|Any CPU
		{84F60C7C-51D8-4FAE-8C53-C52A91EA8A03}.Debug|Any CPU.Build.0 = Debug|Any CPU
		{84F60C7C-51D8-4FAE-8C53-C52A91EA8A03}.Debug|x64.ActiveCfg = Debug|Any CPU
		{84F60C7C-51D8-4FAE-8C53-C52A91EA8A03}.Debug|x64.Build.0 = Debug|Any CPU
		{84F60C7C-51D8-4FAE-8C53-C52A91EA8A03}.Debug|x86.ActiveCfg = Debug|Any CPU
		{84F60C7C-51D8-4FAE-8C53-C52A91EA8A03}.Debug|x86.Build.0 = Debug|Any CPU
		{84F60C7C-51D8-4FAE-8C53-C52A91EA8A03}.Release|Any CPU.ActiveCfg = Release|Any CPU
		{84F60C7C-51D8-4FAE-8C53-C52A91EA8A03}.Release|Any CPU.Build.0 = Release|Any CPU
		{84F60C7C-51D8-4FAE-8C53-C52A91EA8A03}.Release|x64.ActiveCfg = Release|Any CPU
		{84F60C7C-51D8-4FAE-8C53-C52A91EA8A03}.Release|x64.Build.0 = Release|Any CPU
		{84F60C7C-51D8-4FAE-8C53-C52A91EA8A03}.Release|x86.ActiveCfg = Release|Any CPU
		{84F60C7C-51D8-4FAE-8C53-C52A91EA8A03}.Release|x86.Build.0 = Release|Any CPU
		{019611D2-7FDB-4853-9A57-8086A9CD64F0}.Debug|Any CPU.ActiveCfg = Debug|Any CPU
		{019611D2-7FDB-4853-9A57-8086A9CD64F0}.Debug|Any CPU.Build.0 = Debug|Any CPU
		{019611D2-7FDB-4853-9A57-8086A9CD64F0}.Debug|x64.ActiveCfg = Debug|Any CPU
		{019611D2-7FDB-4853-9A57-8086A9CD64F0}.Debug|x64.Build.0 = Debug|Any CPU
		{019611D2-7FDB-4853-9A57-8086A9CD64F0}.Debug|x86.ActiveCfg = Debug|Any CPU
		{019611D2-7FDB-4853-9A57-8086A9CD64F0}.Debug|x86.Build.0 = Debug|Any CPU
		{019611D2-7FDB-4853-9A57-8086A9CD64F0}.Release|Any CPU.ActiveCfg = Release|Any CPU
		{019611D2-7FDB-4853-9A57-8086A9CD64F0}.Release|Any CPU.Build.0 = Release|Any CPU
		{019611D2-7FDB-4853-9A57-8086A9CD64F0}.Release|x64.ActiveCfg = Release|Any CPU
		{019611D2-7FDB-4853-9A57-8086A9CD64F0}.Release|x64.Build.0 = Release|Any CPU
		{019611D2-7FDB-4853-9A57-8086A9CD64F0}.Release|x86.ActiveCfg = Release|Any CPU
		{019611D2-7FDB-4853-9A57-8086A9CD64F0}.Release|x86.Build.0 = Release|Any CPU
		{D906DD04-3C52-43ED-A992-621859FDB900}.Debug|Any CPU.ActiveCfg = Debug|Any CPU
		{D906DD04-3C52-43ED-A992-621859FDB900}.Debug|Any CPU.Build.0 = Debug|Any CPU
		{D906DD04-3C52-43ED-A992-621859FDB900}.Debug|x64.ActiveCfg = Debug|Any CPU
		{D906DD04-3C52-43ED-A992-621859FDB900}.Debug|x64.Build.0 = Debug|Any CPU
		{D906DD04-3C52-43ED-A992-621859FDB900}.Debug|x86.ActiveCfg = Debug|Any CPU
		{D906DD04-3C52-43ED-A992-621859FDB900}.Debug|x86.Build.0 = Debug|Any CPU
		{D906DD04-3C52-43ED-A992-621859FDB900}.Release|Any CPU.ActiveCfg = Release|Any CPU
		{D906DD04-3C52-43ED-A992-621859FDB900}.Release|Any CPU.Build.0 = Release|Any CPU
		{D906DD04-3C52-43ED-A992-621859FDB900}.Release|x64.ActiveCfg = Release|Any CPU
		{D906DD04-3C52-43ED-A992-621859FDB900}.Release|x64.Build.0 = Release|Any CPU
		{D906DD04-3C52-43ED-A992-621859FDB900}.Release|x86.ActiveCfg = Release|Any CPU
		{D906DD04-3C52-43ED-A992-621859FDB900}.Release|x86.Build.0 = Release|Any CPU
		{DBB28C10-BB02-4B6C-A9FD-8E50AE85C8AC}.Debug|Any CPU.ActiveCfg = Debug|Any CPU
		{DBB28C10-BB02-4B6C-A9FD-8E50AE85C8AC}.Debug|Any CPU.Build.0 = Debug|Any CPU
		{DBB28C10-BB02-4B6C-A9FD-8E50AE85C8AC}.Debug|x64.ActiveCfg = Debug|Any CPU
		{DBB28C10-BB02-4B6C-A9FD-8E50AE85C8AC}.Debug|x64.Build.0 = Debug|Any CPU
		{DBB28C10-BB02-4B6C-A9FD-8E50AE85C8AC}.Debug|x86.ActiveCfg = Debug|Any CPU
		{DBB28C10-BB02-4B6C-A9FD-8E50AE85C8AC}.Debug|x86.Build.0 = Debug|Any CPU
		{DBB28C10-BB02-4B6C-A9FD-8E50AE85C8AC}.Release|Any CPU.ActiveCfg = Release|Any CPU
		{DBB28C10-BB02-4B6C-A9FD-8E50AE85C8AC}.Release|Any CPU.Build.0 = Release|Any CPU
		{DBB28C10-BB02-4B6C-A9FD-8E50AE85C8AC}.Release|x64.ActiveCfg = Release|Any CPU
		{DBB28C10-BB02-4B6C-A9FD-8E50AE85C8AC}.Release|x64.Build.0 = Release|Any CPU
		{DBB28C10-BB02-4B6C-A9FD-8E50AE85C8AC}.Release|x86.ActiveCfg = Release|Any CPU
		{DBB28C10-BB02-4B6C-A9FD-8E50AE85C8AC}.Release|x86.Build.0 = Release|Any CPU
		{29E56B9D-A30D-5F9A-ACA3-F90F35E91D53}.Debug|Any CPU.ActiveCfg = Debug|Any CPU
		{29E56B9D-A30D-5F9A-ACA3-F90F35E91D53}.Debug|Any CPU.Build.0 = Debug|Any CPU
		{29E56B9D-A30D-5F9A-ACA3-F90F35E91D53}.Debug|x64.ActiveCfg = Debug|Any CPU
		{29E56B9D-A30D-5F9A-ACA3-F90F35E91D53}.Debug|x64.Build.0 = Debug|Any CPU
		{29E56B9D-A30D-5F9A-ACA3-F90F35E91D53}.Debug|x86.ActiveCfg = Debug|Any CPU
		{29E56B9D-A30D-5F9A-ACA3-F90F35E91D53}.Debug|x86.Build.0 = Debug|Any CPU
		{29E56B9D-A30D-5F9A-ACA3-F90F35E91D53}.Release|Any CPU.ActiveCfg = Release|Any CPU
		{29E56B9D-A30D-5F9A-ACA3-F90F35E91D53}.Release|Any CPU.Build.0 = Release|Any CPU
		{29E56B9D-A30D-5F9A-ACA3-F90F35E91D53}.Release|x64.ActiveCfg = Release|Any CPU
		{29E56B9D-A30D-5F9A-ACA3-F90F35E91D53}.Release|x64.Build.0 = Release|Any CPU
		{29E56B9D-A30D-5F9A-ACA3-F90F35E91D53}.Release|x86.ActiveCfg = Release|Any CPU
		{29E56B9D-A30D-5F9A-ACA3-F90F35E91D53}.Release|x86.Build.0 = Release|Any CPU
		{F193ECA2-4926-8C74-5B25-4BFDF47C622C}.Debug|Any CPU.ActiveCfg = Debug|Any CPU
		{F193ECA2-4926-8C74-5B25-4BFDF47C622C}.Debug|Any CPU.Build.0 = Debug|Any CPU
		{F193ECA2-4926-8C74-5B25-4BFDF47C622C}.Debug|x64.ActiveCfg = Debug|Any CPU
		{F193ECA2-4926-8C74-5B25-4BFDF47C622C}.Debug|x64.Build.0 = Debug|Any CPU
		{F193ECA2-4926-8C74-5B25-4BFDF47C622C}.Debug|x86.ActiveCfg = Debug|Any CPU
		{F193ECA2-4926-8C74-5B25-4BFDF47C622C}.Debug|x86.Build.0 = Debug|Any CPU
		{F193ECA2-4926-8C74-5B25-4BFDF47C622C}.Release|Any CPU.ActiveCfg = Release|Any CPU
		{F193ECA2-4926-8C74-5B25-4BFDF47C622C}.Release|Any CPU.Build.0 = Release|Any CPU
		{F193ECA2-4926-8C74-5B25-4BFDF47C622C}.Release|x64.ActiveCfg = Release|Any CPU
		{F193ECA2-4926-8C74-5B25-4BFDF47C622C}.Release|x64.Build.0 = Release|Any CPU
		{F193ECA2-4926-8C74-5B25-4BFDF47C622C}.Release|x86.ActiveCfg = Release|Any CPU
		{F193ECA2-4926-8C74-5B25-4BFDF47C622C}.Release|x86.Build.0 = Release|Any CPU
		{E9F4C992-E6E0-3020-14B3-D49E3D047684}.Debug|Any CPU.ActiveCfg = Debug|Any CPU
		{E9F4C992-E6E0-3020-14B3-D49E3D047684}.Debug|Any CPU.Build.0 = Debug|Any CPU
		{E9F4C992-E6E0-3020-14B3-D49E3D047684}.Debug|x64.ActiveCfg = Debug|Any CPU
		{E9F4C992-E6E0-3020-14B3-D49E3D047684}.Debug|x64.Build.0 = Debug|Any CPU
		{E9F4C992-E6E0-3020-14B3-D49E3D047684}.Debug|x86.ActiveCfg = Debug|Any CPU
		{E9F4C992-E6E0-3020-14B3-D49E3D047684}.Debug|x86.Build.0 = Debug|Any CPU
		{E9F4C992-E6E0-3020-14B3-D49E3D047684}.Release|Any CPU.ActiveCfg = Release|Any CPU
		{E9F4C992-E6E0-3020-14B3-D49E3D047684}.Release|Any CPU.Build.0 = Release|Any CPU
		{E9F4C992-E6E0-3020-14B3-D49E3D047684}.Release|x64.ActiveCfg = Release|Any CPU
		{E9F4C992-E6E0-3020-14B3-D49E3D047684}.Release|x64.Build.0 = Release|Any CPU
		{E9F4C992-E6E0-3020-14B3-D49E3D047684}.Release|x86.ActiveCfg = Release|Any CPU
		{E9F4C992-E6E0-3020-14B3-D49E3D047684}.Release|x86.Build.0 = Release|Any CPU
		{201C05DD-D35E-EC89-C9E2-0B32823C07AA}.Debug|Any CPU.ActiveCfg = Debug|Any CPU
		{201C05DD-D35E-EC89-C9E2-0B32823C07AA}.Debug|Any CPU.Build.0 = Debug|Any CPU
		{201C05DD-D35E-EC89-C9E2-0B32823C07AA}.Debug|x64.ActiveCfg = Debug|Any CPU
		{201C05DD-D35E-EC89-C9E2-0B32823C07AA}.Debug|x64.Build.0 = Debug|Any CPU
		{201C05DD-D35E-EC89-C9E2-0B32823C07AA}.Debug|x86.ActiveCfg = Debug|Any CPU
		{201C05DD-D35E-EC89-C9E2-0B32823C07AA}.Debug|x86.Build.0 = Debug|Any CPU
		{201C05DD-D35E-EC89-C9E2-0B32823C07AA}.Release|Any CPU.ActiveCfg = Release|Any CPU
		{201C05DD-D35E-EC89-C9E2-0B32823C07AA}.Release|Any CPU.Build.0 = Release|Any CPU
		{201C05DD-D35E-EC89-C9E2-0B32823C07AA}.Release|x64.ActiveCfg = Release|Any CPU
		{201C05DD-D35E-EC89-C9E2-0B32823C07AA}.Release|x64.Build.0 = Release|Any CPU
		{201C05DD-D35E-EC89-C9E2-0B32823C07AA}.Release|x86.ActiveCfg = Release|Any CPU
		{201C05DD-D35E-EC89-C9E2-0B32823C07AA}.Release|x86.Build.0 = Release|Any CPU
		{1D0EEEE6-E0D0-4EA7-AC78-F4D8A47ADA0E}.Debug|Any CPU.ActiveCfg = Debug|Any CPU
		{1D0EEEE6-E0D0-4EA7-AC78-F4D8A47ADA0E}.Debug|Any CPU.Build.0 = Debug|Any CPU
		{1D0EEEE6-E0D0-4EA7-AC78-F4D8A47ADA0E}.Debug|x64.ActiveCfg = Debug|Any CPU
		{1D0EEEE6-E0D0-4EA7-AC78-F4D8A47ADA0E}.Debug|x64.Build.0 = Debug|Any CPU
		{1D0EEEE6-E0D0-4EA7-AC78-F4D8A47ADA0E}.Debug|x86.ActiveCfg = Debug|Any CPU
		{1D0EEEE6-E0D0-4EA7-AC78-F4D8A47ADA0E}.Debug|x86.Build.0 = Debug|Any CPU
		{1D0EEEE6-E0D0-4EA7-AC78-F4D8A47ADA0E}.Release|Any CPU.ActiveCfg = Release|Any CPU
		{1D0EEEE6-E0D0-4EA7-AC78-F4D8A47ADA0E}.Release|Any CPU.Build.0 = Release|Any CPU
		{1D0EEEE6-E0D0-4EA7-AC78-F4D8A47ADA0E}.Release|x64.ActiveCfg = Release|Any CPU
		{1D0EEEE6-E0D0-4EA7-AC78-F4D8A47ADA0E}.Release|x64.Build.0 = Release|Any CPU
		{1D0EEEE6-E0D0-4EA7-AC78-F4D8A47ADA0E}.Release|x86.ActiveCfg = Release|Any CPU
		{1D0EEEE6-E0D0-4EA7-AC78-F4D8A47ADA0E}.Release|x86.Build.0 = Release|Any CPU
		{F19B679E-8CC5-4E95-BE8D-3A3F2F9F8068}.Debug|Any CPU.ActiveCfg = Debug|Any CPU
		{F19B679E-8CC5-4E95-BE8D-3A3F2F9F8068}.Debug|Any CPU.Build.0 = Debug|Any CPU
		{F19B679E-8CC5-4E95-BE8D-3A3F2F9F8068}.Debug|x64.ActiveCfg = Debug|Any CPU
		{F19B679E-8CC5-4E95-BE8D-3A3F2F9F8068}.Debug|x64.Build.0 = Debug|Any CPU
		{F19B679E-8CC5-4E95-BE8D-3A3F2F9F8068}.Debug|x86.ActiveCfg = Debug|Any CPU
		{F19B679E-8CC5-4E95-BE8D-3A3F2F9F8068}.Debug|x86.Build.0 = Debug|Any CPU
		{F19B679E-8CC5-4E95-BE8D-3A3F2F9F8068}.Release|Any CPU.ActiveCfg = Release|Any CPU
		{F19B679E-8CC5-4E95-BE8D-3A3F2F9F8068}.Release|Any CPU.Build.0 = Release|Any CPU
		{F19B679E-8CC5-4E95-BE8D-3A3F2F9F8068}.Release|x64.ActiveCfg = Release|Any CPU
		{F19B679E-8CC5-4E95-BE8D-3A3F2F9F8068}.Release|x64.Build.0 = Release|Any CPU
		{F19B679E-8CC5-4E95-BE8D-3A3F2F9F8068}.Release|x86.ActiveCfg = Release|Any CPU
		{F19B679E-8CC5-4E95-BE8D-3A3F2F9F8068}.Release|x86.Build.0 = Release|Any CPU
		{3B0C0EEF-65C2-4C99-B3F6-59B674860FF0}.Debug|Any CPU.ActiveCfg = Debug|Any CPU
		{3B0C0EEF-65C2-4C99-B3F6-59B674860FF0}.Debug|Any CPU.Build.0 = Debug|Any CPU
		{3B0C0EEF-65C2-4C99-B3F6-59B674860FF0}.Debug|x64.ActiveCfg = Debug|Any CPU
		{3B0C0EEF-65C2-4C99-B3F6-59B674860FF0}.Debug|x64.Build.0 = Debug|Any CPU
		{3B0C0EEF-65C2-4C99-B3F6-59B674860FF0}.Debug|x86.ActiveCfg = Debug|Any CPU
		{3B0C0EEF-65C2-4C99-B3F6-59B674860FF0}.Debug|x86.Build.0 = Debug|Any CPU
		{3B0C0EEF-65C2-4C99-B3F6-59B674860FF0}.Release|Any CPU.ActiveCfg = Release|Any CPU
		{3B0C0EEF-65C2-4C99-B3F6-59B674860FF0}.Release|Any CPU.Build.0 = Release|Any CPU
		{3B0C0EEF-65C2-4C99-B3F6-59B674860FF0}.Release|x64.ActiveCfg = Release|Any CPU
		{3B0C0EEF-65C2-4C99-B3F6-59B674860FF0}.Release|x64.Build.0 = Release|Any CPU
		{3B0C0EEF-65C2-4C99-B3F6-59B674860FF0}.Release|x86.ActiveCfg = Release|Any CPU
		{3B0C0EEF-65C2-4C99-B3F6-59B674860FF0}.Release|x86.Build.0 = Release|Any CPU
		{D4C81621-C50E-4882-9EB0-B2181F3411B6}.Debug|Any CPU.ActiveCfg = Debug|Any CPU
		{D4C81621-C50E-4882-9EB0-B2181F3411B6}.Debug|Any CPU.Build.0 = Debug|Any CPU
		{D4C81621-C50E-4882-9EB0-B2181F3411B6}.Debug|x64.ActiveCfg = Debug|Any CPU
		{D4C81621-C50E-4882-9EB0-B2181F3411B6}.Debug|x64.Build.0 = Debug|Any CPU
		{D4C81621-C50E-4882-9EB0-B2181F3411B6}.Debug|x86.ActiveCfg = Debug|Any CPU
		{D4C81621-C50E-4882-9EB0-B2181F3411B6}.Debug|x86.Build.0 = Debug|Any CPU
		{D4C81621-C50E-4882-9EB0-B2181F3411B6}.Release|Any CPU.ActiveCfg = Release|Any CPU
		{D4C81621-C50E-4882-9EB0-B2181F3411B6}.Release|Any CPU.Build.0 = Release|Any CPU
		{D4C81621-C50E-4882-9EB0-B2181F3411B6}.Release|x64.ActiveCfg = Release|Any CPU
		{D4C81621-C50E-4882-9EB0-B2181F3411B6}.Release|x64.Build.0 = Release|Any CPU
		{D4C81621-C50E-4882-9EB0-B2181F3411B6}.Release|x86.ActiveCfg = Release|Any CPU
		{D4C81621-C50E-4882-9EB0-B2181F3411B6}.Release|x86.Build.0 = Release|Any CPU
		{6B49E1BA-8D12-42D7-ACF8-F2376373D44B}.Debug|Any CPU.ActiveCfg = Debug|Any CPU
		{6B49E1BA-8D12-42D7-ACF8-F2376373D44B}.Debug|Any CPU.Build.0 = Debug|Any CPU
		{6B49E1BA-8D12-42D7-ACF8-F2376373D44B}.Debug|x64.ActiveCfg = Debug|Any CPU
		{6B49E1BA-8D12-42D7-ACF8-F2376373D44B}.Debug|x64.Build.0 = Debug|Any CPU
		{6B49E1BA-8D12-42D7-ACF8-F2376373D44B}.Debug|x86.ActiveCfg = Debug|Any CPU
		{6B49E1BA-8D12-42D7-ACF8-F2376373D44B}.Debug|x86.Build.0 = Debug|Any CPU
		{6B49E1BA-8D12-42D7-ACF8-F2376373D44B}.Release|Any CPU.ActiveCfg = Release|Any CPU
		{6B49E1BA-8D12-42D7-ACF8-F2376373D44B}.Release|Any CPU.Build.0 = Release|Any CPU
		{6B49E1BA-8D12-42D7-ACF8-F2376373D44B}.Release|x64.ActiveCfg = Release|Any CPU
		{6B49E1BA-8D12-42D7-ACF8-F2376373D44B}.Release|x64.Build.0 = Release|Any CPU
		{6B49E1BA-8D12-42D7-ACF8-F2376373D44B}.Release|x86.ActiveCfg = Release|Any CPU
		{6B49E1BA-8D12-42D7-ACF8-F2376373D44B}.Release|x86.Build.0 = Release|Any CPU
		{159A3EA0-3312-444F-8A74-71F4D3A57439}.Debug|Any CPU.ActiveCfg = Debug|Any CPU
		{159A3EA0-3312-444F-8A74-71F4D3A57439}.Debug|Any CPU.Build.0 = Debug|Any CPU
		{159A3EA0-3312-444F-8A74-71F4D3A57439}.Debug|x64.ActiveCfg = Debug|Any CPU
		{159A3EA0-3312-444F-8A74-71F4D3A57439}.Debug|x64.Build.0 = Debug|Any CPU
		{159A3EA0-3312-444F-8A74-71F4D3A57439}.Debug|x86.ActiveCfg = Debug|Any CPU
		{159A3EA0-3312-444F-8A74-71F4D3A57439}.Debug|x86.Build.0 = Debug|Any CPU
		{159A3EA0-3312-444F-8A74-71F4D3A57439}.Release|Any CPU.ActiveCfg = Release|Any CPU
		{159A3EA0-3312-444F-8A74-71F4D3A57439}.Release|Any CPU.Build.0 = Release|Any CPU
		{159A3EA0-3312-444F-8A74-71F4D3A57439}.Release|x64.ActiveCfg = Release|Any CPU
		{159A3EA0-3312-444F-8A74-71F4D3A57439}.Release|x64.Build.0 = Release|Any CPU
		{159A3EA0-3312-444F-8A74-71F4D3A57439}.Release|x86.ActiveCfg = Release|Any CPU
		{159A3EA0-3312-444F-8A74-71F4D3A57439}.Release|x86.Build.0 = Release|Any CPU
		{1A98137B-410E-47CE-AE3C-A9AD6FEA78C4}.Debug|Any CPU.ActiveCfg = Debug|Any CPU
		{1A98137B-410E-47CE-AE3C-A9AD6FEA78C4}.Debug|Any CPU.Build.0 = Debug|Any CPU
		{1A98137B-410E-47CE-AE3C-A9AD6FEA78C4}.Debug|x64.ActiveCfg = Debug|Any CPU
		{1A98137B-410E-47CE-AE3C-A9AD6FEA78C4}.Debug|x64.Build.0 = Debug|Any CPU
		{1A98137B-410E-47CE-AE3C-A9AD6FEA78C4}.Debug|x86.ActiveCfg = Debug|Any CPU
		{1A98137B-410E-47CE-AE3C-A9AD6FEA78C4}.Debug|x86.Build.0 = Debug|Any CPU
		{1A98137B-410E-47CE-AE3C-A9AD6FEA78C4}.Release|Any CPU.ActiveCfg = Release|Any CPU
		{1A98137B-410E-47CE-AE3C-A9AD6FEA78C4}.Release|Any CPU.Build.0 = Release|Any CPU
		{1A98137B-410E-47CE-AE3C-A9AD6FEA78C4}.Release|x64.ActiveCfg = Release|Any CPU
		{1A98137B-410E-47CE-AE3C-A9AD6FEA78C4}.Release|x64.Build.0 = Release|Any CPU
		{1A98137B-410E-47CE-AE3C-A9AD6FEA78C4}.Release|x86.ActiveCfg = Release|Any CPU
		{1A98137B-410E-47CE-AE3C-A9AD6FEA78C4}.Release|x86.Build.0 = Release|Any CPU
		{FF8ABC41-8CC7-434A-A479-740BC1B27029}.Debug|Any CPU.ActiveCfg = Debug|Any CPU
		{FF8ABC41-8CC7-434A-A479-740BC1B27029}.Debug|Any CPU.Build.0 = Debug|Any CPU
		{FF8ABC41-8CC7-434A-A479-740BC1B27029}.Debug|x64.ActiveCfg = Debug|Any CPU
		{FF8ABC41-8CC7-434A-A479-740BC1B27029}.Debug|x64.Build.0 = Debug|Any CPU
		{FF8ABC41-8CC7-434A-A479-740BC1B27029}.Debug|x86.ActiveCfg = Debug|Any CPU
		{FF8ABC41-8CC7-434A-A479-740BC1B27029}.Debug|x86.Build.0 = Debug|Any CPU
		{FF8ABC41-8CC7-434A-A479-740BC1B27029}.Release|Any CPU.ActiveCfg = Release|Any CPU
		{FF8ABC41-8CC7-434A-A479-740BC1B27029}.Release|Any CPU.Build.0 = Release|Any CPU
		{FF8ABC41-8CC7-434A-A479-740BC1B27029}.Release|x64.ActiveCfg = Release|Any CPU
		{FF8ABC41-8CC7-434A-A479-740BC1B27029}.Release|x64.Build.0 = Release|Any CPU
		{FF8ABC41-8CC7-434A-A479-740BC1B27029}.Release|x86.ActiveCfg = Release|Any CPU
		{FF8ABC41-8CC7-434A-A479-740BC1B27029}.Release|x86.Build.0 = Release|Any CPU
		{6E8E27F3-7721-4A33-95CA-E78C4BA07F29}.Debug|Any CPU.ActiveCfg = Debug|Any CPU
		{6E8E27F3-7721-4A33-95CA-E78C4BA07F29}.Debug|Any CPU.Build.0 = Debug|Any CPU
		{6E8E27F3-7721-4A33-95CA-E78C4BA07F29}.Debug|x64.ActiveCfg = Debug|Any CPU
		{6E8E27F3-7721-4A33-95CA-E78C4BA07F29}.Debug|x64.Build.0 = Debug|Any CPU
		{6E8E27F3-7721-4A33-95CA-E78C4BA07F29}.Debug|x86.ActiveCfg = Debug|Any CPU
		{6E8E27F3-7721-4A33-95CA-E78C4BA07F29}.Debug|x86.Build.0 = Debug|Any CPU
		{6E8E27F3-7721-4A33-95CA-E78C4BA07F29}.Release|Any CPU.ActiveCfg = Release|Any CPU
		{6E8E27F3-7721-4A33-95CA-E78C4BA07F29}.Release|Any CPU.Build.0 = Release|Any CPU
		{6E8E27F3-7721-4A33-95CA-E78C4BA07F29}.Release|x64.ActiveCfg = Release|Any CPU
		{6E8E27F3-7721-4A33-95CA-E78C4BA07F29}.Release|x64.Build.0 = Release|Any CPU
		{6E8E27F3-7721-4A33-95CA-E78C4BA07F29}.Release|x86.ActiveCfg = Release|Any CPU
		{6E8E27F3-7721-4A33-95CA-E78C4BA07F29}.Release|x86.Build.0 = Release|Any CPU
		{3B1AA62F-E64F-4BE0-8B53-B5EA04435FA4}.Debug|Any CPU.ActiveCfg = Debug|Any CPU
		{3B1AA62F-E64F-4BE0-8B53-B5EA04435FA4}.Debug|Any CPU.Build.0 = Debug|Any CPU
		{3B1AA62F-E64F-4BE0-8B53-B5EA04435FA4}.Debug|x64.ActiveCfg = Debug|Any CPU
		{3B1AA62F-E64F-4BE0-8B53-B5EA04435FA4}.Debug|x64.Build.0 = Debug|Any CPU
		{3B1AA62F-E64F-4BE0-8B53-B5EA04435FA4}.Debug|x86.ActiveCfg = Debug|Any CPU
		{3B1AA62F-E64F-4BE0-8B53-B5EA04435FA4}.Debug|x86.Build.0 = Debug|Any CPU
		{3B1AA62F-E64F-4BE0-8B53-B5EA04435FA4}.Release|Any CPU.ActiveCfg = Release|Any CPU
		{3B1AA62F-E64F-4BE0-8B53-B5EA04435FA4}.Release|Any CPU.Build.0 = Release|Any CPU
		{3B1AA62F-E64F-4BE0-8B53-B5EA04435FA4}.Release|x64.ActiveCfg = Release|Any CPU
		{3B1AA62F-E64F-4BE0-8B53-B5EA04435FA4}.Release|x64.Build.0 = Release|Any CPU
		{3B1AA62F-E64F-4BE0-8B53-B5EA04435FA4}.Release|x86.ActiveCfg = Release|Any CPU
		{3B1AA62F-E64F-4BE0-8B53-B5EA04435FA4}.Release|x86.Build.0 = Release|Any CPU
		{EBF748A0-5607-469E-AA98-AAA56D29E620}.Debug|Any CPU.ActiveCfg = Debug|Any CPU
		{EBF748A0-5607-469E-AA98-AAA56D29E620}.Debug|Any CPU.Build.0 = Debug|Any CPU
		{EBF748A0-5607-469E-AA98-AAA56D29E620}.Debug|x64.ActiveCfg = Debug|Any CPU
		{EBF748A0-5607-469E-AA98-AAA56D29E620}.Debug|x64.Build.0 = Debug|Any CPU
		{EBF748A0-5607-469E-AA98-AAA56D29E620}.Debug|x86.ActiveCfg = Debug|Any CPU
		{EBF748A0-5607-469E-AA98-AAA56D29E620}.Debug|x86.Build.0 = Debug|Any CPU
		{EBF748A0-5607-469E-AA98-AAA56D29E620}.Release|Any CPU.ActiveCfg = Release|Any CPU
		{EBF748A0-5607-469E-AA98-AAA56D29E620}.Release|Any CPU.Build.0 = Release|Any CPU
		{EBF748A0-5607-469E-AA98-AAA56D29E620}.Release|x64.ActiveCfg = Release|Any CPU
		{EBF748A0-5607-469E-AA98-AAA56D29E620}.Release|x64.Build.0 = Release|Any CPU
		{EBF748A0-5607-469E-AA98-AAA56D29E620}.Release|x86.ActiveCfg = Release|Any CPU
		{EBF748A0-5607-469E-AA98-AAA56D29E620}.Release|x86.Build.0 = Release|Any CPU
		{11FCDC28-812F-4F0A-AA3D-DD897C3C6CA1}.Debug|Any CPU.ActiveCfg = Debug|Any CPU
		{11FCDC28-812F-4F0A-AA3D-DD897C3C6CA1}.Debug|Any CPU.Build.0 = Debug|Any CPU
		{11FCDC28-812F-4F0A-AA3D-DD897C3C6CA1}.Debug|x64.ActiveCfg = Debug|Any CPU
		{11FCDC28-812F-4F0A-AA3D-DD897C3C6CA1}.Debug|x64.Build.0 = Debug|Any CPU
		{11FCDC28-812F-4F0A-AA3D-DD897C3C6CA1}.Debug|x86.ActiveCfg = Debug|Any CPU
		{11FCDC28-812F-4F0A-AA3D-DD897C3C6CA1}.Debug|x86.Build.0 = Debug|Any CPU
		{11FCDC28-812F-4F0A-AA3D-DD897C3C6CA1}.Release|Any CPU.ActiveCfg = Release|Any CPU
		{11FCDC28-812F-4F0A-AA3D-DD897C3C6CA1}.Release|Any CPU.Build.0 = Release|Any CPU
		{11FCDC28-812F-4F0A-AA3D-DD897C3C6CA1}.Release|x64.ActiveCfg = Release|Any CPU
		{11FCDC28-812F-4F0A-AA3D-DD897C3C6CA1}.Release|x64.Build.0 = Release|Any CPU
		{11FCDC28-812F-4F0A-AA3D-DD897C3C6CA1}.Release|x86.ActiveCfg = Release|Any CPU
		{11FCDC28-812F-4F0A-AA3D-DD897C3C6CA1}.Release|x86.Build.0 = Release|Any CPU
		{B3216463-5AAE-4B2C-B338-119B124DC201}.Debug|Any CPU.ActiveCfg = Debug|Any CPU
		{B3216463-5AAE-4B2C-B338-119B124DC201}.Debug|Any CPU.Build.0 = Debug|Any CPU
		{B3216463-5AAE-4B2C-B338-119B124DC201}.Debug|x64.ActiveCfg = Debug|Any CPU
		{B3216463-5AAE-4B2C-B338-119B124DC201}.Debug|x64.Build.0 = Debug|Any CPU
		{B3216463-5AAE-4B2C-B338-119B124DC201}.Debug|x86.ActiveCfg = Debug|Any CPU
		{B3216463-5AAE-4B2C-B338-119B124DC201}.Debug|x86.Build.0 = Debug|Any CPU
		{B3216463-5AAE-4B2C-B338-119B124DC201}.Release|Any CPU.ActiveCfg = Release|Any CPU
		{B3216463-5AAE-4B2C-B338-119B124DC201}.Release|Any CPU.Build.0 = Release|Any CPU
		{B3216463-5AAE-4B2C-B338-119B124DC201}.Release|x64.ActiveCfg = Release|Any CPU
		{B3216463-5AAE-4B2C-B338-119B124DC201}.Release|x64.Build.0 = Release|Any CPU
		{B3216463-5AAE-4B2C-B338-119B124DC201}.Release|x86.ActiveCfg = Release|Any CPU
		{B3216463-5AAE-4B2C-B338-119B124DC201}.Release|x86.Build.0 = Release|Any CPU
		{F469D575-81CF-4B63-A305-ADD16C197159}.Debug|Any CPU.ActiveCfg = Debug|Any CPU
		{F469D575-81CF-4B63-A305-ADD16C197159}.Debug|Any CPU.Build.0 = Debug|Any CPU
		{F469D575-81CF-4B63-A305-ADD16C197159}.Debug|x64.ActiveCfg = Debug|Any CPU
		{F469D575-81CF-4B63-A305-ADD16C197159}.Debug|x64.Build.0 = Debug|Any CPU
		{F469D575-81CF-4B63-A305-ADD16C197159}.Debug|x86.ActiveCfg = Debug|Any CPU
		{F469D575-81CF-4B63-A305-ADD16C197159}.Debug|x86.Build.0 = Debug|Any CPU
		{F469D575-81CF-4B63-A305-ADD16C197159}.Release|Any CPU.ActiveCfg = Release|Any CPU
		{F469D575-81CF-4B63-A305-ADD16C197159}.Release|Any CPU.Build.0 = Release|Any CPU
		{F469D575-81CF-4B63-A305-ADD16C197159}.Release|x64.ActiveCfg = Release|Any CPU
		{F469D575-81CF-4B63-A305-ADD16C197159}.Release|x64.Build.0 = Release|Any CPU
		{F469D575-81CF-4B63-A305-ADD16C197159}.Release|x86.ActiveCfg = Release|Any CPU
		{F469D575-81CF-4B63-A305-ADD16C197159}.Release|x86.Build.0 = Release|Any CPU
		{86968C7F-FB51-4AE9-B7E8-C6099796AD35}.Debug|Any CPU.ActiveCfg = Debug|Any CPU
		{86968C7F-FB51-4AE9-B7E8-C6099796AD35}.Debug|Any CPU.Build.0 = Debug|Any CPU
		{86968C7F-FB51-4AE9-B7E8-C6099796AD35}.Debug|x64.ActiveCfg = Debug|Any CPU
		{86968C7F-FB51-4AE9-B7E8-C6099796AD35}.Debug|x64.Build.0 = Debug|Any CPU
		{86968C7F-FB51-4AE9-B7E8-C6099796AD35}.Debug|x86.ActiveCfg = Debug|Any CPU
		{86968C7F-FB51-4AE9-B7E8-C6099796AD35}.Debug|x86.Build.0 = Debug|Any CPU
		{86968C7F-FB51-4AE9-B7E8-C6099796AD35}.Release|Any CPU.ActiveCfg = Release|Any CPU
		{86968C7F-FB51-4AE9-B7E8-C6099796AD35}.Release|Any CPU.Build.0 = Release|Any CPU
		{86968C7F-FB51-4AE9-B7E8-C6099796AD35}.Release|x64.ActiveCfg = Release|Any CPU
		{86968C7F-FB51-4AE9-B7E8-C6099796AD35}.Release|x64.Build.0 = Release|Any CPU
		{86968C7F-FB51-4AE9-B7E8-C6099796AD35}.Release|x86.ActiveCfg = Release|Any CPU
		{86968C7F-FB51-4AE9-B7E8-C6099796AD35}.Release|x86.Build.0 = Release|Any CPU
		{C22F7EAD-3286-4592-84FC-070510A1D330}.Debug|Any CPU.ActiveCfg = Debug|Any CPU
		{C22F7EAD-3286-4592-84FC-070510A1D330}.Debug|Any CPU.Build.0 = Debug|Any CPU
		{C22F7EAD-3286-4592-84FC-070510A1D330}.Debug|x64.ActiveCfg = Debug|Any CPU
		{C22F7EAD-3286-4592-84FC-070510A1D330}.Debug|x64.Build.0 = Debug|Any CPU
		{C22F7EAD-3286-4592-84FC-070510A1D330}.Debug|x86.ActiveCfg = Debug|Any CPU
		{C22F7EAD-3286-4592-84FC-070510A1D330}.Debug|x86.Build.0 = Debug|Any CPU
		{C22F7EAD-3286-4592-84FC-070510A1D330}.Release|Any CPU.ActiveCfg = Release|Any CPU
		{C22F7EAD-3286-4592-84FC-070510A1D330}.Release|Any CPU.Build.0 = Release|Any CPU
		{C22F7EAD-3286-4592-84FC-070510A1D330}.Release|x64.ActiveCfg = Release|Any CPU
		{C22F7EAD-3286-4592-84FC-070510A1D330}.Release|x64.Build.0 = Release|Any CPU
		{C22F7EAD-3286-4592-84FC-070510A1D330}.Release|x86.ActiveCfg = Release|Any CPU
		{C22F7EAD-3286-4592-84FC-070510A1D330}.Release|x86.Build.0 = Release|Any CPU
		{84EE31DE-87AD-4405-BC56-F1052506E5F9}.Debug|Any CPU.ActiveCfg = Debug|Any CPU
		{84EE31DE-87AD-4405-BC56-F1052506E5F9}.Debug|Any CPU.Build.0 = Debug|Any CPU
		{84EE31DE-87AD-4405-BC56-F1052506E5F9}.Debug|x64.ActiveCfg = Debug|Any CPU
		{84EE31DE-87AD-4405-BC56-F1052506E5F9}.Debug|x64.Build.0 = Debug|Any CPU
		{84EE31DE-87AD-4405-BC56-F1052506E5F9}.Debug|x86.ActiveCfg = Debug|Any CPU
		{84EE31DE-87AD-4405-BC56-F1052506E5F9}.Debug|x86.Build.0 = Debug|Any CPU
		{84EE31DE-87AD-4405-BC56-F1052506E5F9}.Release|Any CPU.ActiveCfg = Release|Any CPU
		{84EE31DE-87AD-4405-BC56-F1052506E5F9}.Release|Any CPU.Build.0 = Release|Any CPU
		{84EE31DE-87AD-4405-BC56-F1052506E5F9}.Release|x64.ActiveCfg = Release|Any CPU
		{84EE31DE-87AD-4405-BC56-F1052506E5F9}.Release|x64.Build.0 = Release|Any CPU
		{84EE31DE-87AD-4405-BC56-F1052506E5F9}.Release|x86.ActiveCfg = Release|Any CPU
		{84EE31DE-87AD-4405-BC56-F1052506E5F9}.Release|x86.Build.0 = Release|Any CPU
		{9400A118-4345-43B4-B4CD-AE429BE8B271}.Debug|Any CPU.ActiveCfg = Debug|Any CPU
		{9400A118-4345-43B4-B4CD-AE429BE8B271}.Debug|Any CPU.Build.0 = Debug|Any CPU
		{9400A118-4345-43B4-B4CD-AE429BE8B271}.Debug|x64.ActiveCfg = Debug|Any CPU
		{9400A118-4345-43B4-B4CD-AE429BE8B271}.Debug|x64.Build.0 = Debug|Any CPU
		{9400A118-4345-43B4-B4CD-AE429BE8B271}.Debug|x86.ActiveCfg = Debug|Any CPU
		{9400A118-4345-43B4-B4CD-AE429BE8B271}.Debug|x86.Build.0 = Debug|Any CPU
		{9400A118-4345-43B4-B4CD-AE429BE8B271}.Release|Any CPU.ActiveCfg = Release|Any CPU
		{9400A118-4345-43B4-B4CD-AE429BE8B271}.Release|Any CPU.Build.0 = Release|Any CPU
		{9400A118-4345-43B4-B4CD-AE429BE8B271}.Release|x64.ActiveCfg = Release|Any CPU
		{9400A118-4345-43B4-B4CD-AE429BE8B271}.Release|x64.Build.0 = Release|Any CPU
		{9400A118-4345-43B4-B4CD-AE429BE8B271}.Release|x86.ActiveCfg = Release|Any CPU
		{9400A118-4345-43B4-B4CD-AE429BE8B271}.Release|x86.Build.0 = Release|Any CPU
		{B4D02467-50DA-4836-B28D-B51ACB73B177}.Debug|Any CPU.ActiveCfg = Debug|Any CPU
		{B4D02467-50DA-4836-B28D-B51ACB73B177}.Debug|Any CPU.Build.0 = Debug|Any CPU
		{B4D02467-50DA-4836-B28D-B51ACB73B177}.Debug|x64.ActiveCfg = Debug|Any CPU
		{B4D02467-50DA-4836-B28D-B51ACB73B177}.Debug|x64.Build.0 = Debug|Any CPU
		{B4D02467-50DA-4836-B28D-B51ACB73B177}.Debug|x86.ActiveCfg = Debug|Any CPU
		{B4D02467-50DA-4836-B28D-B51ACB73B177}.Debug|x86.Build.0 = Debug|Any CPU
		{B4D02467-50DA-4836-B28D-B51ACB73B177}.Release|Any CPU.ActiveCfg = Release|Any CPU
		{B4D02467-50DA-4836-B28D-B51ACB73B177}.Release|Any CPU.Build.0 = Release|Any CPU
		{B4D02467-50DA-4836-B28D-B51ACB73B177}.Release|x64.ActiveCfg = Release|Any CPU
		{B4D02467-50DA-4836-B28D-B51ACB73B177}.Release|x64.Build.0 = Release|Any CPU
		{B4D02467-50DA-4836-B28D-B51ACB73B177}.Release|x86.ActiveCfg = Release|Any CPU
		{B4D02467-50DA-4836-B28D-B51ACB73B177}.Release|x86.Build.0 = Release|Any CPU
		{B124A6D4-D324-4F7F-8BB3-2612679AA135}.Debug|Any CPU.ActiveCfg = Debug|Any CPU
		{B124A6D4-D324-4F7F-8BB3-2612679AA135}.Debug|Any CPU.Build.0 = Debug|Any CPU
		{B124A6D4-D324-4F7F-8BB3-2612679AA135}.Debug|x64.ActiveCfg = Debug|Any CPU
		{B124A6D4-D324-4F7F-8BB3-2612679AA135}.Debug|x64.Build.0 = Debug|Any CPU
		{B124A6D4-D324-4F7F-8BB3-2612679AA135}.Debug|x86.ActiveCfg = Debug|Any CPU
		{B124A6D4-D324-4F7F-8BB3-2612679AA135}.Debug|x86.Build.0 = Debug|Any CPU
		{B124A6D4-D324-4F7F-8BB3-2612679AA135}.Release|Any CPU.ActiveCfg = Release|Any CPU
		{B124A6D4-D324-4F7F-8BB3-2612679AA135}.Release|Any CPU.Build.0 = Release|Any CPU
		{B124A6D4-D324-4F7F-8BB3-2612679AA135}.Release|x64.ActiveCfg = Release|Any CPU
		{B124A6D4-D324-4F7F-8BB3-2612679AA135}.Release|x64.Build.0 = Release|Any CPU
		{B124A6D4-D324-4F7F-8BB3-2612679AA135}.Release|x86.ActiveCfg = Release|Any CPU
		{B124A6D4-D324-4F7F-8BB3-2612679AA135}.Release|x86.Build.0 = Release|Any CPU
	EndGlobalSection
	GlobalSection(SolutionProperties) = preSolution
		HideSolutionNode = FALSE
	EndGlobalSection
	GlobalSection(NestedProjects) = preSolution
		{02EA681E-C7D8-13C7-8484-4AC65E1B71E8} = {8A51F964-002C-4A50-B47F-66440EFC3EE6}
		{0FBD2C2B-F59F-4A59-9B65-C4812C659551} = {8A51F964-002C-4A50-B47F-66440EFC3EE6}
		{13BAAEEE-C831-BA7D-6A7D-CD191F21B13B} = {0FBD2C2B-F59F-4A59-9B65-C4812C659551}
		{3019E33E-9F3B-C26B-F990-19D6A7DCBBE1} = {0FBD2C2B-F59F-4A59-9B65-C4812C659551}
		{3E3D1476-B40E-9065-EB3B-0B2F70A5A3AA} = {0FBD2C2B-F59F-4A59-9B65-C4812C659551}
		{C73C8822-8FE8-4C65-803A-2D283B46F324} = {8A51F964-002C-4A50-B47F-66440EFC3EE6}
		{6CF4B562-D292-DCFC-AE01-8AF221143915} = {471029B9-4767-42FD-BF16-9BD2A75AB52B}
		{234ECAA3-C8DD-D378-1F14-5E497F3CDAA2} = {471029B9-4767-42FD-BF16-9BD2A75AB52B}
		{9079EDFA-BA40-C3E5-8ED4-80DB23919D8D} = {471029B9-4767-42FD-BF16-9BD2A75AB52B}
		{D146BBA9-8F2F-BD10-0AB2-4F05A7B85FF7} = {471029B9-4767-42FD-BF16-9BD2A75AB52B}
		{471029B9-4767-42FD-BF16-9BD2A75AB52B} = {C73C8822-8FE8-4C65-803A-2D283B46F324}
		{FE7731F6-35FA-8245-4914-40922FB9E55B} = {0FBD2C2B-F59F-4A59-9B65-C4812C659551}
		{AABA7EF1-5E6F-4584-B8F4-7BC497EECD86} = {C73C8822-8FE8-4C65-803A-2D283B46F324}
		{8EA86A41-9DB3-43EB-8C83-DA7259DE1EAD} = {AABA7EF1-5E6F-4584-B8F4-7BC497EECD86}
		{A7B512A4-B609-40B4-8F46-040E97289F75} = {AABA7EF1-5E6F-4584-B8F4-7BC497EECD86}
		{305226D1-47C0-482A-80B6-EC3AB9535A62} = {AABA7EF1-5E6F-4584-B8F4-7BC497EECD86}
		{9C7874FD-729B-4FFF-ABCE-62CDCCA34EDD} = {AABA7EF1-5E6F-4584-B8F4-7BC497EECD86}
		{01DFBE78-2577-4F55-B361-FAAC48DFA7B0} = {AABA7EF1-5E6F-4584-B8F4-7BC497EECD86}
		{4D601963-D066-4C00-8C7B-36CC7843935C} = {AABA7EF1-5E6F-4584-B8F4-7BC497EECD86}
		{5B8FA00D-5E3A-BB28-DB01-D34B71841EAC} = {C73C8822-8FE8-4C65-803A-2D283B46F324}
		{D58C3BB4-8DAE-42D7-8924-49E11574DD43} = {5B8FA00D-5E3A-BB28-DB01-D34B71841EAC}
		{84F60C7C-51D8-4FAE-8C53-C52A91EA8A03} = {5B8FA00D-5E3A-BB28-DB01-D34B71841EAC}
		{019611D2-7FDB-4853-9A57-8086A9CD64F0} = {5B8FA00D-5E3A-BB28-DB01-D34B71841EAC}
		{D906DD04-3C52-43ED-A992-621859FDB900} = {5B8FA00D-5E3A-BB28-DB01-D34B71841EAC}
		{DBB28C10-BB02-4B6C-A9FD-8E50AE85C8AC} = {5B8FA00D-5E3A-BB28-DB01-D34B71841EAC}
		{29E56B9D-A30D-5F9A-ACA3-F90F35E91D53} = {02EA681E-C7D8-13C7-8484-4AC65E1B71E8}
		{F193ECA2-4926-8C74-5B25-4BFDF47C622C} = {5B8FA00D-5E3A-BB28-DB01-D34B71841EAC}
		{E9F4C992-E6E0-3020-14B3-D49E3D047684} = {471029B9-4767-42FD-BF16-9BD2A75AB52B}
		{201C05DD-D35E-EC89-C9E2-0B32823C07AA} = {471029B9-4767-42FD-BF16-9BD2A75AB52B}
		{5B3A39BA-155F-4860-1F7D-9A3CD2EFF833} = {C73C8822-8FE8-4C65-803A-2D283B46F324}
		{1D0EEEE6-E0D0-4EA7-AC78-F4D8A47ADA0E} = {5B3A39BA-155F-4860-1F7D-9A3CD2EFF833}
		{F19B679E-8CC5-4E95-BE8D-3A3F2F9F8068} = {5B3A39BA-155F-4860-1F7D-9A3CD2EFF833}
		{3B0C0EEF-65C2-4C99-B3F6-59B674860FF0} = {5B3A39BA-155F-4860-1F7D-9A3CD2EFF833}
		{D4C81621-C50E-4882-9EB0-B2181F3411B6} = {5B3A39BA-155F-4860-1F7D-9A3CD2EFF833}
		{6B49E1BA-8D12-42D7-ACF8-F2376373D44B} = {5B3A39BA-155F-4860-1F7D-9A3CD2EFF833}
		{159A3EA0-3312-444F-8A74-71F4D3A57439} = {5B3A39BA-155F-4860-1F7D-9A3CD2EFF833}
		{88806C1D-B3C4-4F55-AE14-B24011152D56} = {C73C8822-8FE8-4C65-803A-2D283B46F324}
		{1A98137B-410E-47CE-AE3C-A9AD6FEA78C4} = {88806C1D-B3C4-4F55-AE14-B24011152D56}
		{FF8ABC41-8CC7-434A-A479-740BC1B27029} = {88806C1D-B3C4-4F55-AE14-B24011152D56}
		{1528AF84-7C1F-46D5-9CD0-1FAFC16F60BB} = {C73C8822-8FE8-4C65-803A-2D283B46F324}
		{6E8E27F3-7721-4A33-95CA-E78C4BA07F29} = {1528AF84-7C1F-46D5-9CD0-1FAFC16F60BB}
		{3B1AA62F-E64F-4BE0-8B53-B5EA04435FA4} = {1528AF84-7C1F-46D5-9CD0-1FAFC16F60BB}
		{EBF748A0-5607-469E-AA98-AAA56D29E620} = {1528AF84-7C1F-46D5-9CD0-1FAFC16F60BB}
		{11FCDC28-812F-4F0A-AA3D-DD897C3C6CA1} = {1528AF84-7C1F-46D5-9CD0-1FAFC16F60BB}
		{B3216463-5AAE-4B2C-B338-119B124DC201} = {1528AF84-7C1F-46D5-9CD0-1FAFC16F60BB}
		{F469D575-81CF-4B63-A305-ADD16C197159} = {1528AF84-7C1F-46D5-9CD0-1FAFC16F60BB}
		{86968C7F-FB51-4AE9-B7E8-C6099796AD35} = {88806C1D-B3C4-4F55-AE14-B24011152D56}
		{7B70CAC0-5303-49DA-991E-F96AD32DF9B0} = {C73C8822-8FE8-4C65-803A-2D283B46F324}
		{C22F7EAD-3286-4592-84FC-070510A1D330} = {7B70CAC0-5303-49DA-991E-F96AD32DF9B0}
		{84EE31DE-87AD-4405-BC56-F1052506E5F9} = {7B70CAC0-5303-49DA-991E-F96AD32DF9B0}
		{9400A118-4345-43B4-B4CD-AE429BE8B271} = {7B70CAC0-5303-49DA-991E-F96AD32DF9B0}
		{9DC77C1F-E1C4-4D46-4C40-8FCF61162BCA} = {471029B9-4767-42FD-BF16-9BD2A75AB52B}
		{B4D02467-50DA-4836-B28D-B51ACB73B177} = {9DC77C1F-E1C4-4D46-4C40-8FCF61162BCA}
		{B124A6D4-D324-4F7F-8BB3-2612679AA135} = {9DC77C1F-E1C4-4D46-4C40-8FCF61162BCA}
		{4F0C2B5A-BBA8-4A03-8788-9F4BC43B0B79} = {8A51F964-002C-4A50-B47F-66440EFC3EE6}
	EndGlobalSection
	GlobalSection(ExtensibilityGlobals) = postSolution
		SolutionGuid = {211C7E79-0242-4D74-8098-0AFD07A77637}
	EndGlobalSection
EndGlobal
