
Microsoft Visual Studio Solution File, Format Version 12.00
# Visual Studio Version 17
VisualStudioVersion = 17.14.36623.8
MinimumVisualStudioVersion = 10.0.40219.1
Project("{2150E333-8FDC-42A3-9474-1A3956D46DE8}") = "Api", "Api", "{02EA681E-C7D8-13C7-8484-4AC65E1B71E8}"
EndProject
Project("{2150E333-8FDC-42A3-9474-1A3956D46DE8}") = "Shared", "Shared", "{0FBD2C2B-F59F-4A59-9B65-C4812C659551}"
EndProject
Project("{2150E333-8FDC-42A3-9474-1A3956D46DE8}") = "Modules", "Modules", "{CB461A5A-851C-4DF9-BB52-2D35864E9C56}"
EndProject
Project("{FAE04EC0-301F-11D3-BF4B-00C04F79EFBC}") = "Shared.Api", "Shared\Shared.Api\Shared.Api.csproj", "{13BAAEEE-C831-BA7D-6A7D-CD191F21B13B}"
EndProject
Project("{FAE04EC0-301F-11D3-BF4B-00C04F79EFBC}") = "Shared.Application", "Shared\Shared.Application\Shared.Application.csproj", "{FE7731F6-35FA-8245-4914-40922FB9E55B}"
EndProject
Project("{FAE04EC0-301F-11D3-BF4B-00C04F79EFBC}") = "Shared.Domain", "Shared\Shared.Domain\Shared.Domain.csproj", "{3019E33E-9F3B-C26B-F990-19D6A7DCBBE1}"
EndProject
Project("{FAE04EC0-301F-11D3-BF4B-00C04F79EFBC}") = "Shared.Infrastructure", "Shared\Shared.Infrastructure\Shared.Infrastructure.csproj", "{3E3D1476-B40E-9065-EB3B-0B2F70A5A3AA}"
EndProject
Project("{FAE04EC0-301F-11D3-BF4B-00C04F79EFBC}") = "Api", "Api\Api\Api.csproj", "{29E56B9D-A30D-5F9A-ACA3-F90F35E91D53}"
EndProject
Project("{2150E333-8FDC-42A3-9474-1A3956D46DE8}") = "Backend", "Backend", "{8A51F964-002C-4A50-B47F-66440EFC3EE6}"
EndProject
Project("{2150E333-8FDC-42A3-9474-1A3956D46DE8}") = "Example", "Example", "{86E4BD61-D454-48AE-BBD9-6A41596F3C9E}"
EndProject
Project("{FAE04EC0-301F-11D3-BF4B-00C04F79EFBC}") = "Example.Api", "Modules\Example\Example.Api\Example.Api.csproj", "{E530FBF4-C798-4764-BBEE-6AA6E25545C1}"
EndProject
Global
	GlobalSection(SolutionConfigurationPlatforms) = preSolution
		Debug|Any CPU = Debug|Any CPU
		Debug|x64 = Debug|x64
		Debug|x86 = Debug|x86
		Release|Any CPU = Release|Any CPU
		Release|x64 = Release|x64
		Release|x86 = Release|x86
	EndGlobalSection
	GlobalSection(ProjectConfigurationPlatforms) = postSolution
		{13BAAEEE-C831-BA7D-6A7D-CD191F21B13B}.Debug|Any CPU.ActiveCfg = Debug|Any CPU
		{13BAAEEE-C831-BA7D-6A7D-CD191F21B13B}.Debug|Any CPU.Build.0 = Debug|Any CPU
		{13BAAEEE-C831-BA7D-6A7D-CD191F21B13B}.Debug|x64.ActiveCfg = Debug|Any CPU
		{13BAAEEE-C831-BA7D-6A7D-CD191F21B13B}.Debug|x64.Build.0 = Debug|Any CPU
		{13BAAEEE-C831-BA7D-6A7D-CD191F21B13B}.Debug|x86.ActiveCfg = Debug|Any CPU
		{13BAAEEE-C831-BA7D-6A7D-CD191F21B13B}.Debug|x86.Build.0 = Debug|Any CPU
		{13BAAEEE-C831-BA7D-6A7D-CD191F21B13B}.Release|Any CPU.ActiveCfg = Release|Any CPU
		{13BAAEEE-C831-BA7D-6A7D-CD191F21B13B}.Release|Any CPU.Build.0 = Release|Any CPU
		{13BAAEEE-C831-BA7D-6A7D-CD191F21B13B}.Release|x64.ActiveCfg = Release|Any CPU
		{13BAAEEE-C831-BA7D-6A7D-CD191F21B13B}.Release|x64.Build.0 = Release|Any CPU
		{13BAAEEE-C831-BA7D-6A7D-CD191F21B13B}.Release|x86.ActiveCfg = Release|Any CPU
		{13BAAEEE-C831-BA7D-6A7D-CD191F21B13B}.Release|x86.Build.0 = Release|Any CPU
		{FE7731F6-35FA-8245-4914-40922FB9E55B}.Debug|Any CPU.ActiveCfg = Debug|Any CPU
		{FE7731F6-35FA-8245-4914-40922FB9E55B}.Debug|Any CPU.Build.0 = Debug|Any CPU
		{FE7731F6-35FA-8245-4914-40922FB9E55B}.Debug|x64.ActiveCfg = Debug|Any CPU
		{FE7731F6-35FA-8245-4914-40922FB9E55B}.Debug|x64.Build.0 = Debug|Any CPU
		{FE7731F6-35FA-8245-4914-40922FB9E55B}.Debug|x86.ActiveCfg = Debug|Any CPU
		{FE7731F6-35FA-8245-4914-40922FB9E55B}.Debug|x86.Build.0 = Debug|Any CPU
		{FE7731F6-35FA-8245-4914-40922FB9E55B}.Release|Any CPU.ActiveCfg = Release|Any CPU
		{FE7731F6-35FA-8245-4914-40922FB9E55B}.Release|Any CPU.Build.0 = Release|Any CPU
		{FE7731F6-35FA-8245-4914-40922FB9E55B}.Release|x64.ActiveCfg = Release|Any CPU
		{FE7731F6-35FA-8245-4914-40922FB9E55B}.Release|x64.Build.0 = Release|Any CPU
		{FE7731F6-35FA-8245-4914-40922FB9E55B}.Release|x86.ActiveCfg = Release|Any CPU
		{FE7731F6-35FA-8245-4914-40922FB9E55B}.Release|x86.Build.0 = Release|Any CPU
		{3019E33E-9F3B-C26B-F990-19D6A7DCBBE1}.Debug|Any CPU.ActiveCfg = Debug|Any CPU
		{3019E33E-9F3B-C26B-F990-19D6A7DCBBE1}.Debug|Any CPU.Build.0 = Debug|Any CPU
		{3019E33E-9F3B-C26B-F990-19D6A7DCBBE1}.Debug|x64.ActiveCfg = Debug|Any CPU
		{3019E33E-9F3B-C26B-F990-19D6A7DCBBE1}.Debug|x64.Build.0 = Debug|Any CPU
		{3019E33E-9F3B-C26B-F990-19D6A7DCBBE1}.Debug|x86.ActiveCfg = Debug|Any CPU
		{3019E33E-9F3B-C26B-F990-19D6A7DCBBE1}.Debug|x86.Build.0 = Debug|Any CPU
		{3019E33E-9F3B-C26B-F990-19D6A7DCBBE1}.Release|Any CPU.ActiveCfg = Release|Any CPU
		{3019E33E-9F3B-C26B-F990-19D6A7DCBBE1}.Release|Any CPU.Build.0 = Release|Any CPU
		{3019E33E-9F3B-C26B-F990-19D6A7DCBBE1}.Release|x64.ActiveCfg = Release|Any CPU
		{3019E33E-9F3B-C26B-F990-19D6A7DCBBE1}.Release|x64.Build.0 = Release|Any CPU
		{3019E33E-9F3B-C26B-F990-19D6A7DCBBE1}.Release|x86.ActiveCfg = Release|Any CPU
		{3019E33E-9F3B-C26B-F990-19D6A7DCBBE1}.Release|x86.Build.0 = Release|Any CPU
		{3E3D1476-B40E-9065-EB3B-0B2F70A5A3AA}.Debug|Any CPU.ActiveCfg = Debug|Any CPU
		{3E3D1476-B40E-9065-EB3B-0B2F70A5A3AA}.Debug|Any CPU.Build.0 = Debug|Any CPU
		{3E3D1476-B40E-9065-EB3B-0B2F70A5A3AA}.Debug|x64.ActiveCfg = Debug|Any CPU
		{3E3D1476-B40E-9065-EB3B-0B2F70A5A3AA}.Debug|x64.Build.0 = Debug|Any CPU
		{3E3D1476-B40E-9065-EB3B-0B2F70A5A3AA}.Debug|x86.ActiveCfg = Debug|Any CPU
		{3E3D1476-B40E-9065-EB3B-0B2F70A5A3AA}.Debug|x86.Build.0 = Debug|Any CPU
		{3E3D1476-B40E-9065-EB3B-0B2F70A5A3AA}.Release|Any CPU.ActiveCfg = Release|Any CPU
		{3E3D1476-B40E-9065-EB3B-0B2F70A5A3AA}.Release|Any CPU.Build.0 = Release|Any CPU
		{3E3D1476-B40E-9065-EB3B-0B2F70A5A3AA}.Release|x64.ActiveCfg = Release|Any CPU
		{3E3D1476-B40E-9065-EB3B-0B2F70A5A3AA}.Release|x64.Build.0 = Release|Any CPU
		{3E3D1476-B40E-9065-EB3B-0B2F70A5A3AA}.Release|x86.ActiveCfg = Release|Any CPU
		{3E3D1476-B40E-9065-EB3B-0B2F70A5A3AA}.Release|x86.Build.0 = Release|Any CPU
		{29E56B9D-A30D-5F9A-ACA3-F90F35E91D53}.Debug|Any CPU.ActiveCfg = Debug|Any CPU
		{29E56B9D-A30D-5F9A-ACA3-F90F35E91D53}.Debug|Any CPU.Build.0 = Debug|Any CPU
		{29E56B9D-A30D-5F9A-ACA3-F90F35E91D53}.Debug|x64.ActiveCfg = Debug|Any CPU
		{29E56B9D-A30D-5F9A-ACA3-F90F35E91D53}.Debug|x64.Build.0 = Debug|Any CPU
		{29E56B9D-A30D-5F9A-ACA3-F90F35E91D53}.Debug|x86.ActiveCfg = Debug|Any CPU
		{29E56B9D-A30D-5F9A-ACA3-F90F35E91D53}.Debug|x86.Build.0 = Debug|Any CPU
		{29E56B9D-A30D-5F9A-ACA3-F90F35E91D53}.Release|Any CPU.ActiveCfg = Release|Any CPU
		{29E56B9D-A30D-5F9A-ACA3-F90F35E91D53}.Release|Any CPU.Build.0 = Release|Any CPU
		{29E56B9D-A30D-5F9A-ACA3-F90F35E91D53}.Release|x64.ActiveCfg = Release|Any CPU
		{29E56B9D-A30D-5F9A-ACA3-F90F35E91D53}.Release|x64.Build.0 = Release|Any CPU
		{29E56B9D-A30D-5F9A-ACA3-F90F35E91D53}.Release|x86.ActiveCfg = Release|Any CPU
		{29E56B9D-A30D-5F9A-ACA3-F90F35E91D53}.Release|x86.Build.0 = Release|Any CPU
		{E530FBF4-C798-4764-BBEE-6AA6E25545C1}.Debug|Any CPU.ActiveCfg = Debug|Any CPU
		{E530FBF4-C798-4764-BBEE-6AA6E25545C1}.Debug|Any CPU.Build.0 = Debug|Any CPU
		{E530FBF4-C798-4764-BBEE-6AA6E25545C1}.Debug|x64.ActiveCfg = Debug|Any CPU
		{E530FBF4-C798-4764-BBEE-6AA6E25545C1}.Debug|x64.Build.0 = Debug|Any CPU
		{E530FBF4-C798-4764-BBEE-6AA6E25545C1}.Debug|x86.ActiveCfg = Debug|Any CPU
		{E530FBF4-C798-4764-BBEE-6AA6E25545C1}.Debug|x86.Build.0 = Debug|Any CPU
		{E530FBF4-C798-4764-BBEE-6AA6E25545C1}.Release|Any CPU.ActiveCfg = Release|Any CPU
		{E530FBF4-C798-4764-BBEE-6AA6E25545C1}.Release|Any CPU.Build.0 = Release|Any CPU
		{E530FBF4-C798-4764-BBEE-6AA6E25545C1}.Release|x64.ActiveCfg = Release|Any CPU
		{E530FBF4-C798-4764-BBEE-6AA6E25545C1}.Release|x64.Build.0 = Release|Any CPU
		{E530FBF4-C798-4764-BBEE-6AA6E25545C1}.Release|x86.ActiveCfg = Release|Any CPU
		{E530FBF4-C798-4764-BBEE-6AA6E25545C1}.Release|x86.Build.0 = Release|Any CPU
	EndGlobalSection
	GlobalSection(SolutionProperties) = preSolution
		HideSolutionNode = FALSE
	EndGlobalSection
	GlobalSection(NestedProjects) = preSolution
		{02EA681E-C7D8-13C7-8484-4AC65E1B71E8} = {8A51F964-002C-4A50-B47F-66440EFC3EE6}
		{0FBD2C2B-F59F-4A59-9B65-C4812C659551} = {8A51F964-002C-4A50-B47F-66440EFC3EE6}
		{CB461A5A-851C-4DF9-BB52-2D35864E9C56} = {8A51F964-002C-4A50-B47F-66440EFC3EE6}
		{13BAAEEE-C831-BA7D-6A7D-CD191F21B13B} = {0FBD2C2B-F59F-4A59-9B65-C4812C659551}
		{FE7731F6-35FA-8245-4914-40922FB9E55B} = {0FBD2C2B-F59F-4A59-9B65-C4812C659551}
		{3019E33E-9F3B-C26B-F990-19D6A7DCBBE1} = {0FBD2C2B-F59F-4A59-9B65-C4812C659551}
		{3E3D1476-B40E-9065-EB3B-0B2F70A5A3AA} = {0FBD2C2B-F59F-4A59-9B65-C4812C659551}
		{29E56B9D-A30D-5F9A-ACA3-F90F35E91D53} = {02EA681E-C7D8-13C7-8484-4AC65E1B71E8}
		{86E4BD61-D454-48AE-BBD9-6A41596F3C9E} = {CB461A5A-851C-4DF9-BB52-2D35864E9C56}
		{E530FBF4-C798-4764-BBEE-6AA6E25545C1} = {86E4BD61-D454-48AE-BBD9-6A41596F3C9E}
	EndGlobalSection
	GlobalSection(ExtensibilityGlobals) = postSolution
		SolutionGuid = {211C7E79-0242-4D74-8098-0AFD07A77637}
	EndGlobalSection
EndGlobal
